{
  "originHash" : "6c4b0ed291011e41235c7a080a6098195bdb5ab100e153b777379c9255cbb8b7",
  "pins" : [
    {
      "identity" : "alerttoast",
      "kind" : "remoteSourceControl",
      "location" : "https://github.com/eerimoq/AlertToast.git",
      "state" : {
        "branch" : "master",
        "revision" : "8153b58666a2854466fc06945ec5ffdfa763e92b"
      }
    },
    {
      "identity" : "blacksharklib.swift",
      "kind" : "remoteSourceControl",
      "location" : "https://github.com/Spillmaker/BlackSharkLib.swift",
      "state" : {
        "revision" : "6e724c114638fe48c0212052678fe738643a7f38",
        "version" : "1.2.2"
      }
    },
    {
      "identity" : "crcswift",
      "kind" : "remoteSourceControl",
      "location" : "https://github.com/eerimoq/CrcSwift.git",
      "state" : {
        "branch" : "master",
        "revision" : "a4ba023bf64187eb73cf799120f9bba600c43a51"
      }
    },
    {
      "identity" : "libwebp-xcode",
      "kind" : "remoteSourceControl",
      "location" : "https://github.com/SDWebImage/libwebp-Xcode.git",
      "state" : {
        "revision" : "0d60654eeefd5d7d2bef3835804892c40225e8b2",
        "version" : "1.5.0"
      }
    },
    {
      "identity" : "licenselist",
      "kind" : "remoteSourceControl",
      "location" : "https://github.com/cybozu/LicenseList.git",
      "state" : {
        "revision" : "56f1b5724138e4d9f60453b555edc80e43805503",
        "version" : "2.2.0"
      }
    },
    {
      "identity" : "nwwebsocket",
      "kind" : "remoteSourceControl",
      "location" : "https://github.com/eerimoq/NWWebSocket",
      "state" : {
        "branch" : "main",
        "revision" : "8268fa2ea53080c03af24b22307750002f12c5c9"
      }
    },
    {
      "identity" : "rist",
      "kind" : "remoteSourceControl",
      "location" : "https://github.com/eerimoq/Rist",
      "state" : {
        "branch" : "main",
        "revision" : "f3bfb84890fa0bae701682914dbb1659a96928c6"
      }
    },
    {
      "identity" : "sdwebimage",
      "kind" : "remoteSourceControl",
      "location" : "https://github.com/SDWebImage/SDWebImage.git",
      "state" : {
        "revision" : "2053b120767c42a70bcba21095f34e4cfb54a75d",
        "version" : "5.21.3"
      }
    },
    {
      "identity" : "sdwebimageswiftui",
      "kind" : "remoteSourceControl",
      "location" : "https://github.com/SDWebImage/SDWebImageSwiftUI",
      "state" : {
        "revision" : "0e331457ca9af2f0b08bcaa138a91ffb907b004f",
        "version" : "3.1.4"
      }
    },
    {
      "identity" : "sdwebimagewebpcoder",
      "kind" : "remoteSourceControl",
      "location" : "https://github.com/SDWebImage/SDWebImageWebPCoder",
      "state" : {
        "revision" : "12d83edbcc795fb7b5c0c3cb74d739108d3357d2",
        "version" : "0.15.0"
      }
    },
    {
      "identity" : "swift-collections",
      "kind" : "remoteSourceControl",
      "location" : "https://github.com/apple/swift-collections.git",
      "state" : {
        "revision" : "7b847a3b7008b2dc2f47ca3110d8c782fb2e5c7e",
        "version" : "1.3.0"
      }
    },
    {
      "identity" : "swift-protobuf",
      "kind" : "remoteSourceControl",
      "location" : "https://github.com/apple/swift-protobuf.git",
      "state" : {
        "revision" : "c169a5744230951031770e27e475ff6eefe51f9d",
        "version" : "1.33.3"
      }
    },
    {
      "identity" : "swiftcube",
      "kind" : "remoteSourceControl",
      "location" : "https://github.com/eerimoq/SwiftCube",
      "state" : {
        "branch" : "main",
        "revision" : "b83b5e6cbebb3a88508facba4a9af571c0499208"
      }
    },
    {
      "identity" : "truetime.swift",
      "kind" : "remoteSourceControl",
      "location" : "https://github.com/Gisman4ik/TrueTime.swift",
      "state" : {
        "revision" : "78f7945469ad8dd6344987f8e62afc13b8c32bc2",
        "version" : "5.2.0"
      }
    },
    {
      "identity" : "vrmkit",
      "kind" : "remoteSourceControl",
      "location" : "https://github.com/eerimoq/VRMKit",
      "state" : {
        "branch" : "main",
        "revision" : "071e0bc6a0f4f0ba2385c05332b0adb172d0f7ec"
      }
    },
    {
      "identity" : "wrappinghstack",
      "kind" : "remoteSourceControl",
      "location" : "https://github.com/ksemianov/WrappingHStack",
      "state" : {
        "revision" : "3300f68b6bf5f8a75ee7ca8a40f136a558053d10",
        "version" : "0.2.0"
      }
    },
    {
      "identity" : "xmlcoder",
      "kind" : "remoteSourceControl",
      "location" : "https://github.com/CoreOffice/XMLCoder",
      "state" : {
        "revision" : "b1e944cbd0ef33787b13f639a5418d55b3bed501",
        "version" : "0.17.1"
      }
    }
  ],
  "version" : 3
}
