// !$*UTF8*$!
{
	archiveVersion = 1;
	classes = {
	};
	objectVersion = 70;
	objects = {

/* Begin PBXBuildFile section */
		0307869A2AEC23FB0061FDE2 /* StoreKit.framework in Frameworks */ = {isa = PBXBuildFile; fileRef = 030786992AEC23FB0061FDE2 /* StoreKit.framework */; };
		0312E4302C00F24E00C6F878 /* ReplayKit.framework in Frameworks */ = {isa = PBXBuildFile; fileRef = 0312E42F2C00F24E00C6F878 /* ReplayKit.framework */; };
		0312E4372C00F24E00C6F878 /* Moblin Screen Recording.appex in Embed Foundation Extensions */ = {isa = PBXBuildFile; fileRef = 0312E42E2C00F24E00C6F878 /* Moblin Screen Recording.appex */; settings = {ATTRIBUTES = (RemoveHeadersOnCopy, ); }; };
		0318D36A2CF51D6900E12F3B /* SwiftProtobuf in Frameworks */ = {isa = PBXBuildFile; productRef = 0318D3692CF51D6900E12F3B /* SwiftProtobuf */; };
		0320D8762AED36860030418F /* WrappingHStack in Frameworks */ = {isa = PBXBuildFile; productRef = 0320D8752AED36860030418F /* WrappingHStack */; };
		032815D52AC855A5001F8A85 /* LicenseList in Frameworks */ = {isa = PBXBuildFile; productRef = 032815D42AC855A5001F8A85 /* LicenseList */; };
		033BEAC42C0FCC0B005F4E06 /* NWWebSocket in Frameworks */ = {isa = PBXBuildFile; productRef = 033BEAC32C0FCC0B005F4E06 /* NWWebSocket */; };
		0376F6F92B9511030056B3D2 /* WidgetKit.framework in Frameworks */ = {isa = PBXBuildFile; fileRef = 0376F6F82B9511030056B3D2 /* WidgetKit.framework */; };
		0376F6FB2B9511030056B3D2 /* SwiftUI.framework in Frameworks */ = {isa = PBXBuildFile; fileRef = 0376F6FA2B9511030056B3D2 /* SwiftUI.framework */; };
		0376F7042B9511040056B3D2 /* MoblinWidget.appex in Embed Foundation Extensions */ = {isa = PBXBuildFile; fileRef = 0376F6F72B9511030056B3D2 /* MoblinWidget.appex */; settings = {ATTRIBUTES = (RemoveHeadersOnCopy, ); }; };
		0377239A2DE35191007D040D /* VRMKit in Frameworks */ = {isa = PBXBuildFile; productRef = 037723992DE35191007D040D /* VRMKit */; };
		0377239C2DE35191007D040D /* VRMSceneKit in Frameworks */ = {isa = PBXBuildFile; productRef = 0377239B2DE35191007D040D /* VRMSceneKit */; };
		03A08B7C2AC295620018BA95 /* AlertToast in Frameworks */ = {isa = PBXBuildFile; productRef = 03A08B7B2AC295620018BA95 /* AlertToast */; };
		03A707B12B8EBE4D003BB7BE /* Collections in Frameworks */ = {isa = PBXBuildFile; productRef = 03A707B02B8EBE4D003BB7BE /* Collections */; };
		03A974282AC137A000610E21 /* Collections in Frameworks */ = {isa = PBXBuildFile; productRef = 03A974272AC137A000610E21 /* Collections */; };
		03AC6B952D17786700832A7E /* TrueTime in Frameworks */ = {isa = PBXBuildFile; productRef = 03AC6B942D17786700832A7E /* TrueTime */; };
		03AE56142BEA74D500FE8427 /* Rist in Frameworks */ = {isa = PBXBuildFile; productRef = 03AE56132BEA74D500FE8427 /* Rist */; };
		03B279832D45EB9C007DEDB2 /* SwiftCube in Frameworks */ = {isa = PBXBuildFile; productRef = 03B279822D45EB9C007DEDB2 /* SwiftCube */; };
		03B7DAB52BA640C100CEFC1B /* XMLCoder in Frameworks */ = {isa = PBXBuildFile; productRef = 03B7DAB42BA640C100CEFC1B /* XMLCoder */; };
		03BC11672AE5654700C38FC4 /* SDWebImageSwiftUI in Frameworks */ = {isa = PBXBuildFile; productRef = 03BC11662AE5654700C38FC4 /* SDWebImageSwiftUI */; };
		03BC116B2AE56C2200C38FC4 /* SDWebImageWebPCoder in Frameworks */ = {isa = PBXBuildFile; productRef = 03BC116A2AE56C2200C38FC4 /* SDWebImageWebPCoder */; };
		03C3572D2D0416CD00B8B29F /* AppleGPUInfo in Frameworks */ = {isa = PBXBuildFile; productRef = 03C3572C2D0416CD00B8B29F /* AppleGPUInfo */; };
		03D151AF2BFA73C100D29D8E /* MetalPetal in Frameworks */ = {isa = PBXBuildFile; productRef = 03D151AE2BFA73C100D29D8E /* MetalPetal */; };
		03ECDF532B8E4E6000BD920E /* Moblin.app in Embed Watch Content */ = {isa = PBXBuildFile; fileRef = 03ECDF462B8E4E5E00BD920E /* Moblin.app */; settings = {ATTRIBUTES = (RemoveHeadersOnCopy, ); }; };
		03ECDF5D2B8E5F0B00BD920E /* WrappingHStack in Frameworks */ = {isa = PBXBuildFile; productRef = 03ECDF5C2B8E5F0B00BD920E /* WrappingHStack */; };
		03F465EC2C441D1400630708 /* CrcSwift in Frameworks */ = {isa = PBXBuildFile; productRef = 03F465EB2C441D1400630708 /* CrcSwift */; };
		882D0C162DF76F5B0035BFAF /* BlackSharkLib in Frameworks */ = {isa = PBXBuildFile; productRef = 882D0C152DF76F5B0035BFAF /* BlackSharkLib */; };
/* End PBXBuildFile section */

/* Begin PBXContainerItemProxy section */
		0312E4352C00F24E00C6F878 /* PBXContainerItemProxy */ = {
			isa = PBXContainerItemProxy;
			containerPortal = 035E9E2B2A9A02D6009D4F5A /* Project object */;
			proxyType = 1;
			remoteGlobalIDString = 0312E42D2C00F24E00C6F878;
			remoteInfo = "Moblin Capture";
		};
		0376F7022B9511040056B3D2 /* PBXContainerItemProxy */ = {
			isa = PBXContainerItemProxy;
			containerPortal = 035E9E2B2A9A02D6009D4F5A /* Project object */;
			proxyType = 1;
			remoteGlobalIDString = 0376F6F62B9511030056B3D2;
			remoteInfo = "Moblin Widget App Extension";
		};
		03E649472E634D2800728501 /* PBXContainerItemProxy */ = {
			isa = PBXContainerItemProxy;
			containerPortal = 035E9E2B2A9A02D6009D4F5A /* Project object */;
			proxyType = 1;
			remoteGlobalIDString = 035E9E322A9A02D6009D4F5A;
			remoteInfo = Moblin;
		};
		03ECDF512B8E4E6000BD920E /* PBXContainerItemProxy */ = {
			isa = PBXContainerItemProxy;
			containerPortal = 035E9E2B2A9A02D6009D4F5A /* Project object */;
			proxyType = 1;
			remoteGlobalIDString = 03ECDF452B8E4E5E00BD920E;
			remoteInfo = "MoblinWatch Watch App";
		};
/* End PBXContainerItemProxy section */

/* Begin PBXCopyFilesBuildPhase section */
		0312E4382C00F24E00C6F878 /* Embed Foundation Extensions */ = {
			isa = PBXCopyFilesBuildPhase;
			buildActionMask = 2147483647;
			dstPath = "";
			dstSubfolderSpec = 13;
			files = (
				0312E4372C00F24E00C6F878 /* Moblin Screen Recording.appex in Embed Foundation Extensions */,
			);
			name = "Embed Foundation Extensions";
			runOnlyForDeploymentPostprocessing = 0;
		};
		0376F7082B9511040056B3D2 /* Embed Foundation Extensions */ = {
			isa = PBXCopyFilesBuildPhase;
			buildActionMask = 2147483647;
			dstPath = "";
			dstSubfolderSpec = 13;
			files = (
				0376F7042B9511040056B3D2 /* MoblinWidget.appex in Embed Foundation Extensions */,
			);
			name = "Embed Foundation Extensions";
			runOnlyForDeploymentPostprocessing = 0;
		};
		03ECDF572B8E4E6000BD920E /* Embed Watch Content */ = {
			isa = PBXCopyFilesBuildPhase;
			buildActionMask = 2147483647;
			dstPath = "$(CONTENTS_FOLDER_PATH)/Watch";
			dstSubfolderSpec = 16;
			files = (
				03ECDF532B8E4E6000BD920E /* Moblin.app in Embed Watch Content */,
			);
			name = "Embed Watch Content";
			runOnlyForDeploymentPostprocessing = 0;
		};
/* End PBXCopyFilesBuildPhase section */

/* Begin PBXFileReference section */
		030786992AEC23FB0061FDE2 /* StoreKit.framework */ = {isa = PBXFileReference; lastKnownFileType = wrapper.framework; name = StoreKit.framework; path = System/Library/Frameworks/StoreKit.framework; sourceTree = SDKROOT; };
		0312E42E2C00F24E00C6F878 /* Moblin Screen Recording.appex */ = {isa = PBXFileReference; explicitFileType = "wrapper.app-extension"; includeInIndex = 0; path = "Moblin Screen Recording.appex"; sourceTree = BUILT_PRODUCTS_DIR; };
		0312E42F2C00F24E00C6F878 /* ReplayKit.framework */ = {isa = PBXFileReference; lastKnownFileType = wrapper.framework; name = ReplayKit.framework; path = System/Library/Frameworks/ReplayKit.framework; sourceTree = SDKROOT; };
		035E9E332A9A02D6009D4F5A /* Moblin.app */ = {isa = PBXFileReference; explicitFileType = wrapper.application; includeInIndex = 0; path = Moblin.app; sourceTree = BUILT_PRODUCTS_DIR; };
		0376F6F72B9511030056B3D2 /* MoblinWidget.appex */ = {isa = PBXFileReference; explicitFileType = "wrapper.app-extension"; includeInIndex = 0; path = MoblinWidget.appex; sourceTree = BUILT_PRODUCTS_DIR; };
		0376F6F82B9511030056B3D2 /* WidgetKit.framework */ = {isa = PBXFileReference; lastKnownFileType = wrapper.framework; name = WidgetKit.framework; path = System/Library/Frameworks/WidgetKit.framework; sourceTree = SDKROOT; };
		0376F6FA2B9511030056B3D2 /* SwiftUI.framework */ = {isa = PBXFileReference; lastKnownFileType = wrapper.framework; name = SwiftUI.framework; path = System/Library/Frameworks/SwiftUI.framework; sourceTree = SDKROOT; };
		03E649432E634D2800728501 /* MoblinTests.xctest */ = {isa = PBXFileReference; explicitFileType = wrapper.cfbundle; includeInIndex = 0; path = MoblinTests.xctest; sourceTree = BUILT_PRODUCTS_DIR; };
		03ECDF462B8E4E5E00BD920E /* Moblin.app */ = {isa = PBXFileReference; explicitFileType = wrapper.application; includeInIndex = 0; path = Moblin.app; sourceTree = BUILT_PRODUCTS_DIR; };
/* End PBXFileReference section */

/* Begin PBXFileSystemSynchronizedBuildFileExceptionSet section */
		037D9E9F2E38AC1600C0AF9A /* PBXFileSystemSynchronizedBuildFileExceptionSet */ = {
			isa = PBXFileSystemSynchronizedBuildFileExceptionSet;
			membershipExceptions = (
				Info.plist,
			);
			target = 035E9E322A9A02D6009D4F5A /* Moblin */;
		};
		037D9ECB2E38AC1B00C0AF9A /* PBXFileSystemSynchronizedBuildFileExceptionSet */ = {
			isa = PBXFileSystemSynchronizedBuildFileExceptionSet;
			membershipExceptions = (
				"Various/CMFormatDescription+Extension.swift",
				"Various/CMSampleBuffer+Extension.swift",
			);
			target = 03ECDF452B8E4E5E00BD920E /* MoblinWatch */;
		};
		037D9ECC2E38AC1B00C0AF9A /* PBXFileSystemSynchronizedBuildFileExceptionSet */ = {
			isa = PBXFileSystemSynchronizedBuildFileExceptionSet;
			membershipExceptions = (
				Localizable.xcstrings,
				View/StreamOverlayIconAndTextView.swift,
				View/StreamOverlayTextView.swift,
				View/ThermalStateView.swift,
			);
			target = 0312E42D2C00F24E00C6F878 /* Moblin Screen Recording */;
		};
		037D9EF52E38AC2000C0AF9A /* PBXFileSystemSynchronizedBuildFileExceptionSet */ = {
			isa = PBXFileSystemSynchronizedBuildFileExceptionSet;
			membershipExceptions = (
				Shared/WatchProtocol.swift,
				Shared/WatchSettings.swift,
			);
			target = 035E9E322A9A02D6009D4F5A /* Moblin */;
		};
		037D9EF62E38AC2000C0AF9A /* PBXFileSystemSynchronizedBuildFileExceptionSet */ = {
			isa = PBXFileSystemSynchronizedBuildFileExceptionSet;
			membershipExceptions = (
				Info.plist,
			);
			target = 03ECDF452B8E4E5E00BD920E /* MoblinWatch */;
		};
		037D9F022E38AC2300C0AF9A /* PBXFileSystemSynchronizedBuildFileExceptionSet */ = {
			isa = PBXFileSystemSynchronizedBuildFileExceptionSet;
			membershipExceptions = (
				Info.plist,
			);
			target = 0376F6F62B9511030056B3D2 /* MoblinWidget */;
		};
		037D9F162E38AC2700C0AF9A /* PBXFileSystemSynchronizedBuildFileExceptionSet */ = {
			isa = PBXFileSystemSynchronizedBuildFileExceptionSet;
			membershipExceptions = (
				Shared/SampleBufferCommon.swift,
				Shared/SampleBufferReceiver.swift,
			);
			target = 035E9E322A9A02D6009D4F5A /* Moblin */;
		};
		037D9F172E38AC2700C0AF9A /* PBXFileSystemSynchronizedBuildFileExceptionSet */ = {
			isa = PBXFileSystemSynchronizedBuildFileExceptionSet;
			membershipExceptions = (
				Info.plist,
				Shared/SampleBufferReceiver.swift,
			);
			target = 0312E42D2C00F24E00C6F878 /* Moblin Screen Recording */;
		};
/* End PBXFileSystemSynchronizedBuildFileExceptionSet section */

/* Begin PBXFileSystemSynchronizedRootGroup section */
		037D9C902E38AC1600C0AF9A /* Moblin */ = {isa = PBXFileSystemSynchronizedRootGroup; exceptions = (037D9E9F2E38AC1600C0AF9A /* PBXFileSystemSynchronizedBuildFileExceptionSet */, ); explicitFileTypes = {}; explicitFolders = (); path = Moblin; sourceTree = "<group>"; };
		037D9EAC2E38AC1B00C0AF9A /* Common */ = {isa = PBXFileSystemSynchronizedRootGroup; exceptions = (037D9ECB2E38AC1B00C0AF9A /* PBXFileSystemSynchronizedBuildFileExceptionSet */, 037D9ECC2E38AC1B00C0AF9A /* PBXFileSystemSynchronizedBuildFileExceptionSet */, ); explicitFileTypes = {}; explicitFolders = (); path = Common; sourceTree = "<group>"; };
		037D9EE42E38AC2000C0AF9A /* Moblin Watch */ = {isa = PBXFileSystemSynchronizedRootGroup; exceptions = (037D9EF52E38AC2000C0AF9A /* PBXFileSystemSynchronizedBuildFileExceptionSet */, 037D9EF62E38AC2000C0AF9A /* PBXFileSystemSynchronizedBuildFileExceptionSet */, ); explicitFileTypes = {}; explicitFolders = (); path = "Moblin Watch"; sourceTree = "<group>"; };
		037D9EFC2E38AC2300C0AF9A /* Moblin Widget */ = {isa = PBXFileSystemSynchronizedRootGroup; exceptions = (037D9F022E38AC2300C0AF9A /* PBXFileSystemSynchronizedBuildFileExceptionSet */, ); explicitFileTypes = {}; explicitFolders = (); path = "Moblin Widget"; sourceTree = "<group>"; };
		037D9F0C2E38AC2600C0AF9A /* Moblin Screen Recording */ = {isa = PBXFileSystemSynchronizedRootGroup; exceptions = (037D9F162E38AC2700C0AF9A /* PBXFileSystemSynchronizedBuildFileExceptionSet */, 037D9F172E38AC2700C0AF9A /* PBXFileSystemSynchronizedBuildFileExceptionSet */, ); explicitFileTypes = {}; explicitFolders = (); path = "Moblin Screen Recording"; sourceTree = "<group>"; };
		03E649442E634D2800728501 /* MoblinTests */ = {isa = PBXFileSystemSynchronizedRootGroup; explicitFileTypes = {}; explicitFolders = (); path = MoblinTests; sourceTree = "<group>"; };
/* End PBXFileSystemSynchronizedRootGroup section */

/* Begin PBXFrameworksBuildPhase section */
		0312E42B2C00F24E00C6F878 /* Frameworks */ = {
			isa = PBXFrameworksBuildPhase;
			buildActionMask = 2147483647;
			files = (
				0312E4302C00F24E00C6F878 /* ReplayKit.framework in Frameworks */,
			);
			runOnlyForDeploymentPostprocessing = 0;
		};
		035E9E302A9A02D6009D4F5A /* Frameworks */ = {
			isa = PBXFrameworksBuildPhase;
			buildActionMask = 2147483647;
			files = (
				03C3572D2D0416CD00B8B29F /* AppleGPUInfo in Frameworks */,
				03B7DAB52BA640C100CEFC1B /* XMLCoder in Frameworks */,
				033BEAC42C0FCC0B005F4E06 /* NWWebSocket in Frameworks */,
				0307869A2AEC23FB0061FDE2 /* StoreKit.framework in Frameworks */,
				03BC11672AE5654700C38FC4 /* SDWebImageSwiftUI in Frameworks */,
				0318D36A2CF51D6900E12F3B /* SwiftProtobuf in Frameworks */,
				03AC6B952D17786700832A7E /* TrueTime in Frameworks */,
				0320D8762AED36860030418F /* WrappingHStack in Frameworks */,
				032815D52AC855A5001F8A85 /* LicenseList in Frameworks */,
				03AE56142BEA74D500FE8427 /* Rist in Frameworks */,
				03F465EC2C441D1400630708 /* CrcSwift in Frameworks */,
				0377239A2DE35191007D040D /* VRMKit in Frameworks */,
				03B279832D45EB9C007DEDB2 /* SwiftCube in Frameworks */,
				882D0C162DF76F5B0035BFAF /* BlackSharkLib in Frameworks */,
				03D151AF2BFA73C100D29D8E /* MetalPetal in Frameworks */,
				03A974282AC137A000610E21 /* Collections in Frameworks */,
				03A08B7C2AC295620018BA95 /* AlertToast in Frameworks */,
				0377239C2DE35191007D040D /* VRMSceneKit in Frameworks */,
				03BC116B2AE56C2200C38FC4 /* SDWebImageWebPCoder in Frameworks */,
			);
			runOnlyForDeploymentPostprocessing = 0;
		};
		0376F6F42B9511030056B3D2 /* Frameworks */ = {
			isa = PBXFrameworksBuildPhase;
			buildActionMask = 2147483647;
			files = (
				0376F6FB2B9511030056B3D2 /* SwiftUI.framework in Frameworks */,
				0376F6F92B9511030056B3D2 /* WidgetKit.framework in Frameworks */,
			);
			runOnlyForDeploymentPostprocessing = 0;
		};
		03E649402E634D2800728501 /* Frameworks */ = {
			isa = PBXFrameworksBuildPhase;
			buildActionMask = 2147483647;
			files = (
			);
			runOnlyForDeploymentPostprocessing = 0;
		};
		03ECDF432B8E4E5E00BD920E /* Frameworks */ = {
			isa = PBXFrameworksBuildPhase;
			buildActionMask = 2147483647;
			files = (
				03A707B12B8EBE4D003BB7BE /* Collections in Frameworks */,
				03ECDF5D2B8E5F0B00BD920E /* WrappingHStack in Frameworks */,
			);
			runOnlyForDeploymentPostprocessing = 0;
		};
/* End PBXFrameworksBuildPhase section */

/* Begin PBXGroup section */
		035D372A2AB103E600045B92 /* Frameworks */ = {
			isa = PBXGroup;
			children = (
				030786992AEC23FB0061FDE2 /* StoreKit.framework */,
				0376F6F82B9511030056B3D2 /* WidgetKit.framework */,
				0376F6FA2B9511030056B3D2 /* SwiftUI.framework */,
				0312E42F2C00F24E00C6F878 /* ReplayKit.framework */,
			);
			name = Frameworks;
			sourceTree = "<group>";
		};
		035E9E2A2A9A02D6009D4F5A = {
			isa = PBXGroup;
			children = (
				037D9EAC2E38AC1B00C0AF9A /* Common */,
				037D9C902E38AC1600C0AF9A /* Moblin */,
				037D9EE42E38AC2000C0AF9A /* Moblin Watch */,
				037D9EFC2E38AC2300C0AF9A /* Moblin Widget */,
				037D9F0C2E38AC2600C0AF9A /* Moblin Screen Recording */,
				03E649442E634D2800728501 /* MoblinTests */,
				035E9E342A9A02D6009D4F5A /* Products */,
				035D372A2AB103E600045B92 /* Frameworks */,
			);
			sourceTree = "<group>";
		};
		035E9E342A9A02D6009D4F5A /* Products */ = {
			isa = PBXGroup;
			children = (
				035E9E332A9A02D6009D4F5A /* Moblin.app */,
				03ECDF462B8E4E5E00BD920E /* Moblin.app */,
				0376F6F72B9511030056B3D2 /* MoblinWidget.appex */,
				0312E42E2C00F24E00C6F878 /* Moblin Screen Recording.appex */,
				03E649432E634D2800728501 /* MoblinTests.xctest */,
			);
			name = Products;
			sourceTree = "<group>";
		};
/* End PBXGroup section */

/* Begin PBXNativeTarget section */
		0312E42D2C00F24E00C6F878 /* Moblin Screen Recording */ = {
			isa = PBXNativeTarget;
			buildConfigurationList = 0312E43B2C00F24E00C6F878 /* Build configuration list for PBXNativeTarget "Moblin Screen Recording" */;
			buildPhases = (
				0312E42A2C00F24E00C6F878 /* Sources */,
				0312E42B2C00F24E00C6F878 /* Frameworks */,
				0312E42C2C00F24E00C6F878 /* Resources */,
			);
			buildRules = (
			);
			dependencies = (
			);
			fileSystemSynchronizedGroups = (
				037D9EAC2E38AC1B00C0AF9A /* Common */,
				037D9F0C2E38AC2600C0AF9A /* Moblin Screen Recording */,
			);
			name = "Moblin Screen Recording";
			productName = "Moblin Capture";
			productReference = 0312E42E2C00F24E00C6F878 /* Moblin Screen Recording.appex */;
			productType = "com.apple.product-type.app-extension";
		};
		035E9E322A9A02D6009D4F5A /* Moblin */ = {
			isa = PBXNativeTarget;
			buildConfigurationList = 035E9E412A9A02D7009D4F5A /* Build configuration list for PBXNativeTarget "Moblin" */;
			buildPhases = (
				035E9E2F2A9A02D6009D4F5A /* Sources */,
				035E9E302A9A02D6009D4F5A /* Frameworks */,
				035E9E312A9A02D6009D4F5A /* Resources */,
				03ECDF572B8E4E6000BD920E /* Embed Watch Content */,
				0312E4382C00F24E00C6F878 /* Embed Foundation Extensions */,
			);
			buildRules = (
			);
			dependencies = (
				032815D72AC855B1001F8A85 /* PBXTargetDependency */,
				03ECDF522B8E4E6000BD920E /* PBXTargetDependency */,
				0312E4362C00F24E00C6F878 /* PBXTargetDependency */,
			);
			fileSystemSynchronizedGroups = (
				037D9C902E38AC1600C0AF9A /* Moblin */,
				037D9EAC2E38AC1B00C0AF9A /* Common */,
			);
			name = Moblin;
			packageProductDependencies = (
				03A974272AC137A000610E21 /* Collections */,
				03A08B7B2AC295620018BA95 /* AlertToast */,
				032815D42AC855A5001F8A85 /* LicenseList */,
				03BC11662AE5654700C38FC4 /* SDWebImageSwiftUI */,
				03BC116A2AE56C2200C38FC4 /* SDWebImageWebPCoder */,
				0320D8752AED36860030418F /* WrappingHStack */,
				03B7DAB42BA640C100CEFC1B /* XMLCoder */,
				03AE56132BEA74D500FE8427 /* Rist */,
				03D151AE2BFA73C100D29D8E /* MetalPetal */,
				033BEAC32C0FCC0B005F4E06 /* NWWebSocket */,
				03F465EB2C441D1400630708 /* CrcSwift */,
				0318D3692CF51D6900E12F3B /* SwiftProtobuf */,
				03C3572C2D0416CD00B8B29F /* AppleGPUInfo */,
				03AC6B942D17786700832A7E /* TrueTime */,
				03B279822D45EB9C007DEDB2 /* SwiftCube */,
				037723992DE35191007D040D /* VRMKit */,
				0377239B2DE35191007D040D /* VRMSceneKit */,
				882D0C152DF76F5B0035BFAF /* BlackSharkLib */,
			);
			productName = Mobs;
			productReference = 035E9E332A9A02D6009D4F5A /* Moblin.app */;
			productType = "com.apple.product-type.application";
		};
		0376F6F62B9511030056B3D2 /* MoblinWidget */ = {
			isa = PBXNativeTarget;
			buildConfigurationList = 0376F7052B9511040056B3D2 /* Build configuration list for PBXNativeTarget "MoblinWidget" */;
			buildPhases = (
				0376F6F32B9511030056B3D2 /* Sources */,
				0376F6F42B9511030056B3D2 /* Frameworks */,
				0376F6F52B9511030056B3D2 /* Resources */,
			);
			buildRules = (
			);
			dependencies = (
			);
			fileSystemSynchronizedGroups = (
				037D9EFC2E38AC2300C0AF9A /* Moblin Widget */,
			);
			name = MoblinWidget;
			productName = "Moblin Widget App";
			productReference = 0376F6F72B9511030056B3D2 /* MoblinWidget.appex */;
			productType = "com.apple.product-type.app-extension";
		};
		03E649422E634D2800728501 /* MoblinTests */ = {
			isa = PBXNativeTarget;
			buildConfigurationList = 03E649492E634D2800728501 /* Build configuration list for PBXNativeTarget "MoblinTests" */;
			buildPhases = (
				03E6493F2E634D2800728501 /* Sources */,
				03E649402E634D2800728501 /* Frameworks */,
				03E649412E634D2800728501 /* Resources */,
			);
			buildRules = (
			);
			dependencies = (
				03E649482E634D2800728501 /* PBXTargetDependency */,
			);
			fileSystemSynchronizedGroups = (
				03E649442E634D2800728501 /* MoblinTests */,
			);
			name = MoblinTests;
			packageProductDependencies = (
			);
			productName = MoblinTests;
			productReference = 03E649432E634D2800728501 /* MoblinTests.xctest */;
			productType = "com.apple.product-type.bundle.unit-test";
		};
		03ECDF452B8E4E5E00BD920E /* MoblinWatch */ = {
			isa = PBXNativeTarget;
			buildConfigurationList = 03ECDF542B8E4E6000BD920E /* Build configuration list for PBXNativeTarget "MoblinWatch" */;
			buildPhases = (
				03ECDF422B8E4E5E00BD920E /* Sources */,
				03ECDF432B8E4E5E00BD920E /* Frameworks */,
				03ECDF442B8E4E5E00BD920E /* Resources */,
				0376F7082B9511040056B3D2 /* Embed Foundation Extensions */,
			);
			buildRules = (
			);
			dependencies = (
				0376F7032B9511040056B3D2 /* PBXTargetDependency */,
			);
			fileSystemSynchronizedGroups = (
				037D9EAC2E38AC1B00C0AF9A /* Common */,
				037D9EE42E38AC2000C0AF9A /* Moblin Watch */,
			);
			name = MoblinWatch;
			packageProductDependencies = (
				03ECDF5C2B8E5F0B00BD920E /* WrappingHStack */,
				03A707B02B8EBE4D003BB7BE /* Collections */,
			);
			productName = "MoblinWatch Watch App";
			productReference = 03ECDF462B8E4E5E00BD920E /* Moblin.app */;
			productType = "com.apple.product-type.application";
		};
/* End PBXNativeTarget section */

/* Begin PBXProject section */
		035E9E2B2A9A02D6009D4F5A /* Project object */ = {
			isa = PBXProject;
			attributes = {
				BuildIndependentTargetsInParallel = 1;
				LastSwiftUpdateCheck = 1640;
				LastUpgradeCheck = 1630;
				TargetAttributes = {
					0312E42D2C00F24E00C6F878 = {
						CreatedOnToolsVersion = 15.4;
					};
					035E9E322A9A02D6009D4F5A = {
						CreatedOnToolsVersion = 14.3.1;
					};
					0376F6F62B9511030056B3D2 = {
						CreatedOnToolsVersion = 15.2;
					};
					03E649422E634D2800728501 = {
						CreatedOnToolsVersion = 16.4;
						TestTargetID = 035E9E322A9A02D6009D4F5A;
					};
					03ECDF452B8E4E5E00BD920E = {
						CreatedOnToolsVersion = 15.2;
					};
				};
			};
			buildConfigurationList = 035E9E2E2A9A02D6009D4F5A /* Build configuration list for PBXProject "Moblin" */;
			compatibilityVersion = "Xcode 14.0";
			developmentRegion = en;
			hasScannedForEncodings = 0;
			knownRegions = (
				en,
				Base,
				sv,
				es,
				de,
				fr,
				pl,
				vi,
				nl,
				"zh-HK",
				"zh-Hans",
				"zh-Hant",
				el,
				tr,
				"pt-BR",
				"pt-PT",
				id,
				ja,
				hi,
				ko,
				it,
				ru,
				uk,
				fi,
				sk,
			);
			mainGroup = 035E9E2A2A9A02D6009D4F5A;
			packageReferences = (
				03A974262AC137A000610E21 /* XCRemoteSwiftPackageReference "swift-collections" */,
				03A08B7A2AC295620018BA95 /* XCRemoteSwiftPackageReference "AlertToast" */,
				032815D32AC855A5001F8A85 /* XCRemoteSwiftPackageReference "LicenseList" */,
				03BC11652AE5654700C38FC4 /* XCRemoteSwiftPackageReference "SDWebImageSwiftUI" */,
				03BC11692AE56C2200C38FC4 /* XCRemoteSwiftPackageReference "SDWebImageWebPCoder" */,
				0320D8742AED36860030418F /* XCRemoteSwiftPackageReference "WrappingHStack" */,
				03B7DAB32BA6409800CEFC1B /* XCRemoteSwiftPackageReference "XMLCoder" */,
				03AE56122BEA74D500FE8427 /* XCRemoteSwiftPackageReference "Rist" */,
				03D151AD2BFA73C100D29D8E /* XCRemoteSwiftPackageReference "MetalPetal" */,
				033BEAC22C0FCC0B005F4E06 /* XCRemoteSwiftPackageReference "NWWebSocket" */,
				03F465EA2C441D1400630708 /* XCRemoteSwiftPackageReference "CrcSwift" */,
				0318D3682CF51D6900E12F3B /* XCRemoteSwiftPackageReference "swift-protobuf" */,
				03C3572B2D0416CD00B8B29F /* XCRemoteSwiftPackageReference "applegpuinfo" */,
				03AC6B932D17786700832A7E /* XCRemoteSwiftPackageReference "TrueTime" */,
				03B279812D45EB9C007DEDB2 /* XCRemoteSwiftPackageReference "SwiftCube" */,
				037723982DE35191007D040D /* XCRemoteSwiftPackageReference "VRMKit" */,
				882D0C142DF76F5B0035BFAF /* XCRemoteSwiftPackageReference "BlackSharkLib" */,
			);
			productRefGroup = 035E9E342A9A02D6009D4F5A /* Products */;
			projectDirPath = "";
			projectRoot = "";
			targets = (
				035E9E322A9A02D6009D4F5A /* Moblin */,
				03ECDF452B8E4E5E00BD920E /* MoblinWatch */,
				0376F6F62B9511030056B3D2 /* MoblinWidget */,
				0312E42D2C00F24E00C6F878 /* Moblin Screen Recording */,
				03E649422E634D2800728501 /* MoblinTests */,
			);
		};
/* End PBXProject section */

/* Begin PBXResourcesBuildPhase section */
		0312E42C2C00F24E00C6F878 /* Resources */ = {
			isa = PBXResourcesBuildPhase;
			buildActionMask = 2147483647;
			files = (
			);
			runOnlyForDeploymentPostprocessing = 0;
		};
		035E9E312A9A02D6009D4F5A /* Resources */ = {
			isa = PBXResourcesBuildPhase;
			buildActionMask = 2147483647;
			files = (
			);
			runOnlyForDeploymentPostprocessing = 0;
		};
		0376F6F52B9511030056B3D2 /* Resources */ = {
			isa = PBXResourcesBuildPhase;
			buildActionMask = 2147483647;
			files = (
			);
			runOnlyForDeploymentPostprocessing = 0;
		};
		03E649412E634D2800728501 /* Resources */ = {
			isa = PBXResourcesBuildPhase;
			buildActionMask = 2147483647;
			files = (
			);
			runOnlyForDeploymentPostprocessing = 0;
		};
		03ECDF442B8E4E5E00BD920E /* Resources */ = {
			isa = PBXResourcesBuildPhase;
			buildActionMask = 2147483647;
			files = (
			);
			runOnlyForDeploymentPostprocessing = 0;
		};
/* End PBXResourcesBuildPhase section */

/* Begin PBXSourcesBuildPhase section */
		0312E42A2C00F24E00C6F878 /* Sources */ = {
			isa = PBXSourcesBuildPhase;
			buildActionMask = 2147483647;
			files = (
			);
			runOnlyForDeploymentPostprocessing = 0;
		};
		035E9E2F2A9A02D6009D4F5A /* Sources */ = {
			isa = PBXSourcesBuildPhase;
			buildActionMask = 2147483647;
			files = (
			);
			runOnlyForDeploymentPostprocessing = 0;
		};
		0376F6F32B9511030056B3D2 /* Sources */ = {
			isa = PBXSourcesBuildPhase;
			buildActionMask = 2147483647;
			files = (
			);
			runOnlyForDeploymentPostprocessing = 0;
		};
		03E6493F2E634D2800728501 /* Sources */ = {
			isa = PBXSourcesBuildPhase;
			buildActionMask = 2147483647;
			files = (
			);
			runOnlyForDeploymentPostprocessing = 0;
		};
		03ECDF422B8E4E5E00BD920E /* Sources */ = {
			isa = PBXSourcesBuildPhase;
			buildActionMask = 2147483647;
			files = (
			);
			runOnlyForDeploymentPostprocessing = 0;
		};
/* End PBXSourcesBuildPhase section */

/* Begin PBXTargetDependency section */
		0312E4362C00F24E00C6F878 /* PBXTargetDependency */ = {
			isa = PBXTargetDependency;
			target = 0312E42D2C00F24E00C6F878 /* Moblin Screen Recording */;
			targetProxy = 0312E4352C00F24E00C6F878 /* PBXContainerItemProxy */;
		};
		032815D72AC855B1001F8A85 /* PBXTargetDependency */ = {
			isa = PBXTargetDependency;
			productRef = 032815D62AC855B1001F8A85 /* PrepareLicenseList */;
		};
		0376F7032B9511040056B3D2 /* PBXTargetDependency */ = {
			isa = PBXTargetDependency;
			target = 0376F6F62B9511030056B3D2 /* MoblinWidget */;
			targetProxy = 0376F7022B9511040056B3D2 /* PBXContainerItemProxy */;
		};
		03E649482E634D2800728501 /* PBXTargetDependency */ = {
			isa = PBXTargetDependency;
			target = 035E9E322A9A02D6009D4F5A /* Moblin */;
			targetProxy = 03E649472E634D2800728501 /* PBXContainerItemProxy */;
		};
		03ECDF522B8E4E6000BD920E /* PBXTargetDependency */ = {
			isa = PBXTargetDependency;
			target = 03ECDF452B8E4E5E00BD920E /* MoblinWatch */;
			targetProxy = 03ECDF512B8E4E6000BD920E /* PBXContainerItemProxy */;
		};
/* End PBXTargetDependency section */

/* Begin XCBuildConfiguration section */
		0312E4392C00F24E00C6F878 /* Debug */ = {
			isa = XCBuildConfiguration;
			buildSettings = {
				CODE_SIGN_ENTITLEMENTS = "Moblin Screen Recording/Moblin Screen Recording.entitlements";
				CODE_SIGN_STYLE = Automatic;
				CURRENT_PROJECT_VERSION = 1;
				ENABLE_USER_SCRIPT_SANDBOXING = YES;
				GCC_C_LANGUAGE_STANDARD = gnu17;
				GENERATE_INFOPLIST_FILE = YES;
				INFOPLIST_FILE = "Moblin Screen Recording/Info.plist";
				INFOPLIST_KEY_CFBundleDisplayName = Moblin;
				INFOPLIST_KEY_NSCameraUsageDescription = Yes;
				INFOPLIST_KEY_NSHumanReadableCopyright = "";
				INFOPLIST_KEY_NSMicrophoneUsageDescription = Yes;
				INFOPLIST_KEY_NSPhotoLibraryAddUsageDescription = Yes;
				INFOPLIST_KEY_NSPhotoLibraryUsageDescription = Yes;
				IPHONEOS_DEPLOYMENT_TARGET = 16.4;
				LD_RUNPATH_SEARCH_PATHS = (
					"$(inherited)",
					"@executable_path/Frameworks",
					"@executable_path/../../Frameworks",
				);
				LOCALIZATION_PREFERS_STRING_CATALOGS = YES;
				MARKETING_VERSION = 26.2008.0;
				PRODUCT_BUNDLE_IDENTIFIER = "com.eerimoq.Mobs.Moblin-Capture";
				PRODUCT_NAME = "$(TARGET_NAME)";
				SKIP_INSTALL = YES;
				SUPPORTED_PLATFORMS = "iphoneos iphonesimulator";
				SUPPORTS_MACCATALYST = NO;
				SUPPORTS_XR_DESIGNED_FOR_IPHONE_IPAD = NO;
				SWIFT_ACTIVE_COMPILATION_CONDITIONS = "DEBUG $(inherited)";
				SWIFT_EMIT_LOC_STRINGS = YES;
				SWIFT_VERSION = 5.0;
				TARGETED_DEVICE_FAMILY = "1,2";
			};
			name = Debug;
		};
		0312E43A2C00F24E00C6F878 /* Release */ = {
			isa = XCBuildConfiguration;
			buildSettings = {
				CODE_SIGN_ENTITLEMENTS = "Moblin Screen Recording/Moblin Screen Recording.entitlements";
				CODE_SIGN_STYLE = Automatic;
				CURRENT_PROJECT_VERSION = 1;
				ENABLE_USER_SCRIPT_SANDBOXING = YES;
				GCC_C_LANGUAGE_STANDARD = gnu17;
				GENERATE_INFOPLIST_FILE = YES;
				INFOPLIST_FILE = "Moblin Screen Recording/Info.plist";
				INFOPLIST_KEY_CFBundleDisplayName = Moblin;
				INFOPLIST_KEY_NSCameraUsageDescription = Yes;
				INFOPLIST_KEY_NSHumanReadableCopyright = "";
				INFOPLIST_KEY_NSMicrophoneUsageDescription = Yes;
				INFOPLIST_KEY_NSPhotoLibraryAddUsageDescription = Yes;
				INFOPLIST_KEY_NSPhotoLibraryUsageDescription = Yes;
				IPHONEOS_DEPLOYMENT_TARGET = 16.4;
				LD_RUNPATH_SEARCH_PATHS = (
					"$(inherited)",
					"@executable_path/Frameworks",
					"@executable_path/../../Frameworks",
				);
				LOCALIZATION_PREFERS_STRING_CATALOGS = YES;
				MARKETING_VERSION = 26.2008.0;
				PRODUCT_BUNDLE_IDENTIFIER = "com.eerimoq.Mobs.Moblin-Capture";
				PRODUCT_NAME = "$(TARGET_NAME)";
				SKIP_INSTALL = YES;
				SUPPORTED_PLATFORMS = "iphoneos iphonesimulator";
				SUPPORTS_MACCATALYST = NO;
				SUPPORTS_XR_DESIGNED_FOR_IPHONE_IPAD = NO;
				SWIFT_EMIT_LOC_STRINGS = YES;
				SWIFT_VERSION = 5.0;
				TARGETED_DEVICE_FAMILY = "1,2";
			};
			name = Release;
		};
		035E9E3F2A9A02D7009D4F5A /* Debug */ = {
			isa = XCBuildConfiguration;
			buildSettings = {
				ALWAYS_SEARCH_USER_PATHS = NO;
				ASSETCATALOG_COMPILER_GENERATE_SWIFT_ASSET_SYMBOL_EXTENSIONS = YES;
				CLANG_ANALYZER_LOCALIZABILITY_NONLOCALIZED = YES;
				CLANG_ANALYZER_NONNULL = YES;
				CLANG_ANALYZER_NUMBER_OBJECT_CONVERSION = YES_AGGRESSIVE;
				CLANG_CXX_LANGUAGE_STANDARD = "gnu++20";
				CLANG_ENABLE_MODULES = YES;
				CLANG_ENABLE_OBJC_ARC = YES;
				CLANG_ENABLE_OBJC_WEAK = YES;
				CLANG_WARN_BLOCK_CAPTURE_AUTORELEASING = YES;
				CLANG_WARN_BOOL_CONVERSION = YES;
				CLANG_WARN_COMMA = YES;
				CLANG_WARN_CONSTANT_CONVERSION = YES;
				CLANG_WARN_DEPRECATED_OBJC_IMPLEMENTATIONS = YES;
				CLANG_WARN_DIRECT_OBJC_ISA_USAGE = YES_ERROR;
				CLANG_WARN_DOCUMENTATION_COMMENTS = YES;
				CLANG_WARN_EMPTY_BODY = YES;
				CLANG_WARN_ENUM_CONVERSION = YES;
				CLANG_WARN_INFINITE_RECURSION = YES;
				CLANG_WARN_INT_CONVERSION = YES;
				CLANG_WARN_NON_LITERAL_NULL_CONVERSION = YES;
				CLANG_WARN_OBJC_IMPLICIT_RETAIN_SELF = YES;
				CLANG_WARN_OBJC_LITERAL_CONVERSION = YES;
				CLANG_WARN_OBJC_ROOT_CLASS = YES_ERROR;
				CLANG_WARN_QUOTED_INCLUDE_IN_FRAMEWORK_HEADER = YES;
				CLANG_WARN_RANGE_LOOP_ANALYSIS = YES;
				CLANG_WARN_STRICT_PROTOTYPES = YES;
				CLANG_WARN_SUSPICIOUS_MOVE = YES;
				CLANG_WARN_UNGUARDED_AVAILABILITY = YES_AGGRESSIVE;
				CLANG_WARN_UNREACHABLE_CODE = YES;
				CLANG_WARN__DUPLICATE_METHOD_MATCH = YES;
				COPY_PHASE_STRIP = NO;
				DEBUG_INFORMATION_FORMAT = dwarf;
				DEVELOPMENT_TEAM = L82N7LD4N5;
				ENABLE_STRICT_OBJC_MSGSEND = YES;
				ENABLE_TESTABILITY = YES;
				ENABLE_USER_SCRIPT_SANDBOXING = NO;
				GCC_C_LANGUAGE_STANDARD = gnu11;
				GCC_DYNAMIC_NO_PIC = NO;
				GCC_NO_COMMON_BLOCKS = YES;
				GCC_OPTIMIZATION_LEVEL = 0;
				GCC_PREPROCESSOR_DEFINITIONS = (
					"DEBUG=1",
					"$(inherited)",
				);
				GCC_WARN_64_TO_32_BIT_CONVERSION = YES;
				GCC_WARN_ABOUT_RETURN_TYPE = YES_ERROR;
				GCC_WARN_UNDECLARED_SELECTOR = YES;
				GCC_WARN_UNINITIALIZED_AUTOS = YES_AGGRESSIVE;
				GCC_WARN_UNUSED_FUNCTION = YES;
				GCC_WARN_UNUSED_VARIABLE = YES;
				INFOPLIST_KEY_NSCameraUsageDescription = Yes;
				INFOPLIST_KEY_NSMicrophoneUsageDescription = Yes;
				INFOPLIST_KEY_NSPhotoLibraryAddUsageDescription = Yes;
				INFOPLIST_KEY_NSPhotoLibraryUsageDescription = Yes;
				IPHONEOS_DEPLOYMENT_TARGET = 16.4;
				LOCALIZATION_PREFERS_STRING_CATALOGS = YES;
				MTL_ENABLE_DEBUG_INFO = INCLUDE_SOURCE;
				MTL_FAST_MATH = YES;
				ONLY_ACTIVE_ARCH = YES;
				SDKROOT = iphoneos;
				SWIFT_ACTIVE_COMPILATION_CONDITIONS = DEBUG;
				SWIFT_EMIT_LOC_STRINGS = YES;
				SWIFT_OPTIMIZATION_LEVEL = "-Onone";
			};
			name = Debug;
		};
		035E9E402A9A02D7009D4F5A /* Release */ = {
			isa = XCBuildConfiguration;
			buildSettings = {
				ALWAYS_SEARCH_USER_PATHS = NO;
				ASSETCATALOG_COMPILER_GENERATE_SWIFT_ASSET_SYMBOL_EXTENSIONS = YES;
				CLANG_ANALYZER_LOCALIZABILITY_NONLOCALIZED = YES;
				CLANG_ANALYZER_NONNULL = YES;
				CLANG_ANALYZER_NUMBER_OBJECT_CONVERSION = YES_AGGRESSIVE;
				CLANG_CXX_LANGUAGE_STANDARD = "gnu++20";
				CLANG_ENABLE_MODULES = YES;
				CLANG_ENABLE_OBJC_ARC = YES;
				CLANG_ENABLE_OBJC_WEAK = YES;
				CLANG_WARN_BLOCK_CAPTURE_AUTORELEASING = YES;
				CLANG_WARN_BOOL_CONVERSION = YES;
				CLANG_WARN_COMMA = YES;
				CLANG_WARN_CONSTANT_CONVERSION = YES;
				CLANG_WARN_DEPRECATED_OBJC_IMPLEMENTATIONS = YES;
				CLANG_WARN_DIRECT_OBJC_ISA_USAGE = YES_ERROR;
				CLANG_WARN_DOCUMENTATION_COMMENTS = YES;
				CLANG_WARN_EMPTY_BODY = YES;
				CLANG_WARN_ENUM_CONVERSION = YES;
				CLANG_WARN_INFINITE_RECURSION = YES;
				CLANG_WARN_INT_CONVERSION = YES;
				CLANG_WARN_NON_LITERAL_NULL_CONVERSION = YES;
				CLANG_WARN_OBJC_IMPLICIT_RETAIN_SELF = YES;
				CLANG_WARN_OBJC_LITERAL_CONVERSION = YES;
				CLANG_WARN_OBJC_ROOT_CLASS = YES_ERROR;
				CLANG_WARN_QUOTED_INCLUDE_IN_FRAMEWORK_HEADER = YES;
				CLANG_WARN_RANGE_LOOP_ANALYSIS = YES;
				CLANG_WARN_STRICT_PROTOTYPES = YES;
				CLANG_WARN_SUSPICIOUS_MOVE = YES;
				CLANG_WARN_UNGUARDED_AVAILABILITY = YES_AGGRESSIVE;
				CLANG_WARN_UNREACHABLE_CODE = YES;
				CLANG_WARN__DUPLICATE_METHOD_MATCH = YES;
				COPY_PHASE_STRIP = NO;
				DEBUG_INFORMATION_FORMAT = "dwarf-with-dsym";
				DEVELOPMENT_TEAM = L82N7LD4N5;
				ENABLE_NS_ASSERTIONS = NO;
				ENABLE_STRICT_OBJC_MSGSEND = YES;
				ENABLE_USER_SCRIPT_SANDBOXING = NO;
				GCC_C_LANGUAGE_STANDARD = gnu11;
				GCC_NO_COMMON_BLOCKS = YES;
				GCC_WARN_64_TO_32_BIT_CONVERSION = YES;
				GCC_WARN_ABOUT_RETURN_TYPE = YES_ERROR;
				GCC_WARN_UNDECLARED_SELECTOR = YES;
				GCC_WARN_UNINITIALIZED_AUTOS = YES_AGGRESSIVE;
				GCC_WARN_UNUSED_FUNCTION = YES;
				GCC_WARN_UNUSED_VARIABLE = YES;
				INFOPLIST_KEY_NSCameraUsageDescription = Yes;
				INFOPLIST_KEY_NSMicrophoneUsageDescription = Yes;
				INFOPLIST_KEY_NSPhotoLibraryAddUsageDescription = Yes;
				INFOPLIST_KEY_NSPhotoLibraryUsageDescription = Yes;
				IPHONEOS_DEPLOYMENT_TARGET = 16.4;
				LOCALIZATION_PREFERS_STRING_CATALOGS = YES;
				MTL_ENABLE_DEBUG_INFO = NO;
				MTL_FAST_MATH = YES;
				SDKROOT = iphoneos;
				SWIFT_COMPILATION_MODE = wholemodule;
				SWIFT_EMIT_LOC_STRINGS = YES;
				SWIFT_OPTIMIZATION_LEVEL = "-O";
				VALIDATE_PRODUCT = YES;
			};
			name = Release;
		};
		035E9E422A9A02D7009D4F5A /* Debug */ = {
			isa = XCBuildConfiguration;
			buildSettings = {
				ASSETCATALOG_COMPILER_ALTERNATE_APPICON_NAMES = "";
				ASSETCATALOG_COMPILER_APPICON_NAME = AppIcon;
				ASSETCATALOG_COMPILER_GLOBAL_ACCENT_COLOR_NAME = AccentColor;
				ASSETCATALOG_COMPILER_INCLUDE_ALL_APPICON_ASSETS = YES;
				CODE_SIGN_ENTITLEMENTS = Moblin/Moblin.entitlements;
				CODE_SIGN_STYLE = Automatic;
				CURRENT_PROJECT_VERSION = 1;
				DEVELOPMENT_ASSET_PATHS = "";
				ENABLE_PREVIEWS = YES;
				GENERATE_INFOPLIST_FILE = YES;
				INFOPLIST_FILE = Moblin/Info.plist;
				INFOPLIST_KEY_CFBundleDisplayName = Moblin;
				INFOPLIST_KEY_LSApplicationCategoryType = "public.app-category.video";
				INFOPLIST_KEY_NSBluetoothAlwaysUsageDescription = "Moblin communicates with DJI cameras using Bluetooth.";
				INFOPLIST_KEY_NSCameraUsageDescription = "Moblin live streams video from the camera.";
				INFOPLIST_KEY_NSHealthClinicalHealthRecordsShareUsageDescription = "Moblin can show your heart rate on stream.";
				INFOPLIST_KEY_NSHealthShareUsageDescription = "Moblin can show your heart rate on stream.";
				INFOPLIST_KEY_NSHealthUpdateUsageDescription = "Moblin can show your heart rate on stream.";
				INFOPLIST_KEY_NSLocalNetworkUsageDescription = "Moblin uses localhost as input and output to SRT library.";
				INFOPLIST_KEY_NSLocationWhenInUseUsageDescription = "Moblin can display your location and/or speed on screen and stream.";
				INFOPLIST_KEY_NSMicrophoneUsageDescription = "Moblin live streams audio from the microphone.";
				INFOPLIST_KEY_NSPhotoLibraryAddUsageDescription = "Moblin shows selected images as overlays.";
				INFOPLIST_KEY_NSPhotoLibraryUsageDescription = "Moblin shows selected images as overlays.";
				INFOPLIST_KEY_NSSpeechRecognitionUsageDescription = "Moblin can add transcription to the stream.";
				INFOPLIST_KEY_UIApplicationSupportsIndirectInputEvents = YES;
				INFOPLIST_KEY_UILaunchScreen_Generation = YES;
				INFOPLIST_KEY_UIRequiresFullScreen = YES;
				INFOPLIST_KEY_UIStatusBarHidden = NO;
				INFOPLIST_KEY_UIStatusBarStyle = "";
				INFOPLIST_KEY_UISupportedInterfaceOrientations = "UIInterfaceOrientationLandscapeLeft UIInterfaceOrientationLandscapeRight UIInterfaceOrientationPortrait";
				INFOPLIST_KEY_UISupportsDocumentBrowser = YES;
				IPHONEOS_DEPLOYMENT_TARGET = 16.4;
				LD_RUNPATH_SEARCH_PATHS = (
					"$(inherited)",
					"@executable_path/Frameworks",
				);
				MARKETING_VERSION = 26.2008.0;
				MTL_HEADER_SEARCH_PATHS = "$(HEADER_SEARCH_PATHS)";
				PRODUCT_BUNDLE_IDENTIFIER = com.eerimoq.Mobs;
				PRODUCT_NAME = "$(TARGET_NAME)";
				SUPPORTED_PLATFORMS = "iphoneos iphonesimulator";
				SUPPORTS_MACCATALYST = NO;
				SUPPORTS_MAC_DESIGNED_FOR_IPHONE_IPAD = YES;
				SUPPORTS_XR_DESIGNED_FOR_IPHONE_IPAD = YES;
				SWIFT_EMIT_LOC_STRINGS = YES;
				SWIFT_VERSION = 5.0;
				TARGETED_DEVICE_FAMILY = "1,2";
			};
			name = Debug;
		};
		035E9E432A9A02D7009D4F5A /* Release */ = {
			isa = XCBuildConfiguration;
			buildSettings = {
				ASSETCATALOG_COMPILER_ALTERNATE_APPICON_NAMES = "";
				ASSETCATALOG_COMPILER_APPICON_NAME = AppIcon;
				ASSETCATALOG_COMPILER_GLOBAL_ACCENT_COLOR_NAME = AccentColor;
				ASSETCATALOG_COMPILER_INCLUDE_ALL_APPICON_ASSETS = YES;
				CODE_SIGN_ENTITLEMENTS = Moblin/Moblin.entitlements;
				CODE_SIGN_STYLE = Automatic;
				CURRENT_PROJECT_VERSION = 1;
				DEVELOPMENT_ASSET_PATHS = "";
				ENABLE_PREVIEWS = YES;
				GENERATE_INFOPLIST_FILE = YES;
				INFOPLIST_FILE = Moblin/Info.plist;
				INFOPLIST_KEY_CFBundleDisplayName = Moblin;
				INFOPLIST_KEY_LSApplicationCategoryType = "public.app-category.video";
				INFOPLIST_KEY_NSBluetoothAlwaysUsageDescription = "Moblin communicates with DJI cameras using Bluetooth.";
				INFOPLIST_KEY_NSCameraUsageDescription = "Moblin live streams video from the camera.";
				INFOPLIST_KEY_NSHealthClinicalHealthRecordsShareUsageDescription = "Moblin can show your heart rate on stream.";
				INFOPLIST_KEY_NSHealthShareUsageDescription = "Moblin can show your heart rate on stream.";
				INFOPLIST_KEY_NSHealthUpdateUsageDescription = "Moblin can show your heart rate on stream.";
				INFOPLIST_KEY_NSLocalNetworkUsageDescription = "Moblin uses localhost as input and output to SRT library.";
				INFOPLIST_KEY_NSLocationWhenInUseUsageDescription = "Moblin can display your location and/or speed on screen and stream.";
				INFOPLIST_KEY_NSMicrophoneUsageDescription = "Moblin live streams audio from the microphone.";
				INFOPLIST_KEY_NSPhotoLibraryAddUsageDescription = "Moblin shows selected images as overlays.";
				INFOPLIST_KEY_NSPhotoLibraryUsageDescription = "Moblin shows selected images as overlays.";
				INFOPLIST_KEY_NSSpeechRecognitionUsageDescription = "Moblin can add transcription to the stream.";
				INFOPLIST_KEY_UIApplicationSupportsIndirectInputEvents = YES;
				INFOPLIST_KEY_UILaunchScreen_Generation = YES;
				INFOPLIST_KEY_UIRequiresFullScreen = YES;
				INFOPLIST_KEY_UIStatusBarHidden = NO;
				INFOPLIST_KEY_UIStatusBarStyle = "";
				INFOPLIST_KEY_UISupportedInterfaceOrientations = "UIInterfaceOrientationLandscapeLeft UIInterfaceOrientationLandscapeRight UIInterfaceOrientationPortrait";
				INFOPLIST_KEY_UISupportsDocumentBrowser = YES;
				IPHONEOS_DEPLOYMENT_TARGET = 16.4;
				LD_RUNPATH_SEARCH_PATHS = (
					"$(inherited)",
					"@executable_path/Frameworks",
				);
				MARKETING_VERSION = 26.2008.0;
				MTL_HEADER_SEARCH_PATHS = "$(HEADER_SEARCH_PATHS)";
				PRODUCT_BUNDLE_IDENTIFIER = com.eerimoq.Mobs;
				PRODUCT_NAME = "$(TARGET_NAME)";
				SUPPORTED_PLATFORMS = "iphoneos iphonesimulator";
				SUPPORTS_MACCATALYST = NO;
				SUPPORTS_MAC_DESIGNED_FOR_IPHONE_IPAD = YES;
				SUPPORTS_XR_DESIGNED_FOR_IPHONE_IPAD = YES;
				SWIFT_EMIT_LOC_STRINGS = YES;
				SWIFT_VERSION = 5.0;
				TARGETED_DEVICE_FAMILY = "1,2";
			};
			name = Release;
		};
		0376F7062B9511040056B3D2 /* Debug */ = {
			isa = XCBuildConfiguration;
			buildSettings = {
				ASSETCATALOG_COMPILER_GLOBAL_ACCENT_COLOR_NAME = AccentColor;
				ASSETCATALOG_COMPILER_WIDGET_BACKGROUND_COLOR_NAME = WidgetBackground;
				CODE_SIGN_STYLE = Automatic;
				CURRENT_PROJECT_VERSION = 1;
				ENABLE_USER_SCRIPT_SANDBOXING = YES;
				GCC_C_LANGUAGE_STANDARD = gnu17;
				GENERATE_INFOPLIST_FILE = YES;
				INFOPLIST_FILE = "Moblin Widget/Info.plist";
				INFOPLIST_KEY_CFBundleDisplayName = "Moblin Widget";
				INFOPLIST_KEY_NSCameraUsageDescription = Yes;
				INFOPLIST_KEY_NSHumanReadableCopyright = "";
				INFOPLIST_KEY_NSMicrophoneUsageDescription = Yes;
				INFOPLIST_KEY_NSPhotoLibraryAddUsageDescription = Yes;
				INFOPLIST_KEY_NSPhotoLibraryUsageDescription = Yes;
				LD_RUNPATH_SEARCH_PATHS = (
					"$(inherited)",
					"@executable_path/Frameworks",
					"@executable_path/../../Frameworks",
					"@executable_path/../../../../Frameworks",
				);
				LOCALIZATION_PREFERS_STRING_CATALOGS = YES;
				MARKETING_VERSION = 0.1.0;
				PRODUCT_BUNDLE_IDENTIFIER = com.eerimoq.Mobs.Watch.Widget;
				PRODUCT_NAME = "$(TARGET_NAME)";
				SDKROOT = watchos;
				SKIP_INSTALL = YES;
				SWIFT_ACTIVE_COMPILATION_CONDITIONS = "DEBUG $(inherited)";
				SWIFT_EMIT_LOC_STRINGS = YES;
				SWIFT_VERSION = 5.0;
				TARGETED_DEVICE_FAMILY = 4;
				WATCHOS_DEPLOYMENT_TARGET = 10.2;
			};
			name = Debug;
		};
		0376F7072B9511040056B3D2 /* Release */ = {
			isa = XCBuildConfiguration;
			buildSettings = {
				ASSETCATALOG_COMPILER_GLOBAL_ACCENT_COLOR_NAME = AccentColor;
				ASSETCATALOG_COMPILER_WIDGET_BACKGROUND_COLOR_NAME = WidgetBackground;
				CODE_SIGN_STYLE = Automatic;
				CURRENT_PROJECT_VERSION = 1;
				ENABLE_USER_SCRIPT_SANDBOXING = YES;
				GCC_C_LANGUAGE_STANDARD = gnu17;
				GENERATE_INFOPLIST_FILE = YES;
				INFOPLIST_FILE = "Moblin Widget/Info.plist";
				INFOPLIST_KEY_CFBundleDisplayName = "Moblin Widget";
				INFOPLIST_KEY_NSCameraUsageDescription = Yes;
				INFOPLIST_KEY_NSHumanReadableCopyright = "";
				INFOPLIST_KEY_NSMicrophoneUsageDescription = Yes;
				INFOPLIST_KEY_NSPhotoLibraryAddUsageDescription = Yes;
				INFOPLIST_KEY_NSPhotoLibraryUsageDescription = Yes;
				LD_RUNPATH_SEARCH_PATHS = (
					"$(inherited)",
					"@executable_path/Frameworks",
					"@executable_path/../../Frameworks",
					"@executable_path/../../../../Frameworks",
				);
				LOCALIZATION_PREFERS_STRING_CATALOGS = YES;
				MARKETING_VERSION = 0.1.0;
				PRODUCT_BUNDLE_IDENTIFIER = com.eerimoq.Mobs.Watch.Widget;
				PRODUCT_NAME = "$(TARGET_NAME)";
				SDKROOT = watchos;
				SKIP_INSTALL = YES;
				SWIFT_EMIT_LOC_STRINGS = YES;
				SWIFT_VERSION = 5.0;
				TARGETED_DEVICE_FAMILY = 4;
				WATCHOS_DEPLOYMENT_TARGET = 10.2;
			};
			name = Release;
		};
		03E6494A2E634D2800728501 /* Debug */ = {
			isa = XCBuildConfiguration;
			buildSettings = {
				BUNDLE_LOADER = "$(TEST_HOST)";
				CODE_SIGN_STYLE = Automatic;
				CURRENT_PROJECT_VERSION = 1;
				DEVELOPMENT_TEAM = L82N7LD4N5;
				ENABLE_USER_SCRIPT_SANDBOXING = YES;
				GCC_C_LANGUAGE_STANDARD = gnu17;
				GENERATE_INFOPLIST_FILE = YES;
				IPHONEOS_DEPLOYMENT_TARGET = 18.5;
				MARKETING_VERSION = 1.0;
				PRODUCT_BUNDLE_IDENTIFIER = eerimoq.MoblinTests;
				PRODUCT_NAME = "$(TARGET_NAME)";
				SWIFT_ACTIVE_COMPILATION_CONDITIONS = "DEBUG $(inherited)";
				SWIFT_EMIT_LOC_STRINGS = NO;
				SWIFT_VERSION = 5.0;
				TARGETED_DEVICE_FAMILY = "1,2";
				TEST_HOST = "$(BUILT_PRODUCTS_DIR)/Moblin.app/$(BUNDLE_EXECUTABLE_FOLDER_PATH)/Moblin";
			};
			name = Debug;
		};
		03E6494B2E634D2800728501 /* Release */ = {
			isa = XCBuildConfiguration;
			buildSettings = {
				BUNDLE_LOADER = "$(TEST_HOST)";
				CODE_SIGN_STYLE = Automatic;
				CURRENT_PROJECT_VERSION = 1;
				DEVELOPMENT_TEAM = L82N7LD4N5;
				ENABLE_USER_SCRIPT_SANDBOXING = YES;
				GCC_C_LANGUAGE_STANDARD = gnu17;
				GENERATE_INFOPLIST_FILE = YES;
				IPHONEOS_DEPLOYMENT_TARGET = 18.5;
				MARKETING_VERSION = 1.0;
				PRODUCT_BUNDLE_IDENTIFIER = eerimoq.MoblinTests;
				PRODUCT_NAME = "$(TARGET_NAME)";
				SWIFT_EMIT_LOC_STRINGS = NO;
				SWIFT_VERSION = 5.0;
				TARGETED_DEVICE_FAMILY = "1,2";
				TEST_HOST = "$(BUILT_PRODUCTS_DIR)/Moblin.app/$(BUNDLE_EXECUTABLE_FOLDER_PATH)/Moblin";
			};
			name = Release;
		};
		03ECDF552B8E4E6000BD920E /* Debug */ = {
			isa = XCBuildConfiguration;
			buildSettings = {
				ASSETCATALOG_COMPILER_APPICON_NAME = AppIcon;
				ASSETCATALOG_COMPILER_GLOBAL_ACCENT_COLOR_NAME = AccentColor;
				CODE_SIGN_ENTITLEMENTS = "Moblin Watch/MoblinWatch.entitlements";
				CODE_SIGN_STYLE = Automatic;
				CURRENT_PROJECT_VERSION = 1;
				DEVELOPMENT_ASSET_PATHS = "\"Moblin Watch/Preview Content\"";
				ENABLE_PREVIEWS = YES;
				ENABLE_USER_SCRIPT_SANDBOXING = YES;
				GCC_C_LANGUAGE_STANDARD = gnu17;
				GENERATE_INFOPLIST_FILE = YES;
				INFOPLIST_FILE = "Moblin Watch/Info.plist";
				INFOPLIST_KEY_NSCameraUsageDescription = Yes;
				INFOPLIST_KEY_NSHealthClinicalHealthRecordsShareUsageDescription = "Moblin can show your heart rate on stream.";
				INFOPLIST_KEY_NSHealthShareUsageDescription = "Moblin can show your heart rate on stream.";
				INFOPLIST_KEY_NSHealthUpdateUsageDescription = "Moblin can show your heart rate on stream.";
				INFOPLIST_KEY_NSMicrophoneUsageDescription = Yes;
				INFOPLIST_KEY_NSPhotoLibraryAddUsageDescription = Yes;
				INFOPLIST_KEY_NSPhotoLibraryUsageDescription = Yes;
				INFOPLIST_KEY_UISupportedInterfaceOrientations = "UIInterfaceOrientationPortrait UIInterfaceOrientationPortraitUpsideDown";
				INFOPLIST_KEY_WKCompanionAppBundleIdentifier = com.eerimoq.Mobs;
				INFOPLIST_KEY_WKRunsIndependentlyOfCompanionApp = NO;
				LD_RUNPATH_SEARCH_PATHS = (
					"$(inherited)",
					"@executable_path/Frameworks",
				);
				LOCALIZATION_PREFERS_STRING_CATALOGS = YES;
				MARKETING_VERSION = 0.1.0;
				PRODUCT_BUNDLE_IDENTIFIER = com.eerimoq.Mobs.Watch;
				PRODUCT_NAME = Moblin;
				SDKROOT = watchos;
				SKIP_INSTALL = YES;
				SWIFT_ACTIVE_COMPILATION_CONDITIONS = "DEBUG $(inherited)";
				SWIFT_EMIT_LOC_STRINGS = YES;
				SWIFT_VERSION = 5.0;
				TARGETED_DEVICE_FAMILY = 4;
				WATCHOS_DEPLOYMENT_TARGET = 10.2;
			};
			name = Debug;
		};
		03ECDF562B8E4E6000BD920E /* Release */ = {
			isa = XCBuildConfiguration;
			buildSettings = {
				ASSETCATALOG_COMPILER_APPICON_NAME = AppIcon;
				ASSETCATALOG_COMPILER_GLOBAL_ACCENT_COLOR_NAME = AccentColor;
				CODE_SIGN_ENTITLEMENTS = "Moblin Watch/MoblinWatch.entitlements";
				CODE_SIGN_STYLE = Automatic;
				CURRENT_PROJECT_VERSION = 1;
				DEVELOPMENT_ASSET_PATHS = "\"Moblin Watch/Preview Content\"";
				ENABLE_PREVIEWS = YES;
				ENABLE_USER_SCRIPT_SANDBOXING = YES;
				GCC_C_LANGUAGE_STANDARD = gnu17;
				GENERATE_INFOPLIST_FILE = YES;
				INFOPLIST_FILE = "Moblin Watch/Info.plist";
				INFOPLIST_KEY_NSCameraUsageDescription = Yes;
				INFOPLIST_KEY_NSHealthClinicalHealthRecordsShareUsageDescription = "Moblin can show your heart rate on stream.";
				INFOPLIST_KEY_NSHealthShareUsageDescription = "Moblin can show your heart rate on stream.";
				INFOPLIST_KEY_NSHealthUpdateUsageDescription = "Moblin can show your heart rate on stream.";
				INFOPLIST_KEY_NSMicrophoneUsageDescription = Yes;
				INFOPLIST_KEY_NSPhotoLibraryAddUsageDescription = Yes;
				INFOPLIST_KEY_NSPhotoLibraryUsageDescription = Yes;
				INFOPLIST_KEY_UISupportedInterfaceOrientations = "UIInterfaceOrientationPortrait UIInterfaceOrientationPortraitUpsideDown";
				INFOPLIST_KEY_WKCompanionAppBundleIdentifier = com.eerimoq.Mobs;
				INFOPLIST_KEY_WKRunsIndependentlyOfCompanionApp = NO;
				LD_RUNPATH_SEARCH_PATHS = (
					"$(inherited)",
					"@executable_path/Frameworks",
				);
				LOCALIZATION_PREFERS_STRING_CATALOGS = YES;
				MARKETING_VERSION = 0.1.0;
				PRODUCT_BUNDLE_IDENTIFIER = com.eerimoq.Mobs.Watch;
				PRODUCT_NAME = Moblin;
				SDKROOT = watchos;
				SKIP_INSTALL = YES;
				SWIFT_EMIT_LOC_STRINGS = YES;
				SWIFT_VERSION = 5.0;
				TARGETED_DEVICE_FAMILY = 4;
				WATCHOS_DEPLOYMENT_TARGET = 10.2;
			};
			name = Release;
		};
/* End XCBuildConfiguration section */

/* Begin XCConfigurationList section */
		0312E43B2C00F24E00C6F878 /* Build configuration list for PBXNativeTarget "Moblin Screen Recording" */ = {
			isa = XCConfigurationList;
			buildConfigurations = (
				0312E4392C00F24E00C6F878 /* Debug */,
				0312E43A2C00F24E00C6F878 /* Release */,
			);
			defaultConfigurationIsVisible = 0;
			defaultConfigurationName = Release;
		};
		035E9E2E2A9A02D6009D4F5A /* Build configuration list for PBXProject "Moblin" */ = {
			isa = XCConfigurationList;
			buildConfigurations = (
				035E9E3F2A9A02D7009D4F5A /* Debug */,
				035E9E402A9A02D7009D4F5A /* Release */,
			);
			defaultConfigurationIsVisible = 0;
			defaultConfigurationName = Release;
		};
		035E9E412A9A02D7009D4F5A /* Build configuration list for PBXNativeTarget "Moblin" */ = {
			isa = XCConfigurationList;
			buildConfigurations = (
				035E9E422A9A02D7009D4F5A /* Debug */,
				035E9E432A9A02D7009D4F5A /* Release */,
			);
			defaultConfigurationIsVisible = 0;
			defaultConfigurationName = Release;
		};
		0376F7052B9511040056B3D2 /* Build configuration list for PBXNativeTarget "MoblinWidget" */ = {
			isa = XCConfigurationList;
			buildConfigurations = (
				0376F7062B9511040056B3D2 /* Debug */,
				0376F7072B9511040056B3D2 /* Release */,
			);
			defaultConfigurationIsVisible = 0;
			defaultConfigurationName = Release;
		};
		03E649492E634D2800728501 /* Build configuration list for PBXNativeTarget "MoblinTests" */ = {
			isa = XCConfigurationList;
			buildConfigurations = (
				03E6494A2E634D2800728501 /* Debug */,
				03E6494B2E634D2800728501 /* Release */,
			);
			defaultConfigurationIsVisible = 0;
			defaultConfigurationName = Release;
		};
		03ECDF542B8E4E6000BD920E /* Build configuration list for PBXNativeTarget "MoblinWatch" */ = {
			isa = XCConfigurationList;
			buildConfigurations = (
				03ECDF552B8E4E6000BD920E /* Debug */,
				03ECDF562B8E4E6000BD920E /* Release */,
			);
			defaultConfigurationIsVisible = 0;
			defaultConfigurationName = Release;
		};
/* End XCConfigurationList section */

/* Begin XCRemoteSwiftPackageReference section */
		0318D3682CF51D6900E12F3B /* XCRemoteSwiftPackageReference "swift-protobuf" */ = {
			isa = XCRemoteSwiftPackageReference;
			repositoryURL = "https://github.com/apple/swift-protobuf.git";
			requirement = {
				kind = upToNextMajorVersion;
				minimumVersion = 1.28.2;
			};
		};
		0320D8742AED36860030418F /* XCRemoteSwiftPackageReference "WrappingHStack" */ = {
			isa = XCRemoteSwiftPackageReference;
			repositoryURL = "https://github.com/ksemianov/WrappingHStack";
			requirement = {
				kind = upToNextMajorVersion;
				minimumVersion = 0.1.3;
			};
		};
		032815D32AC855A5001F8A85 /* XCRemoteSwiftPackageReference "LicenseList" */ = {
			isa = XCRemoteSwiftPackageReference;
			repositoryURL = "https://github.com/cybozu/LicenseList.git";
			requirement = {
				kind = upToNextMajorVersion;
				minimumVersion = 2.0.0;
			};
		};
		033BEAC22C0FCC0B005F4E06 /* XCRemoteSwiftPackageReference "NWWebSocket" */ = {
			isa = XCRemoteSwiftPackageReference;
			repositoryURL = "https://github.com/eerimoq/NWWebSocket";
			requirement = {
				branch = main;
				kind = branch;
			};
		};
		037723982DE35191007D040D /* XCRemoteSwiftPackageReference "VRMKit" */ = {
			isa = XCRemoteSwiftPackageReference;
			repositoryURL = "https://github.com/eerimoq/VRMKit";
			requirement = {
				branch = main;
				kind = branch;
			};
		};
		03A08B7A2AC295620018BA95 /* XCRemoteSwiftPackageReference "AlertToast" */ = {
			isa = XCRemoteSwiftPackageReference;
			repositoryURL = "https://github.com/eerimoq/AlertToast.git";
			requirement = {
				branch = master;
				kind = branch;
			};
		};
		03A974262AC137A000610E21 /* XCRemoteSwiftPackageReference "swift-collections" */ = {
			isa = XCRemoteSwiftPackageReference;
			repositoryURL = "https://github.com/apple/swift-collections.git";
			requirement = {
				kind = upToNextMajorVersion;
				minimumVersion = 1.0.0;
			};
		};
		03AC6B932D17786700832A7E /* XCRemoteSwiftPackageReference "TrueTime" */ = {
			isa = XCRemoteSwiftPackageReference;
			repositoryURL = "https://github.com/Gisman4ik/TrueTime.swift";
			requirement = {
				kind = upToNextMajorVersion;
				minimumVersion = 5.2.0;
			};
		};
		03AE56122BEA74D500FE8427 /* XCRemoteSwiftPackageReference "Rist" */ = {
			isa = XCRemoteSwiftPackageReference;
			repositoryURL = "https://github.com/eerimoq/Rist";
			requirement = {
				branch = main;
				kind = branch;
			};
		};
		03B279812D45EB9C007DEDB2 /* XCRemoteSwiftPackageReference "SwiftCube" */ = {
			isa = XCRemoteSwiftPackageReference;
			repositoryURL = "https://github.com/eerimoq/SwiftCube";
			requirement = {
				branch = main;
				kind = branch;
			};
		};
		03B7DAB32BA6409800CEFC1B /* XCRemoteSwiftPackageReference "XMLCoder" */ = {
			isa = XCRemoteSwiftPackageReference;
			repositoryURL = "https://github.com/CoreOffice/XMLCoder";
			requirement = {
				kind = upToNextMajorVersion;
				minimumVersion = 0.17.1;
			};
		};
		03BC11652AE5654700C38FC4 /* XCRemoteSwiftPackageReference "SDWebImageSwiftUI" */ = {
			isa = XCRemoteSwiftPackageReference;
			repositoryURL = "https://github.com/SDWebImage/SDWebImageSwiftUI";
			requirement = {
				kind = upToNextMajorVersion;
				minimumVersion = 3.1.1;
			};
		};
		03BC11692AE56C2200C38FC4 /* XCRemoteSwiftPackageReference "SDWebImageWebPCoder" */ = {
			isa = XCRemoteSwiftPackageReference;
			repositoryURL = "https://github.com/SDWebImage/SDWebImageWebPCoder";
			requirement = {
				kind = upToNextMajorVersion;
				minimumVersion = 0.14.0;
			};
		};
		03C3572B2D0416CD00B8B29F /* XCRemoteSwiftPackageReference "applegpuinfo" */ = {
			isa = XCRemoteSwiftPackageReference;
			repositoryURL = "https://github.com/philipturner/applegpuinfo";
			requirement = {
				branch = main;
				kind = branch;
			};
		};
		03D151AD2BFA73C100D29D8E /* XCRemoteSwiftPackageReference "MetalPetal" */ = {
			isa = XCRemoteSwiftPackageReference;
			repositoryURL = "https://github.com/eerimoq/MetalPetal";
			requirement = {
				branch = master;
				kind = branch;
			};
		};
		03F465EA2C441D1400630708 /* XCRemoteSwiftPackageReference "CrcSwift" */ = {
			isa = XCRemoteSwiftPackageReference;
			repositoryURL = "https://github.com/eerimoq/CrcSwift.git";
			requirement = {
				branch = master;
				kind = branch;
			};
		};
		882D0C142DF76F5B0035BFAF /* XCRemoteSwiftPackageReference "BlackSharkLib" */ = {
			isa = XCRemoteSwiftPackageReference;
			repositoryURL = "https://github.com/Spillmaker/BlackSharkLib.swift";
			requirement = {
				kind = upToNextMajorVersion;
				minimumVersion = 1.1.1;
			};
		};
/* End XCRemoteSwiftPackageReference section */

/* Begin XCSwiftPackageProductDependency section */
		0318D3692CF51D6900E12F3B /* SwiftProtobuf */ = {
			isa = XCSwiftPackageProductDependency;
			package = 0318D3682CF51D6900E12F3B /* XCRemoteSwiftPackageReference "swift-protobuf" */;
			productName = SwiftProtobuf;
		};
		0320D8752AED36860030418F /* WrappingHStack */ = {
			isa = XCSwiftPackageProductDependency;
			package = 0320D8742AED36860030418F /* XCRemoteSwiftPackageReference "WrappingHStack" */;
			productName = WrappingHStack;
		};
		032815D42AC855A5001F8A85 /* LicenseList */ = {
			isa = XCSwiftPackageProductDependency;
			package = 032815D32AC855A5001F8A85 /* XCRemoteSwiftPackageReference "LicenseList" */;
			productName = LicenseList;
		};
		032815D62AC855B1001F8A85 /* PrepareLicenseList */ = {
			isa = XCSwiftPackageProductDependency;
			package = 032815D32AC855A5001F8A85 /* XCRemoteSwiftPackageReference "LicenseList" */;
			productName = "plugin:PrepareLicenseList";
		};
		033BEAC32C0FCC0B005F4E06 /* NWWebSocket */ = {
			isa = XCSwiftPackageProductDependency;
			package = 033BEAC22C0FCC0B005F4E06 /* XCRemoteSwiftPackageReference "NWWebSocket" */;
			productName = NWWebSocket;
		};
		037723992DE35191007D040D /* VRMKit */ = {
			isa = XCSwiftPackageProductDependency;
			package = 037723982DE35191007D040D /* XCRemoteSwiftPackageReference "VRMKit" */;
			productName = VRMKit;
		};
		0377239B2DE35191007D040D /* VRMSceneKit */ = {
			isa = XCSwiftPackageProductDependency;
			package = 037723982DE35191007D040D /* XCRemoteSwiftPackageReference "VRMKit" */;
			productName = VRMSceneKit;
		};
		03A08B7B2AC295620018BA95 /* AlertToast */ = {
			isa = XCSwiftPackageProductDependency;
			package = 03A08B7A2AC295620018BA95 /* XCRemoteSwiftPackageReference "AlertToast" */;
			productName = AlertToast;
		};
		03A707B02B8EBE4D003BB7BE /* Collections */ = {
			isa = XCSwiftPackageProductDependency;
			package = 03A974262AC137A000610E21 /* XCRemoteSwiftPackageReference "swift-collections" */;
			productName = Collections;
		};
		03A974272AC137A000610E21 /* Collections */ = {
			isa = XCSwiftPackageProductDependency;
			package = 03A974262AC137A000610E21 /* XCRemoteSwiftPackageReference "swift-collections" */;
			productName = Collections;
		};
		03AC6B942D17786700832A7E /* TrueTime */ = {
			isa = XCSwiftPackageProductDependency;
			package = 03AC6B932D17786700832A7E /* XCRemoteSwiftPackageReference "TrueTime" */;
			productName = TrueTime;
		};
		03AE56132BEA74D500FE8427 /* Rist */ = {
			isa = XCSwiftPackageProductDependency;
			package = 03AE56122BEA74D500FE8427 /* XCRemoteSwiftPackageReference "Rist" */;
			productName = Rist;
		};
		03B279822D45EB9C007DEDB2 /* SwiftCube */ = {
			isa = XCSwiftPackageProductDependency;
			package = 03B279812D45EB9C007DEDB2 /* XCRemoteSwiftPackageReference "SwiftCube" */;
			productName = SwiftCube;
		};
		03B7DAB42BA640C100CEFC1B /* XMLCoder */ = {
			isa = XCSwiftPackageProductDependency;
			package = 03B7DAB32BA6409800CEFC1B /* XCRemoteSwiftPackageReference "XMLCoder" */;
			productName = XMLCoder;
		};
		03BC11662AE5654700C38FC4 /* SDWebImageSwiftUI */ = {
			isa = XCSwiftPackageProductDependency;
			package = 03BC11652AE5654700C38FC4 /* XCRemoteSwiftPackageReference "SDWebImageSwiftUI" */;
			productName = SDWebImageSwiftUI;
		};
		03BC116A2AE56C2200C38FC4 /* SDWebImageWebPCoder */ = {
			isa = XCSwiftPackageProductDependency;
			package = 03BC11692AE56C2200C38FC4 /* XCRemoteSwiftPackageReference "SDWebImageWebPCoder" */;
			productName = SDWebImageWebPCoder;
		};
		03C3572C2D0416CD00B8B29F /* AppleGPUInfo */ = {
			isa = XCSwiftPackageProductDependency;
			package = 03C3572B2D0416CD00B8B29F /* XCRemoteSwiftPackageReference "applegpuinfo" */;
			productName = AppleGPUInfo;
		};
		03D151AE2BFA73C100D29D8E /* MetalPetal */ = {
			isa = XCSwiftPackageProductDependency;
			package = 03D151AD2BFA73C100D29D8E /* XCRemoteSwiftPackageReference "MetalPetal" */;
			productName = MetalPetal;
		};
		03ECDF5C2B8E5F0B00BD920E /* WrappingHStack */ = {
			isa = XCSwiftPackageProductDependency;
			package = 0320D8742AED36860030418F /* XCRemoteSwiftPackageReference "WrappingHStack" */;
			productName = WrappingHStack;
		};
		03F465EB2C441D1400630708 /* CrcSwift */ = {
			isa = XCSwiftPackageProductDependency;
			package = 03F465EA2C441D1400630708 /* XCRemoteSwiftPackageReference "CrcSwift" */;
			productName = CrcSwift;
		};
		882D0C152DF76F5B0035BFAF /* BlackSharkLib */ = {
			isa = XCSwiftPackageProductDependency;
			package = 882D0C142DF76F5B0035BFAF /* XCRemoteSwiftPackageReference "BlackSharkLib" */;
			productName = BlackSharkLib;
		};
/* End XCSwiftPackageProductDependency section */
	};
	rootObject = 035E9E2B2A9A02D6009D4F5A /* Project object */;
}
