// !$*UTF8*$!
{
	archiveVersion = 1;
	classes = {
	};
	objectVersion = 56;
	objects = {

/* Begin PBXBuildFile section */
		030947C32A9C0496003FC387 /* ChatView.swift in Sources */ = {isa = PBXBuildFile; fileRef = 030947C22A9C0496003FC387 /* ChatView.swift */; };
		0315A33B2AA2FA7100295443 /* LocalListener.swift in Sources */ = {isa = PBXBuildFile; fileRef = 0315A33A2AA2FA7100295443 /* LocalListener.swift */; };
		0315A33D2AA2FA7D00295443 /* RemoteConnection.swift in Sources */ = {isa = PBXBuildFile; fileRef = 0315A33C2AA2FA7D00295443 /* RemoteConnection.swift */; };
		0315A33F2AA3173000295443 /* DummySender.swift in Sources */ = {isa = PBXBuildFile; fileRef = 0315A33E2AA3173000295443 /* DummySender.swift */; };
		0315A3422AA31B0000295443 /* ConnectionNameSettingsView.swift in Sources */ = {isa = PBXBuildFile; fileRef = 0315A3412AA31B0000295443 /* ConnectionNameSettingsView.swift */; };
		0315A3442AA31D0100295443 /* ConnectionRtmpSettingsView.swift in Sources */ = {isa = PBXBuildFile; fileRef = 0315A3432AA31D0100295443 /* ConnectionRtmpSettingsView.swift */; };
		0315A3462AA31E9000295443 /* ConnectionTwitchSettingsView.swift in Sources */ = {isa = PBXBuildFile; fileRef = 0315A3452AA31E9000295443 /* ConnectionTwitchSettingsView.swift */; };
		0315A3492AA31EE200295443 /* ConnectionTwitchNameSettingsView.swift in Sources */ = {isa = PBXBuildFile; fileRef = 0315A3482AA31EE200295443 /* ConnectionTwitchNameSettingsView.swift */; };
		0315A34B2AA31EF600295443 /* ConnectionTwitchIdSettingsView.swift in Sources */ = {isa = PBXBuildFile; fileRef = 0315A34A2AA31EF600295443 /* ConnectionTwitchIdSettingsView.swift */; };
		0315A34E2AA3218900295443 /* SceneNameSettingsView.swift in Sources */ = {isa = PBXBuildFile; fileRef = 0315A34D2AA3218900295443 /* SceneNameSettingsView.swift */; };
		0315A3532AA3239700295443 /* WidgetNameSettingsView.swift in Sources */ = {isa = PBXBuildFile; fileRef = 0315A3522AA3239700295443 /* WidgetNameSettingsView.swift */; };
		0315A3552AA324A500295443 /* VariableNameSettingsView.swift in Sources */ = {isa = PBXBuildFile; fileRef = 0315A3542AA324A500295443 /* VariableNameSettingsView.swift */; };
		0315A3572AA3261900295443 /* ConnectionSrtSettingsView.swift in Sources */ = {isa = PBXBuildFile; fileRef = 0315A3562AA3261900295443 /* ConnectionSrtSettingsView.swift */; };
		0315A35A2AA3270100295443 /* ConnectionSrtUrlSettingsView.swift in Sources */ = {isa = PBXBuildFile; fileRef = 0315A3592AA3270100295443 /* ConnectionSrtUrlSettingsView.swift */; };
		0315A35F2AA32AFC00295443 /* ConnectionRtmpUrlSettingsView.swift in Sources */ = {isa = PBXBuildFile; fileRef = 0315A35E2AA32AFC00295443 /* ConnectionRtmpUrlSettingsView.swift */; };
		0315A3622AA33A2C00295443 /* WidgetTextSettingsView.swift in Sources */ = {isa = PBXBuildFile; fileRef = 0315A3612AA33A2C00295443 /* WidgetTextSettingsView.swift */; };
		0315A3642AA33AE700295443 /* WidgetTextFormatStringSettingsView.swift in Sources */ = {isa = PBXBuildFile; fileRef = 0315A3632AA33AE700295443 /* WidgetTextFormatStringSettingsView.swift */; };
		0315A3672AA33C6A00295443 /* WidgetImageSettingsView.swift in Sources */ = {isa = PBXBuildFile; fileRef = 0315A3662AA33C6A00295443 /* WidgetImageSettingsView.swift */; };
		0315A3692AA33CF400295443 /* WidgetImageUrlSettingsView.swift in Sources */ = {isa = PBXBuildFile; fileRef = 0315A3682AA33CF400295443 /* WidgetImageUrlSettingsView.swift */; };
		035E9E372A9A02D6009D4F5A /* MobsApp.swift in Sources */ = {isa = PBXBuildFile; fileRef = 035E9E362A9A02D6009D4F5A /* MobsApp.swift */; };
		035E9E3B2A9A02D7009D4F5A /* Assets.xcassets in Resources */ = {isa = PBXBuildFile; fileRef = 035E9E3A2A9A02D7009D4F5A /* Assets.xcassets */; };
		035E9E3E2A9A02D7009D4F5A /* Preview Assets.xcassets in Resources */ = {isa = PBXBuildFile; fileRef = 035E9E3D2A9A02D7009D4F5A /* Preview Assets.xcassets */; };
		0382933B2A9A73ED008963AA /* Settings.swift in Sources */ = {isa = PBXBuildFile; fileRef = 0382933A2A9A73ED008963AA /* Settings.swift */; };
		03A983422A9A03D3008FF0DB /* TwitchChat in Frameworks */ = {isa = PBXBuildFile; productRef = 03A983412A9A03D3008FF0DB /* TwitchChat */; };
		03A983452A9A03EA008FF0DB /* HaishinKit in Frameworks */ = {isa = PBXBuildFile; productRef = 03A983442A9A03EA008FF0DB /* HaishinKit */; };
		03A983612A9A05D7008FF0DB /* ConnectionsSettingsView.swift in Sources */ = {isa = PBXBuildFile; fileRef = 03A983552A9A05D7008FF0DB /* ConnectionsSettingsView.swift */; };
		03A983622A9A05D7008FF0DB /* ContentView.swift in Sources */ = {isa = PBXBuildFile; fileRef = 03A983562A9A05D7008FF0DB /* ContentView.swift */; };
		03A983632A9A05D7008FF0DB /* SettingsView.swift in Sources */ = {isa = PBXBuildFile; fileRef = 03A983572A9A05D7008FF0DB /* SettingsView.swift */; };
		03A983642A9A05D7008FF0DB /* StreamView.swift in Sources */ = {isa = PBXBuildFile; fileRef = 03A983582A9A05D7008FF0DB /* StreamView.swift */; };
		03A983652A9A05D7008FF0DB /* ConnectionSettingsView.swift in Sources */ = {isa = PBXBuildFile; fileRef = 03A983592A9A05D7008FF0DB /* ConnectionSettingsView.swift */; };
		03A983662A9A05D7008FF0DB /* AddButtonView.swift in Sources */ = {isa = PBXBuildFile; fileRef = 03A9835A2A9A05D7008FF0DB /* AddButtonView.swift */; };
		03A983672A9A05D7008FF0DB /* ScenesSettingsView.swift in Sources */ = {isa = PBXBuildFile; fileRef = 03A9835B2A9A05D7008FF0DB /* ScenesSettingsView.swift */; };
		03A983682A9A05D7008FF0DB /* SceneSettingsView.swift in Sources */ = {isa = PBXBuildFile; fileRef = 03A9835C2A9A05D7008FF0DB /* SceneSettingsView.swift */; };
		03A983692A9A05D7008FF0DB /* CreateButtonView.swift in Sources */ = {isa = PBXBuildFile; fileRef = 03A9835D2A9A05D7008FF0DB /* CreateButtonView.swift */; };
		03A9836A2A9A05D7008FF0DB /* VariableSettingsView.swift in Sources */ = {isa = PBXBuildFile; fileRef = 03A9835E2A9A05D7008FF0DB /* VariableSettingsView.swift */; };
		03A9836B2A9A05D7008FF0DB /* StreamOverlayView.swift in Sources */ = {isa = PBXBuildFile; fileRef = 03A9835F2A9A05D7008FF0DB /* StreamOverlayView.swift */; };
		03A9836C2A9A05D7008FF0DB /* WidgetSettingsView.swift in Sources */ = {isa = PBXBuildFile; fileRef = 03A983602A9A05D7008FF0DB /* WidgetSettingsView.swift */; };
		03A9836E2A9A05F9008FF0DB /* Model.swift in Sources */ = {isa = PBXBuildFile; fileRef = 03A9836D2A9A05F9008FF0DB /* Model.swift */; };
		03A983712A9A0659008FF0DB /* TwitchPubSub.swift in Sources */ = {isa = PBXBuildFile; fileRef = 03A9836F2A9A0659008FF0DB /* TwitchPubSub.swift */; };
		03A983722A9A0659008FF0DB /* TwitchChatMobs.swift in Sources */ = {isa = PBXBuildFile; fileRef = 03A983702A9A0659008FF0DB /* TwitchChatMobs.swift */; };
		03B373F62A9EF98E0028DDD5 /* ControlBarView.swift in Sources */ = {isa = PBXBuildFile; fileRef = 03B373F52A9EF98E0028DDD5 /* ControlBarView.swift */; };
		03B373F92A9EFB340028DDD5 /* BatteryView.swift in Sources */ = {isa = PBXBuildFile; fileRef = 03B373F82A9EFB340028DDD5 /* BatteryView.swift */; };
		03B373FB2A9EFB910028DDD5 /* ZoomView.swift in Sources */ = {isa = PBXBuildFile; fileRef = 03B373FA2A9EFB910028DDD5 /* ZoomView.swift */; };
		03B373FD2A9F35EF0028DDD5 /* Utils.swift in Sources */ = {isa = PBXBuildFile; fileRef = 03B373FC2A9F35EF0028DDD5 /* Utils.swift */; };
		03B373FF2A9FCA790028DDD5 /* ThermalStateView.swift in Sources */ = {isa = PBXBuildFile; fileRef = 03B373FE2A9FCA790028DDD5 /* ThermalStateView.swift */; };
		03B374022AA0354C0028DDD5 /* MonochromeEffect.swift in Sources */ = {isa = PBXBuildFile; fileRef = 03B374012AA0354C0028DDD5 /* MonochromeEffect.swift */; };
		03B374042AA036D10028DDD5 /* ButtonsView.swift in Sources */ = {isa = PBXBuildFile; fileRef = 03B374032AA036D10028DDD5 /* ButtonsView.swift */; };
		03B374072AA0EA650028DDD5 /* MovieEffect.swift in Sources */ = {isa = PBXBuildFile; fileRef = 03B374062AA0EA650028DDD5 /* MovieEffect.swift */; };
		03B374092AA0EA700028DDD5 /* IconEffect.swift in Sources */ = {isa = PBXBuildFile; fileRef = 03B374082AA0EA700028DDD5 /* IconEffect.swift */; };
		03B374132AA277570028DDD5 /* Srtla.swift in Sources */ = {isa = PBXBuildFile; fileRef = 03B374122AA277570028DDD5 /* Srtla.swift */; };
/* End PBXBuildFile section */

/* Begin PBXFileReference section */
		030947C22A9C0496003FC387 /* ChatView.swift */ = {isa = PBXFileReference; lastKnownFileType = sourcecode.swift; path = ChatView.swift; sourceTree = "<group>"; };
		0315A33A2AA2FA7100295443 /* LocalListener.swift */ = {isa = PBXFileReference; lastKnownFileType = sourcecode.swift; path = LocalListener.swift; sourceTree = "<group>"; };
		0315A33C2AA2FA7D00295443 /* RemoteConnection.swift */ = {isa = PBXFileReference; lastKnownFileType = sourcecode.swift; path = RemoteConnection.swift; sourceTree = "<group>"; };
		0315A33E2AA3173000295443 /* DummySender.swift */ = {isa = PBXFileReference; lastKnownFileType = sourcecode.swift; path = DummySender.swift; sourceTree = "<group>"; };
		0315A3412AA31B0000295443 /* ConnectionNameSettingsView.swift */ = {isa = PBXFileReference; lastKnownFileType = sourcecode.swift; path = ConnectionNameSettingsView.swift; sourceTree = "<group>"; };
		0315A3432AA31D0100295443 /* ConnectionRtmpSettingsView.swift */ = {isa = PBXFileReference; lastKnownFileType = sourcecode.swift; path = ConnectionRtmpSettingsView.swift; sourceTree = "<group>"; };
		0315A3452AA31E9000295443 /* ConnectionTwitchSettingsView.swift */ = {isa = PBXFileReference; lastKnownFileType = sourcecode.swift; path = ConnectionTwitchSettingsView.swift; sourceTree = "<group>"; };
		0315A3482AA31EE200295443 /* ConnectionTwitchNameSettingsView.swift */ = {isa = PBXFileReference; lastKnownFileType = sourcecode.swift; path = ConnectionTwitchNameSettingsView.swift; sourceTree = "<group>"; };
		0315A34A2AA31EF600295443 /* ConnectionTwitchIdSettingsView.swift */ = {isa = PBXFileReference; lastKnownFileType = sourcecode.swift; path = ConnectionTwitchIdSettingsView.swift; sourceTree = "<group>"; };
		0315A34D2AA3218900295443 /* SceneNameSettingsView.swift */ = {isa = PBXFileReference; lastKnownFileType = sourcecode.swift; path = SceneNameSettingsView.swift; sourceTree = "<group>"; };
		0315A3522AA3239700295443 /* WidgetNameSettingsView.swift */ = {isa = PBXFileReference; lastKnownFileType = sourcecode.swift; path = WidgetNameSettingsView.swift; sourceTree = "<group>"; };
		0315A3542AA324A500295443 /* VariableNameSettingsView.swift */ = {isa = PBXFileReference; lastKnownFileType = sourcecode.swift; path = VariableNameSettingsView.swift; sourceTree = "<group>"; };
		0315A3562AA3261900295443 /* ConnectionSrtSettingsView.swift */ = {isa = PBXFileReference; lastKnownFileType = sourcecode.swift; path = ConnectionSrtSettingsView.swift; sourceTree = "<group>"; };
		0315A3592AA3270100295443 /* ConnectionSrtUrlSettingsView.swift */ = {isa = PBXFileReference; lastKnownFileType = sourcecode.swift; path = ConnectionSrtUrlSettingsView.swift; sourceTree = "<group>"; };
		0315A35E2AA32AFC00295443 /* ConnectionRtmpUrlSettingsView.swift */ = {isa = PBXFileReference; lastKnownFileType = sourcecode.swift; path = ConnectionRtmpUrlSettingsView.swift; sourceTree = "<group>"; };
		0315A3612AA33A2C00295443 /* WidgetTextSettingsView.swift */ = {isa = PBXFileReference; lastKnownFileType = sourcecode.swift; path = WidgetTextSettingsView.swift; sourceTree = "<group>"; };
		0315A3632AA33AE700295443 /* WidgetTextFormatStringSettingsView.swift */ = {isa = PBXFileReference; lastKnownFileType = sourcecode.swift; path = WidgetTextFormatStringSettingsView.swift; sourceTree = "<group>"; };
		0315A3662AA33C6A00295443 /* WidgetImageSettingsView.swift */ = {isa = PBXFileReference; lastKnownFileType = sourcecode.swift; path = WidgetImageSettingsView.swift; sourceTree = "<group>"; };
		0315A3682AA33CF400295443 /* WidgetImageUrlSettingsView.swift */ = {isa = PBXFileReference; lastKnownFileType = sourcecode.swift; path = WidgetImageUrlSettingsView.swift; sourceTree = "<group>"; };
		035E9E332A9A02D6009D4F5A /* Mobs.app */ = {isa = PBXFileReference; explicitFileType = wrapper.application; includeInIndex = 0; path = Mobs.app; sourceTree = BUILT_PRODUCTS_DIR; };
		035E9E362A9A02D6009D4F5A /* MobsApp.swift */ = {isa = PBXFileReference; lastKnownFileType = sourcecode.swift; path = MobsApp.swift; sourceTree = "<group>"; };
		035E9E3A2A9A02D7009D4F5A /* Assets.xcassets */ = {isa = PBXFileReference; lastKnownFileType = folder.assetcatalog; path = Assets.xcassets; sourceTree = "<group>"; };
		035E9E3D2A9A02D7009D4F5A /* Preview Assets.xcassets */ = {isa = PBXFileReference; lastKnownFileType = folder.assetcatalog; path = "Preview Assets.xcassets"; sourceTree = "<group>"; };
		0382933A2A9A73ED008963AA /* Settings.swift */ = {isa = PBXFileReference; lastKnownFileType = sourcecode.swift; path = Settings.swift; sourceTree = "<group>"; };
		03A983552A9A05D7008FF0DB /* ConnectionsSettingsView.swift */ = {isa = PBXFileReference; fileEncoding = 4; lastKnownFileType = sourcecode.swift; path = ConnectionsSettingsView.swift; sourceTree = "<group>"; };
		03A983562A9A05D7008FF0DB /* ContentView.swift */ = {isa = PBXFileReference; fileEncoding = 4; lastKnownFileType = sourcecode.swift; path = ContentView.swift; sourceTree = "<group>"; };
		03A983572A9A05D7008FF0DB /* SettingsView.swift */ = {isa = PBXFileReference; fileEncoding = 4; lastKnownFileType = sourcecode.swift; path = SettingsView.swift; sourceTree = "<group>"; };
		03A983582A9A05D7008FF0DB /* StreamView.swift */ = {isa = PBXFileReference; fileEncoding = 4; lastKnownFileType = sourcecode.swift; path = StreamView.swift; sourceTree = "<group>"; };
		03A983592A9A05D7008FF0DB /* ConnectionSettingsView.swift */ = {isa = PBXFileReference; fileEncoding = 4; lastKnownFileType = sourcecode.swift; path = ConnectionSettingsView.swift; sourceTree = "<group>"; };
		03A9835A2A9A05D7008FF0DB /* AddButtonView.swift */ = {isa = PBXFileReference; fileEncoding = 4; lastKnownFileType = sourcecode.swift; path = AddButtonView.swift; sourceTree = "<group>"; };
		03A9835B2A9A05D7008FF0DB /* ScenesSettingsView.swift */ = {isa = PBXFileReference; fileEncoding = 4; lastKnownFileType = sourcecode.swift; path = ScenesSettingsView.swift; sourceTree = "<group>"; };
		03A9835C2A9A05D7008FF0DB /* SceneSettingsView.swift */ = {isa = PBXFileReference; fileEncoding = 4; lastKnownFileType = sourcecode.swift; path = SceneSettingsView.swift; sourceTree = "<group>"; };
		03A9835D2A9A05D7008FF0DB /* CreateButtonView.swift */ = {isa = PBXFileReference; fileEncoding = 4; lastKnownFileType = sourcecode.swift; path = CreateButtonView.swift; sourceTree = "<group>"; };
		03A9835E2A9A05D7008FF0DB /* VariableSettingsView.swift */ = {isa = PBXFileReference; fileEncoding = 4; lastKnownFileType = sourcecode.swift; path = VariableSettingsView.swift; sourceTree = "<group>"; };
		03A9835F2A9A05D7008FF0DB /* StreamOverlayView.swift */ = {isa = PBXFileReference; fileEncoding = 4; lastKnownFileType = sourcecode.swift; path = StreamOverlayView.swift; sourceTree = "<group>"; };
		03A983602A9A05D7008FF0DB /* WidgetSettingsView.swift */ = {isa = PBXFileReference; fileEncoding = 4; lastKnownFileType = sourcecode.swift; path = WidgetSettingsView.swift; sourceTree = "<group>"; };
		03A9836D2A9A05F9008FF0DB /* Model.swift */ = {isa = PBXFileReference; fileEncoding = 4; lastKnownFileType = sourcecode.swift; path = Model.swift; sourceTree = "<group>"; };
		03A9836F2A9A0659008FF0DB /* TwitchPubSub.swift */ = {isa = PBXFileReference; fileEncoding = 4; lastKnownFileType = sourcecode.swift; path = TwitchPubSub.swift; sourceTree = "<group>"; };
		03A983702A9A0659008FF0DB /* TwitchChatMobs.swift */ = {isa = PBXFileReference; fileEncoding = 4; lastKnownFileType = sourcecode.swift; path = TwitchChatMobs.swift; sourceTree = "<group>"; };
		03B373F52A9EF98E0028DDD5 /* ControlBarView.swift */ = {isa = PBXFileReference; lastKnownFileType = sourcecode.swift; path = ControlBarView.swift; sourceTree = "<group>"; };
		03B373F82A9EFB340028DDD5 /* BatteryView.swift */ = {isa = PBXFileReference; lastKnownFileType = sourcecode.swift; path = BatteryView.swift; sourceTree = "<group>"; };
		03B373FA2A9EFB910028DDD5 /* ZoomView.swift */ = {isa = PBXFileReference; lastKnownFileType = sourcecode.swift; path = ZoomView.swift; sourceTree = "<group>"; };
		03B373FC2A9F35EF0028DDD5 /* Utils.swift */ = {isa = PBXFileReference; lastKnownFileType = sourcecode.swift; path = Utils.swift; sourceTree = "<group>"; };
		03B373FE2A9FCA790028DDD5 /* ThermalStateView.swift */ = {isa = PBXFileReference; lastKnownFileType = sourcecode.swift; path = ThermalStateView.swift; sourceTree = "<group>"; };
		03B374012AA0354C0028DDD5 /* MonochromeEffect.swift */ = {isa = PBXFileReference; lastKnownFileType = sourcecode.swift; path = MonochromeEffect.swift; sourceTree = "<group>"; };
		03B374032AA036D10028DDD5 /* ButtonsView.swift */ = {isa = PBXFileReference; lastKnownFileType = sourcecode.swift; path = ButtonsView.swift; sourceTree = "<group>"; };
		03B374062AA0EA650028DDD5 /* MovieEffect.swift */ = {isa = PBXFileReference; lastKnownFileType = sourcecode.swift; path = MovieEffect.swift; sourceTree = "<group>"; };
		03B374082AA0EA700028DDD5 /* IconEffect.swift */ = {isa = PBXFileReference; lastKnownFileType = sourcecode.swift; path = IconEffect.swift; sourceTree = "<group>"; };
		03B374122AA277570028DDD5 /* Srtla.swift */ = {isa = PBXFileReference; lastKnownFileType = sourcecode.swift; path = Srtla.swift; sourceTree = "<group>"; };
/* End PBXFileReference section */

/* Begin PBXFrameworksBuildPhase section */
		035E9E302A9A02D6009D4F5A /* Frameworks */ = {
			isa = PBXFrameworksBuildPhase;
			buildActionMask = 2147483647;
			files = (
				03A983452A9A03EA008FF0DB /* HaishinKit in Frameworks */,
				03A983422A9A03D3008FF0DB /* TwitchChat in Frameworks */,
			);
			runOnlyForDeploymentPostprocessing = 0;
		};
/* End PBXFrameworksBuildPhase section */

/* Begin PBXGroup section */
		0315A3392AA2FA0A00295443 /* Srtla */ = {
			isa = PBXGroup;
			children = (
				03B374122AA277570028DDD5 /* Srtla.swift */,
				0315A33A2AA2FA7100295443 /* LocalListener.swift */,
				0315A33C2AA2FA7D00295443 /* RemoteConnection.swift */,
				0315A33E2AA3173000295443 /* DummySender.swift */,
			);
			path = Srtla;
			sourceTree = "<group>";
		};
		0315A3402AA31ADC00295443 /* Connection */ = {
			isa = PBXGroup;
			children = (
				0315A35D2AA32ADA00295443 /* Rtmp */,
				0315A3582AA3264800295443 /* Srt */,
				0315A3472AA31EC800295443 /* Twitch */,
				03A983592A9A05D7008FF0DB /* ConnectionSettingsView.swift */,
				0315A3412AA31B0000295443 /* ConnectionNameSettingsView.swift */,
			);
			path = Connection;
			sourceTree = "<group>";
		};
		0315A3472AA31EC800295443 /* Twitch */ = {
			isa = PBXGroup;
			children = (
				0315A3452AA31E9000295443 /* ConnectionTwitchSettingsView.swift */,
				0315A3482AA31EE200295443 /* ConnectionTwitchNameSettingsView.swift */,
				0315A34A2AA31EF600295443 /* ConnectionTwitchIdSettingsView.swift */,
			);
			path = Twitch;
			sourceTree = "<group>";
		};
		0315A34C2AA3217500295443 /* Scene */ = {
			isa = PBXGroup;
			children = (
				0315A34D2AA3218900295443 /* SceneNameSettingsView.swift */,
				03A9835C2A9A05D7008FF0DB /* SceneSettingsView.swift */,
			);
			path = Scene;
			sourceTree = "<group>";
		};
		0315A34F2AA322ED00295443 /* Utils */ = {
			isa = PBXGroup;
			children = (
				03A9835A2A9A05D7008FF0DB /* AddButtonView.swift */,
				03A9835D2A9A05D7008FF0DB /* CreateButtonView.swift */,
			);
			path = Utils;
			sourceTree = "<group>";
		};
		0315A3502AA3233000295443 /* Variable */ = {
			isa = PBXGroup;
			children = (
				03A9835E2A9A05D7008FF0DB /* VariableSettingsView.swift */,
				0315A3542AA324A500295443 /* VariableNameSettingsView.swift */,
			);
			path = Variable;
			sourceTree = "<group>";
		};
		0315A3512AA3233700295443 /* Widget */ = {
			isa = PBXGroup;
			children = (
				0315A3652AA33C5400295443 /* Image */,
				0315A3602AA33A1100295443 /* Text */,
				03A983602A9A05D7008FF0DB /* WidgetSettingsView.swift */,
				0315A3522AA3239700295443 /* WidgetNameSettingsView.swift */,
			);
			path = Widget;
			sourceTree = "<group>";
		};
		0315A3582AA3264800295443 /* Srt */ = {
			isa = PBXGroup;
			children = (
				0315A3562AA3261900295443 /* ConnectionSrtSettingsView.swift */,
				0315A3592AA3270100295443 /* ConnectionSrtUrlSettingsView.swift */,
			);
			path = Srt;
			sourceTree = "<group>";
		};
		0315A35D2AA32ADA00295443 /* Rtmp */ = {
			isa = PBXGroup;
			children = (
				0315A3432AA31D0100295443 /* ConnectionRtmpSettingsView.swift */,
				0315A35E2AA32AFC00295443 /* ConnectionRtmpUrlSettingsView.swift */,
			);
			path = Rtmp;
			sourceTree = "<group>";
		};
		0315A3602AA33A1100295443 /* Text */ = {
			isa = PBXGroup;
			children = (
				0315A3612AA33A2C00295443 /* WidgetTextSettingsView.swift */,
				0315A3632AA33AE700295443 /* WidgetTextFormatStringSettingsView.swift */,
			);
			path = Text;
			sourceTree = "<group>";
		};
		0315A3652AA33C5400295443 /* Image */ = {
			isa = PBXGroup;
			children = (
				0315A3662AA33C6A00295443 /* WidgetImageSettingsView.swift */,
				0315A3682AA33CF400295443 /* WidgetImageUrlSettingsView.swift */,
			);
			path = Image;
			sourceTree = "<group>";
		};
		035E9E2A2A9A02D6009D4F5A = {
			isa = PBXGroup;
			children = (
				035E9E352A9A02D6009D4F5A /* Mobs */,
				035E9E342A9A02D6009D4F5A /* Products */,
			);
			sourceTree = "<group>";
		};
		035E9E342A9A02D6009D4F5A /* Products */ = {
			isa = PBXGroup;
			children = (
				035E9E332A9A02D6009D4F5A /* Mobs.app */,
			);
			name = Products;
			sourceTree = "<group>";
		};
		035E9E352A9A02D6009D4F5A /* Mobs */ = {
			isa = PBXGroup;
			children = (
				03B374052AA0EA370028DDD5 /* Effects */,
				0315A3392AA2FA0A00295443 /* Srtla */,
				03A983542A9A0582008FF0DB /* View */,
				035E9E3C2A9A02D7009D4F5A /* Preview Content */,
				035E9E362A9A02D6009D4F5A /* MobsApp.swift */,
				03A9836D2A9A05F9008FF0DB /* Model.swift */,
				0382933A2A9A73ED008963AA /* Settings.swift */,
				03A9836F2A9A0659008FF0DB /* TwitchPubSub.swift */,
				03A983702A9A0659008FF0DB /* TwitchChatMobs.swift */,
				03B373FC2A9F35EF0028DDD5 /* Utils.swift */,
				035E9E3A2A9A02D7009D4F5A /* Assets.xcassets */,
			);
			path = Mobs;
			sourceTree = "<group>";
		};
		035E9E3C2A9A02D7009D4F5A /* Preview Content */ = {
			isa = PBXGroup;
			children = (
				035E9E3D2A9A02D7009D4F5A /* Preview Assets.xcassets */,
			);
			path = "Preview Content";
			sourceTree = "<group>";
		};
		03A983542A9A0582008FF0DB /* View */ = {
			isa = PBXGroup;
			children = (
				03B373F42A9EF8BD0028DDD5 /* Settings */,
				03B374002A9FDEC80028DDD5 /* Stream */,
				03B373F72A9EFB1F0028DDD5 /* ControlBar */,
				03A983562A9A05D7008FF0DB /* ContentView.swift */,
			);
			path = View;
			sourceTree = "<group>";
		};
		03B373F42A9EF8BD0028DDD5 /* Settings */ = {
			isa = PBXGroup;
			children = (
				0315A3512AA3233700295443 /* Widget */,
				0315A3502AA3233000295443 /* Variable */,
				0315A34F2AA322ED00295443 /* Utils */,
				0315A34C2AA3217500295443 /* Scene */,
				0315A3402AA31ADC00295443 /* Connection */,
				03A983552A9A05D7008FF0DB /* ConnectionsSettingsView.swift */,
				03A9835B2A9A05D7008FF0DB /* ScenesSettingsView.swift */,
				03A983572A9A05D7008FF0DB /* SettingsView.swift */,
			);
			path = Settings;
			sourceTree = "<group>";
		};
		03B373F72A9EFB1F0028DDD5 /* ControlBar */ = {
			isa = PBXGroup;
			children = (
				03B373F82A9EFB340028DDD5 /* BatteryView.swift */,
				03B374032AA036D10028DDD5 /* ButtonsView.swift */,
				03B373F52A9EF98E0028DDD5 /* ControlBarView.swift */,
				03B373FE2A9FCA790028DDD5 /* ThermalStateView.swift */,
				03B373FA2A9EFB910028DDD5 /* ZoomView.swift */,
			);
			path = ControlBar;
			sourceTree = "<group>";
		};
		03B374002A9FDEC80028DDD5 /* Stream */ = {
			isa = PBXGroup;
			children = (
				030947C22A9C0496003FC387 /* ChatView.swift */,
				03A9835F2A9A05D7008FF0DB /* StreamOverlayView.swift */,
				03A983582A9A05D7008FF0DB /* StreamView.swift */,
			);
			path = Stream;
			sourceTree = "<group>";
		};
		03B374052AA0EA370028DDD5 /* Effects */ = {
			isa = PBXGroup;
			children = (
				03B374012AA0354C0028DDD5 /* MonochromeEffect.swift */,
				03B374062AA0EA650028DDD5 /* MovieEffect.swift */,
				03B374082AA0EA700028DDD5 /* IconEffect.swift */,
			);
			path = Effects;
			sourceTree = "<group>";
		};
/* End PBXGroup section */

/* Begin PBXNativeTarget section */
		035E9E322A9A02D6009D4F5A /* Mobs */ = {
			isa = PBXNativeTarget;
			buildConfigurationList = 035E9E412A9A02D7009D4F5A /* Build configuration list for PBXNativeTarget "Mobs" */;
			buildPhases = (
				035E9E2F2A9A02D6009D4F5A /* Sources */,
				035E9E302A9A02D6009D4F5A /* Frameworks */,
				035E9E312A9A02D6009D4F5A /* Resources */,
			);
			buildRules = (
			);
			dependencies = (
			);
			name = Mobs;
			packageProductDependencies = (
				03A983412A9A03D3008FF0DB /* TwitchChat */,
				03A983442A9A03EA008FF0DB /* HaishinKit */,
			);
			productName = Mobs;
			productReference = 035E9E332A9A02D6009D4F5A /* Mobs.app */;
			productType = "com.apple.product-type.application";
		};
/* End PBXNativeTarget section */

/* Begin PBXProject section */
		035E9E2B2A9A02D6009D4F5A /* Project object */ = {
			isa = PBXProject;
			attributes = {
				BuildIndependentTargetsInParallel = 1;
				LastSwiftUpdateCheck = 1430;
				LastUpgradeCheck = 1430;
				TargetAttributes = {
					035E9E322A9A02D6009D4F5A = {
						CreatedOnToolsVersion = 14.3.1;
					};
				};
			};
			buildConfigurationList = 035E9E2E2A9A02D6009D4F5A /* Build configuration list for PBXProject "Mobs" */;
			compatibilityVersion = "Xcode 14.0";
			developmentRegion = en;
			hasScannedForEncodings = 0;
			knownRegions = (
				en,
				Base,
			);
			mainGroup = 035E9E2A2A9A02D6009D4F5A;
			packageReferences = (
				03A983402A9A03D3008FF0DB /* XCRemoteSwiftPackageReference "twitch-chat" */,
				03A983432A9A03EA008FF0DB /* XCRemoteSwiftPackageReference "HaishinKit" */,
			);
			productRefGroup = 035E9E342A9A02D6009D4F5A /* Products */;
			projectDirPath = "";
			projectRoot = "";
			targets = (
				035E9E322A9A02D6009D4F5A /* Mobs */,
			);
		};
/* End PBXProject section */

/* Begin PBXResourcesBuildPhase section */
		035E9E312A9A02D6009D4F5A /* Resources */ = {
			isa = PBXResourcesBuildPhase;
			buildActionMask = 2147483647;
			files = (
				035E9E3E2A9A02D7009D4F5A /* Preview Assets.xcassets in Resources */,
				035E9E3B2A9A02D7009D4F5A /* Assets.xcassets in Resources */,
			);
			runOnlyForDeploymentPostprocessing = 0;
		};
/* End PBXResourcesBuildPhase section */

/* Begin PBXSourcesBuildPhase section */
		035E9E2F2A9A02D6009D4F5A /* Sources */ = {
			isa = PBXSourcesBuildPhase;
			buildActionMask = 2147483647;
			files = (
				03A9836B2A9A05D7008FF0DB /* StreamOverlayView.swift in Sources */,
				0315A35F2AA32AFC00295443 /* ConnectionRtmpUrlSettingsView.swift in Sources */,
				03A983712A9A0659008FF0DB /* TwitchPubSub.swift in Sources */,
				03A9836C2A9A05D7008FF0DB /* WidgetSettingsView.swift in Sources */,
				0315A3622AA33A2C00295443 /* WidgetTextSettingsView.swift in Sources */,
				0315A34E2AA3218900295443 /* SceneNameSettingsView.swift in Sources */,
				0315A33F2AA3173000295443 /* DummySender.swift in Sources */,
				03A983642A9A05D7008FF0DB /* StreamView.swift in Sources */,
				0315A3672AA33C6A00295443 /* WidgetImageSettingsView.swift in Sources */,
				0315A35A2AA3270100295443 /* ConnectionSrtUrlSettingsView.swift in Sources */,
				030947C32A9C0496003FC387 /* ChatView.swift in Sources */,
				03A983622A9A05D7008FF0DB /* ContentView.swift in Sources */,
				03B374042AA036D10028DDD5 /* ButtonsView.swift in Sources */,
				0315A3462AA31E9000295443 /* ConnectionTwitchSettingsView.swift in Sources */,
				03B373F92A9EFB340028DDD5 /* BatteryView.swift in Sources */,
				03B373FD2A9F35EF0028DDD5 /* Utils.swift in Sources */,
				03B374072AA0EA650028DDD5 /* MovieEffect.swift in Sources */,
				03A983652A9A05D7008FF0DB /* ConnectionSettingsView.swift in Sources */,
				03B373F62A9EF98E0028DDD5 /* ControlBarView.swift in Sources */,
				0315A3572AA3261900295443 /* ConnectionSrtSettingsView.swift in Sources */,
				0382933B2A9A73ED008963AA /* Settings.swift in Sources */,
				0315A3642AA33AE700295443 /* WidgetTextFormatStringSettingsView.swift in Sources */,
				0315A3692AA33CF400295443 /* WidgetImageUrlSettingsView.swift in Sources */,
				03B374092AA0EA700028DDD5 /* IconEffect.swift in Sources */,
				0315A3492AA31EE200295443 /* ConnectionTwitchNameSettingsView.swift in Sources */,
				03A983692A9A05D7008FF0DB /* CreateButtonView.swift in Sources */,
				0315A3422AA31B0000295443 /* ConnectionNameSettingsView.swift in Sources */,
				0315A34B2AA31EF600295443 /* ConnectionTwitchIdSettingsView.swift in Sources */,
				0315A3442AA31D0100295443 /* ConnectionRtmpSettingsView.swift in Sources */,
				03A9836E2A9A05F9008FF0DB /* Model.swift in Sources */,
				03A983722A9A0659008FF0DB /* TwitchChatMobs.swift in Sources */,
				03B373FB2A9EFB910028DDD5 /* ZoomView.swift in Sources */,
				03A983672A9A05D7008FF0DB /* ScenesSettingsView.swift in Sources */,
				035E9E372A9A02D6009D4F5A /* MobsApp.swift in Sources */,
				03A9836A2A9A05D7008FF0DB /* VariableSettingsView.swift in Sources */,
				0315A33D2AA2FA7D00295443 /* RemoteConnection.swift in Sources */,
				03B373FF2A9FCA790028DDD5 /* ThermalStateView.swift in Sources */,
				03A983682A9A05D7008FF0DB /* SceneSettingsView.swift in Sources */,
				03B374022AA0354C0028DDD5 /* MonochromeEffect.swift in Sources */,
				0315A3532AA3239700295443 /* WidgetNameSettingsView.swift in Sources */,
				03A983632A9A05D7008FF0DB /* SettingsView.swift in Sources */,
				03B374132AA277570028DDD5 /* Srtla.swift in Sources */,
				03A983662A9A05D7008FF0DB /* AddButtonView.swift in Sources */,
				03A983612A9A05D7008FF0DB /* ConnectionsSettingsView.swift in Sources */,
				0315A3552AA324A500295443 /* VariableNameSettingsView.swift in Sources */,
				0315A33B2AA2FA7100295443 /* LocalListener.swift in Sources */,
			);
			runOnlyForDeploymentPostprocessing = 0;
		};
/* End PBXSourcesBuildPhase section */

/* Begin XCBuildConfiguration section */
		035E9E3F2A9A02D7009D4F5A /* Debug */ = {
			isa = XCBuildConfiguration;
			buildSettings = {
				ALWAYS_SEARCH_USER_PATHS = NO;
				CLANG_ANALYZER_NONNULL = YES;
				CLANG_ANALYZER_NUMBER_OBJECT_CONVERSION = YES_AGGRESSIVE;
				CLANG_CXX_LANGUAGE_STANDARD = "gnu++20";
				CLANG_ENABLE_MODULES = YES;
				CLANG_ENABLE_OBJC_ARC = YES;
				CLANG_ENABLE_OBJC_WEAK = YES;
				CLANG_WARN_BLOCK_CAPTURE_AUTORELEASING = YES;
				CLANG_WARN_BOOL_CONVERSION = YES;
				CLANG_WARN_COMMA = YES;
				CLANG_WARN_CONSTANT_CONVERSION = YES;
				CLANG_WARN_DEPRECATED_OBJC_IMPLEMENTATIONS = YES;
				CLANG_WARN_DIRECT_OBJC_ISA_USAGE = YES_ERROR;
				CLANG_WARN_DOCUMENTATION_COMMENTS = YES;
				CLANG_WARN_EMPTY_BODY = YES;
				CLANG_WARN_ENUM_CONVERSION = YES;
				CLANG_WARN_INFINITE_RECURSION = YES;
				CLANG_WARN_INT_CONVERSION = YES;
				CLANG_WARN_NON_LITERAL_NULL_CONVERSION = YES;
				CLANG_WARN_OBJC_IMPLICIT_RETAIN_SELF = YES;
				CLANG_WARN_OBJC_LITERAL_CONVERSION = YES;
				CLANG_WARN_OBJC_ROOT_CLASS = YES_ERROR;
				CLANG_WARN_QUOTED_INCLUDE_IN_FRAMEWORK_HEADER = YES;
				CLANG_WARN_RANGE_LOOP_ANALYSIS = YES;
				CLANG_WARN_STRICT_PROTOTYPES = YES;
				CLANG_WARN_SUSPICIOUS_MOVE = YES;
				CLANG_WARN_UNGUARDED_AVAILABILITY = YES_AGGRESSIVE;
				CLANG_WARN_UNREACHABLE_CODE = YES;
				CLANG_WARN__DUPLICATE_METHOD_MATCH = YES;
				COPY_PHASE_STRIP = NO;
				DEBUG_INFORMATION_FORMAT = dwarf;
				ENABLE_STRICT_OBJC_MSGSEND = YES;
				ENABLE_TESTABILITY = YES;
				GCC_C_LANGUAGE_STANDARD = gnu11;
				GCC_DYNAMIC_NO_PIC = NO;
				GCC_NO_COMMON_BLOCKS = YES;
				GCC_OPTIMIZATION_LEVEL = 0;
				GCC_PREPROCESSOR_DEFINITIONS = (
					"DEBUG=1",
					"$(inherited)",
				);
				GCC_WARN_64_TO_32_BIT_CONVERSION = YES;
				GCC_WARN_ABOUT_RETURN_TYPE = YES_ERROR;
				GCC_WARN_UNDECLARED_SELECTOR = YES;
				GCC_WARN_UNINITIALIZED_AUTOS = YES_AGGRESSIVE;
				GCC_WARN_UNUSED_FUNCTION = YES;
				GCC_WARN_UNUSED_VARIABLE = YES;
				INFOPLIST_KEY_NSCameraUsageDescription = Yes;
				INFOPLIST_KEY_NSMicrophoneUsageDescription = Yes;
				INFOPLIST_KEY_NSPhotoLibraryAddUsageDescription = Yes;
				INFOPLIST_KEY_NSPhotoLibraryUsageDescription = Yes;
				IPHONEOS_DEPLOYMENT_TARGET = 16.4;
				MTL_ENABLE_DEBUG_INFO = INCLUDE_SOURCE;
				MTL_FAST_MATH = YES;
				ONLY_ACTIVE_ARCH = YES;
				SDKROOT = iphoneos;
				SWIFT_ACTIVE_COMPILATION_CONDITIONS = DEBUG;
				SWIFT_OPTIMIZATION_LEVEL = "-Onone";
			};
			name = Debug;
		};
		035E9E402A9A02D7009D4F5A /* Release */ = {
			isa = XCBuildConfiguration;
			buildSettings = {
				ALWAYS_SEARCH_USER_PATHS = NO;
				CLANG_ANALYZER_NONNULL = YES;
				CLANG_ANALYZER_NUMBER_OBJECT_CONVERSION = YES_AGGRESSIVE;
				CLANG_CXX_LANGUAGE_STANDARD = "gnu++20";
				CLANG_ENABLE_MODULES = YES;
				CLANG_ENABLE_OBJC_ARC = YES;
				CLANG_ENABLE_OBJC_WEAK = YES;
				CLANG_WARN_BLOCK_CAPTURE_AUTORELEASING = YES;
				CLANG_WARN_BOOL_CONVERSION = YES;
				CLANG_WARN_COMMA = YES;
				CLANG_WARN_CONSTANT_CONVERSION = YES;
				CLANG_WARN_DEPRECATED_OBJC_IMPLEMENTATIONS = YES;
				CLANG_WARN_DIRECT_OBJC_ISA_USAGE = YES_ERROR;
				CLANG_WARN_DOCUMENTATION_COMMENTS = YES;
				CLANG_WARN_EMPTY_BODY = YES;
				CLANG_WARN_ENUM_CONVERSION = YES;
				CLANG_WARN_INFINITE_RECURSION = YES;
				CLANG_WARN_INT_CONVERSION = YES;
				CLANG_WARN_NON_LITERAL_NULL_CONVERSION = YES;
				CLANG_WARN_OBJC_IMPLICIT_RETAIN_SELF = YES;
				CLANG_WARN_OBJC_LITERAL_CONVERSION = YES;
				CLANG_WARN_OBJC_ROOT_CLASS = YES_ERROR;
				CLANG_WARN_QUOTED_INCLUDE_IN_FRAMEWORK_HEADER = YES;
				CLANG_WARN_RANGE_LOOP_ANALYSIS = YES;
				CLANG_WARN_STRICT_PROTOTYPES = YES;
				CLANG_WARN_SUSPICIOUS_MOVE = YES;
				CLANG_WARN_UNGUARDED_AVAILABILITY = YES_AGGRESSIVE;
				CLANG_WARN_UNREACHABLE_CODE = YES;
				CLANG_WARN__DUPLICATE_METHOD_MATCH = YES;
				COPY_PHASE_STRIP = NO;
				DEBUG_INFORMATION_FORMAT = "dwarf-with-dsym";
				ENABLE_NS_ASSERTIONS = NO;
				ENABLE_STRICT_OBJC_MSGSEND = YES;
				GCC_C_LANGUAGE_STANDARD = gnu11;
				GCC_NO_COMMON_BLOCKS = YES;
				GCC_WARN_64_TO_32_BIT_CONVERSION = YES;
				GCC_WARN_ABOUT_RETURN_TYPE = YES_ERROR;
				GCC_WARN_UNDECLARED_SELECTOR = YES;
				GCC_WARN_UNINITIALIZED_AUTOS = YES_AGGRESSIVE;
				GCC_WARN_UNUSED_FUNCTION = YES;
				GCC_WARN_UNUSED_VARIABLE = YES;
				INFOPLIST_KEY_NSCameraUsageDescription = Yes;
				INFOPLIST_KEY_NSMicrophoneUsageDescription = Yes;
				INFOPLIST_KEY_NSPhotoLibraryAddUsageDescription = Yes;
				INFOPLIST_KEY_NSPhotoLibraryUsageDescription = Yes;
				IPHONEOS_DEPLOYMENT_TARGET = 16.4;
				MTL_ENABLE_DEBUG_INFO = NO;
				MTL_FAST_MATH = YES;
				SDKROOT = iphoneos;
				SWIFT_COMPILATION_MODE = wholemodule;
				SWIFT_OPTIMIZATION_LEVEL = "-O";
				VALIDATE_PRODUCT = YES;
			};
			name = Release;
		};
		035E9E422A9A02D7009D4F5A /* Debug */ = {
			isa = XCBuildConfiguration;
			buildSettings = {
				ASSETCATALOG_COMPILER_APPICON_NAME = AppIcon;
				ASSETCATALOG_COMPILER_GLOBAL_ACCENT_COLOR_NAME = AccentColor;
				CODE_SIGN_STYLE = Automatic;
				CURRENT_PROJECT_VERSION = 1;
				DEVELOPMENT_ASSET_PATHS = "\"Mobs/Preview Content\"";
				DEVELOPMENT_TEAM = L82N7LD4N5;
				ENABLE_PREVIEWS = YES;
				GENERATE_INFOPLIST_FILE = YES;
				INFOPLIST_KEY_NSLocalNetworkUsageDescription = Yes;
				INFOPLIST_KEY_NSNetworkVolumesUsageDescription = Yes;
				INFOPLIST_KEY_UIApplicationSceneManifest_Generation = YES;
				INFOPLIST_KEY_UIApplicationSupportsIndirectInputEvents = YES;
				INFOPLIST_KEY_UILaunchScreen_Generation = YES;
				INFOPLIST_KEY_UISupportedInterfaceOrientations = "UIInterfaceOrientationLandscapeLeft UIInterfaceOrientationLandscapeRight UIInterfaceOrientationPortrait";
				INFOPLIST_KEY_UISupportedInterfaceOrientations_iPad = "UIInterfaceOrientationLandscapeLeft UIInterfaceOrientationLandscapeRight UIInterfaceOrientationPortrait UIInterfaceOrientationPortraitUpsideDown";
				LD_RUNPATH_SEARCH_PATHS = (
					"$(inherited)",
					"@executable_path/Frameworks",
				);
				MARKETING_VERSION = 1.0;
				PRODUCT_BUNDLE_IDENTIFIER = com.eerimoq.Mobs;
				PRODUCT_NAME = "$(TARGET_NAME)";
				SWIFT_EMIT_LOC_STRINGS = YES;
				SWIFT_VERSION = 5.0;
				TARGETED_DEVICE_FAMILY = "1,2";
			};
			name = Debug;
		};
		035E9E432A9A02D7009D4F5A /* Release */ = {
			isa = XCBuildConfiguration;
			buildSettings = {
				ASSETCATALOG_COMPILER_APPICON_NAME = AppIcon;
				ASSETCATALOG_COMPILER_GLOBAL_ACCENT_COLOR_NAME = AccentColor;
				CODE_SIGN_STYLE = Automatic;
				CURRENT_PROJECT_VERSION = 1;
				DEVELOPMENT_ASSET_PATHS = "\"Mobs/Preview Content\"";
				DEVELOPMENT_TEAM = L82N7LD4N5;
				ENABLE_PREVIEWS = YES;
				GENERATE_INFOPLIST_FILE = YES;
				INFOPLIST_KEY_NSLocalNetworkUsageDescription = Yes;
				INFOPLIST_KEY_NSNetworkVolumesUsageDescription = Yes;
				INFOPLIST_KEY_UIApplicationSceneManifest_Generation = YES;
				INFOPLIST_KEY_UIApplicationSupportsIndirectInputEvents = YES;
				INFOPLIST_KEY_UILaunchScreen_Generation = YES;
				INFOPLIST_KEY_UISupportedInterfaceOrientations = "UIInterfaceOrientationLandscapeLeft UIInterfaceOrientationLandscapeRight UIInterfaceOrientationPortrait";
				INFOPLIST_KEY_UISupportedInterfaceOrientations_iPad = "UIInterfaceOrientationLandscapeLeft UIInterfaceOrientationLandscapeRight UIInterfaceOrientationPortrait UIInterfaceOrientationPortraitUpsideDown";
				LD_RUNPATH_SEARCH_PATHS = (
					"$(inherited)",
					"@executable_path/Frameworks",
				);
				MARKETING_VERSION = 1.0;
				PRODUCT_BUNDLE_IDENTIFIER = com.eerimoq.Mobs;
				PRODUCT_NAME = "$(TARGET_NAME)";
				SWIFT_EMIT_LOC_STRINGS = YES;
				SWIFT_VERSION = 5.0;
				TARGETED_DEVICE_FAMILY = "1,2";
			};
			name = Release;
		};
/* End XCBuildConfiguration section */

/* Begin XCConfigurationList section */
		035E9E2E2A9A02D6009D4F5A /* Build configuration list for PBXProject "Mobs" */ = {
			isa = XCConfigurationList;
			buildConfigurations = (
				035E9E3F2A9A02D7009D4F5A /* Debug */,
				035E9E402A9A02D7009D4F5A /* Release */,
			);
			defaultConfigurationIsVisible = 0;
			defaultConfigurationName = Release;
		};
		035E9E412A9A02D7009D4F5A /* Build configuration list for PBXNativeTarget "Mobs" */ = {
			isa = XCConfigurationList;
			buildConfigurations = (
				035E9E422A9A02D7009D4F5A /* Debug */,
				035E9E432A9A02D7009D4F5A /* Release */,
			);
			defaultConfigurationIsVisible = 0;
			defaultConfigurationName = Release;
		};
/* End XCConfigurationList section */

/* Begin XCRemoteSwiftPackageReference section */
		03A983402A9A03D3008FF0DB /* XCRemoteSwiftPackageReference "twitch-chat" */ = {
			isa = XCRemoteSwiftPackageReference;
			repositoryURL = "https://github.com/eerimoq/twitch-chat";
			requirement = {
				branch = trunk;
				kind = branch;
			};
		};
		03A983432A9A03EA008FF0DB /* XCRemoteSwiftPackageReference "HaishinKit" */ = {
			isa = XCRemoteSwiftPackageReference;
			repositoryURL = "https://github.com/eerimoq/HaishinKit.swift";
			requirement = {
				branch = main;
				kind = branch;
			};
		};
/* End XCRemoteSwiftPackageReference section */

/* Begin XCSwiftPackageProductDependency section */
		03A983412A9A03D3008FF0DB /* TwitchChat */ = {
			isa = XCSwiftPackageProductDependency;
			package = 03A983402A9A03D3008FF0DB /* XCRemoteSwiftPackageReference "twitch-chat" */;
			productName = TwitchChat;
		};
		03A983442A9A03EA008FF0DB /* HaishinKit */ = {
			isa = XCSwiftPackageProductDependency;
			package = 03A983432A9A03EA008FF0DB /* XCRemoteSwiftPackageReference "HaishinKit" */;
			productName = HaishinKit;
		};
/* End XCSwiftPackageProductDependency section */
	};
	rootObject = 035E9E2B2A9A02D6009D4F5A /* Project object */;
}
