// !$*UTF8*$!
{
	archiveVersion = 1;
	classes = {
	};
	objectVersion = 56;
	objects = {

/* Begin PBXBuildFile section */
		030947C32A9C0496003FC387 /* StreamOverlayChatView.swift in Sources */ = {isa = PBXBuildFile; fileRef = 030947C22A9C0496003FC387 /* StreamOverlayChatView.swift */; };
		0315A33B2AA2FA7100295443 /* LocalListener.swift in Sources */ = {isa = PBXBuildFile; fileRef = 0315A33A2AA2FA7100295443 /* LocalListener.swift */; };
		0315A33D2AA2FA7D00295443 /* RemoteConnection.swift in Sources */ = {isa = PBXBuildFile; fileRef = 0315A33C2AA2FA7D00295443 /* RemoteConnection.swift */; };
		0315A33F2AA3173000295443 /* DummySender.swift in Sources */ = {isa = PBXBuildFile; fileRef = 0315A33E2AA3173000295443 /* DummySender.swift */; };
		0315A3442AA31D0100295443 /* StreamRtmpSettingsView.swift in Sources */ = {isa = PBXBuildFile; fileRef = 0315A3432AA31D0100295443 /* StreamRtmpSettingsView.swift */; };
		0315A3462AA31E9000295443 /* StreamTwitchSettingsView.swift in Sources */ = {isa = PBXBuildFile; fileRef = 0315A3452AA31E9000295443 /* StreamTwitchSettingsView.swift */; };
		0315A3572AA3261900295443 /* StreamSrtSettingsView.swift in Sources */ = {isa = PBXBuildFile; fileRef = 0315A3562AA3261900295443 /* StreamSrtSettingsView.swift */; };
		0315A3622AA33A2C00295443 /* WidgetTextSettingsView.swift in Sources */ = {isa = PBXBuildFile; fileRef = 0315A3612AA33A2C00295443 /* WidgetTextSettingsView.swift */; };
		0315A3672AA33C6A00295443 /* WidgetImageSettingsView.swift in Sources */ = {isa = PBXBuildFile; fileRef = 0315A3662AA33C6A00295443 /* WidgetImageSettingsView.swift */; };
		0315A36C2AA33F2100295443 /* WidgetCameraSettingsView.swift in Sources */ = {isa = PBXBuildFile; fileRef = 0315A36B2AA33F2100295443 /* WidgetCameraSettingsView.swift */; };
		0315A36E2AA33F3400295443 /* WidgetCameraDirectionSettingsView.swift in Sources */ = {isa = PBXBuildFile; fileRef = 0315A36D2AA33F3400295443 /* WidgetCameraDirectionSettingsView.swift */; };
		0315A3702AA3771F00295443 /* SceneWidgetSettingsView.swift in Sources */ = {isa = PBXBuildFile; fileRef = 0315A36F2AA3771F00295443 /* SceneWidgetSettingsView.swift */; };
		0315A37A2AA39DA800295443 /* TextItemView.swift in Sources */ = {isa = PBXBuildFile; fileRef = 0315A3792AA39DA800295443 /* TextItemView.swift */; };
		0315A37C2AA439B500295443 /* NameEditView.swift in Sources */ = {isa = PBXBuildFile; fileRef = 0315A37B2AA439B500295443 /* NameEditView.swift */; };
		0315A37E2AA43DCC00295443 /* TextEditView.swift in Sources */ = {isa = PBXBuildFile; fileRef = 0315A37D2AA43DCC00295443 /* TextEditView.swift */; };
		035D371E2AB039C800045B92 /* StreamVideoCodecSettingsView.swift in Sources */ = {isa = PBXBuildFile; fileRef = 035D371D2AB039C800045B92 /* StreamVideoCodecSettingsView.swift */; };
		035E9E372A9A02D6009D4F5A /* MobsApp.swift in Sources */ = {isa = PBXBuildFile; fileRef = 035E9E362A9A02D6009D4F5A /* MobsApp.swift */; };
		035E9E3B2A9A02D7009D4F5A /* Assets.xcassets in Resources */ = {isa = PBXBuildFile; fileRef = 035E9E3A2A9A02D7009D4F5A /* Assets.xcassets */; };
		035E9E3E2A9A02D7009D4F5A /* Preview Assets.xcassets in Resources */ = {isa = PBXBuildFile; fileRef = 035E9E3D2A9A02D7009D4F5A /* Preview Assets.xcassets */; };
		036333282AAE2E5100FF1231 /* ImageStorage.swift in Sources */ = {isa = PBXBuildFile; fileRef = 036333272AAE2E5100FF1231 /* ImageStorage.swift */; };
		0379BB762AA6345400B718B6 /* ButtonSettingsView.swift in Sources */ = {isa = PBXBuildFile; fileRef = 0379BB752AA6345400B718B6 /* ButtonSettingsView.swift */; };
		0379BB792AA64C9500B718B6 /* WidgetVideoEffectSettingsView.swift in Sources */ = {isa = PBXBuildFile; fileRef = 0379BB782AA64C9500B718B6 /* WidgetVideoEffectSettingsView.swift */; };
		0379BB7E2AA7C55000B718B6 /* ButtonImagePickerSettingsView.swift in Sources */ = {isa = PBXBuildFile; fileRef = 0379BB7D2AA7C55000B718B6 /* ButtonImagePickerSettingsView.swift */; };
		0379BB862AA8363E00B718B6 /* StreamVideoResolutionSettingsView.swift in Sources */ = {isa = PBXBuildFile; fileRef = 0379BB852AA8363E00B718B6 /* StreamVideoResolutionSettingsView.swift */; };
		0379BB882AA836B500B718B6 /* StreamVideoSettingsView.swift in Sources */ = {isa = PBXBuildFile; fileRef = 0379BB872AA836B500B718B6 /* StreamVideoSettingsView.swift */; };
		0379BB8A2AA83A8B00B718B6 /* StreamVideoFpsSettingsView.swift in Sources */ = {isa = PBXBuildFile; fileRef = 0379BB892AA83A8B00B718B6 /* StreamVideoFpsSettingsView.swift */; };
		0379BB8C2AA904BB00B718B6 /* SensitiveUrlEditView.swift in Sources */ = {isa = PBXBuildFile; fileRef = 0379BB8B2AA904BB00B718B6 /* SensitiveUrlEditView.swift */; };
		0379BB8E2AA90D1900B718B6 /* DebugLogSettingsView.swift in Sources */ = {isa = PBXBuildFile; fileRef = 0379BB8D2AA90D1900B718B6 /* DebugLogSettingsView.swift */; };
		0379BB902AABA7DC00B718B6 /* Log.swift in Sources */ = {isa = PBXBuildFile; fileRef = 0379BB8F2AABA7DC00B718B6 /* Log.swift */; };
		0379BB922AABAA6600B718B6 /* Location.swift in Sources */ = {isa = PBXBuildFile; fileRef = 0379BB912AABAA6600B718B6 /* Location.swift */; };
		0379BB942AACF16600B718B6 /* SeipaEffect.swift in Sources */ = {isa = PBXBuildFile; fileRef = 0379BB932AACF16600B718B6 /* SeipaEffect.swift */; };
		0379BB962AACF2D700B718B6 /* BloomEffect.swift in Sources */ = {isa = PBXBuildFile; fileRef = 0379BB952AACF2D700B718B6 /* BloomEffect.swift */; };
		0379BB9C2AAD819800B718B6 /* StreamOverlayLeftView.swift in Sources */ = {isa = PBXBuildFile; fileRef = 0379BB9B2AAD819800B718B6 /* StreamOverlayLeftView.swift */; };
		0379BB9E2AAD81AA00B718B6 /* StreamOverlayRightView.swift in Sources */ = {isa = PBXBuildFile; fileRef = 0379BB9D2AAD81AA00B718B6 /* StreamOverlayRightView.swift */; };
		0379BBA02AAD823900B718B6 /* StreamOverlayTextView.swift in Sources */ = {isa = PBXBuildFile; fileRef = 0379BB9F2AAD823900B718B6 /* StreamOverlayTextView.swift */; };
		0379BBA22AAD824600B718B6 /* StreamOverlayIconAndTextView.swift in Sources */ = {isa = PBXBuildFile; fileRef = 0379BBA12AAD824600B718B6 /* StreamOverlayIconAndTextView.swift */; };
		0379BBA52AAD945D00B718B6 /* LocalOverlaysSettingsView.swift in Sources */ = {isa = PBXBuildFile; fileRef = 0379BBA42AAD945D00B718B6 /* LocalOverlaysSettingsView.swift */; };
		0379BBAA2AAD953200B718B6 /* HelpAndSupportSettingsView.swift in Sources */ = {isa = PBXBuildFile; fileRef = 0379BBA92AAD953200B718B6 /* HelpAndSupportSettingsView.swift */; };
		0379BBAD2AAD964000B718B6 /* AboutSettingsView.swift in Sources */ = {isa = PBXBuildFile; fileRef = 0379BBAC2AAD964000B718B6 /* AboutSettingsView.swift */; };
		0379BBAF2AAD96B200B718B6 /* DebugSettingsView.swift in Sources */ = {isa = PBXBuildFile; fileRef = 0379BBAE2AAD96B200B718B6 /* DebugSettingsView.swift */; };
		0379BBB22AAD97FB00B718B6 /* ResetSettingsView.swift in Sources */ = {isa = PBXBuildFile; fileRef = 0379BBB12AAD97FB00B718B6 /* ResetSettingsView.swift */; };
		0379BBB62AAD9B5B00B718B6 /* ButtonsSettingsView.swift in Sources */ = {isa = PBXBuildFile; fileRef = 0379BBB52AAD9B5B00B718B6 /* ButtonsSettingsView.swift */; };
		0379BBB82AAD9B7200B718B6 /* WidgetsSettingsView.swift in Sources */ = {isa = PBXBuildFile; fileRef = 0379BBB72AAD9B7200B718B6 /* WidgetsSettingsView.swift */; };
		0379BBBB2AADC3D900B718B6 /* LicenseList in Frameworks */ = {isa = PBXBuildFile; productRef = 0379BBBA2AADC3D900B718B6 /* LicenseList */; };
		0379BBC02AADC4EC00B718B6 /* AboutLicensesSettingsView.swift in Sources */ = {isa = PBXBuildFile; fileRef = 0379BBBF2AADC4EC00B718B6 /* AboutLicensesSettingsView.swift */; };
		0382933B2A9A73ED008963AA /* Settings.swift in Sources */ = {isa = PBXBuildFile; fileRef = 0382933A2A9A73ED008963AA /* Settings.swift */; };
		03A983422A9A03D3008FF0DB /* TwitchChat in Frameworks */ = {isa = PBXBuildFile; productRef = 03A983412A9A03D3008FF0DB /* TwitchChat */; };
		03A983452A9A03EA008FF0DB /* HaishinKit in Frameworks */ = {isa = PBXBuildFile; productRef = 03A983442A9A03EA008FF0DB /* HaishinKit */; };
		03A983612A9A05D7008FF0DB /* StreamsSettingsView.swift in Sources */ = {isa = PBXBuildFile; fileRef = 03A983552A9A05D7008FF0DB /* StreamsSettingsView.swift */; };
		03A983622A9A05D7008FF0DB /* MainView.swift in Sources */ = {isa = PBXBuildFile; fileRef = 03A983562A9A05D7008FF0DB /* MainView.swift */; };
		03A983632A9A05D7008FF0DB /* SettingsView.swift in Sources */ = {isa = PBXBuildFile; fileRef = 03A983572A9A05D7008FF0DB /* SettingsView.swift */; };
		03A983642A9A05D7008FF0DB /* StreamView.swift in Sources */ = {isa = PBXBuildFile; fileRef = 03A983582A9A05D7008FF0DB /* StreamView.swift */; };
		03A983652A9A05D7008FF0DB /* StreamSettingsView.swift in Sources */ = {isa = PBXBuildFile; fileRef = 03A983592A9A05D7008FF0DB /* StreamSettingsView.swift */; };
		03A983662A9A05D7008FF0DB /* AddButtonView.swift in Sources */ = {isa = PBXBuildFile; fileRef = 03A9835A2A9A05D7008FF0DB /* AddButtonView.swift */; };
		03A983672A9A05D7008FF0DB /* ScenesSettingsView.swift in Sources */ = {isa = PBXBuildFile; fileRef = 03A9835B2A9A05D7008FF0DB /* ScenesSettingsView.swift */; };
		03A983682A9A05D7008FF0DB /* SceneSettingsView.swift in Sources */ = {isa = PBXBuildFile; fileRef = 03A9835C2A9A05D7008FF0DB /* SceneSettingsView.swift */; };
		03A983692A9A05D7008FF0DB /* CreateButtonView.swift in Sources */ = {isa = PBXBuildFile; fileRef = 03A9835D2A9A05D7008FF0DB /* CreateButtonView.swift */; };
		03A9836A2A9A05D7008FF0DB /* VariableSettingsView.swift in Sources */ = {isa = PBXBuildFile; fileRef = 03A9835E2A9A05D7008FF0DB /* VariableSettingsView.swift */; };
		03A9836B2A9A05D7008FF0DB /* StreamOverlayView.swift in Sources */ = {isa = PBXBuildFile; fileRef = 03A9835F2A9A05D7008FF0DB /* StreamOverlayView.swift */; };
		03A9836C2A9A05D7008FF0DB /* WidgetSettingsView.swift in Sources */ = {isa = PBXBuildFile; fileRef = 03A983602A9A05D7008FF0DB /* WidgetSettingsView.swift */; };
		03A9836E2A9A05F9008FF0DB /* Model.swift in Sources */ = {isa = PBXBuildFile; fileRef = 03A9836D2A9A05F9008FF0DB /* Model.swift */; };
		03A983712A9A0659008FF0DB /* TwitchPubSub.swift in Sources */ = {isa = PBXBuildFile; fileRef = 03A9836F2A9A0659008FF0DB /* TwitchPubSub.swift */; };
		03A983722A9A0659008FF0DB /* TwitchChatMobs.swift in Sources */ = {isa = PBXBuildFile; fileRef = 03A983702A9A0659008FF0DB /* TwitchChatMobs.swift */; };
		03B373F62A9EF98E0028DDD5 /* ControlBarView.swift in Sources */ = {isa = PBXBuildFile; fileRef = 03B373F52A9EF98E0028DDD5 /* ControlBarView.swift */; };
		03B373F92A9EFB340028DDD5 /* BatteryView.swift in Sources */ = {isa = PBXBuildFile; fileRef = 03B373F82A9EFB340028DDD5 /* BatteryView.swift */; };
		03B373FB2A9EFB910028DDD5 /* ZoomView.swift in Sources */ = {isa = PBXBuildFile; fileRef = 03B373FA2A9EFB910028DDD5 /* ZoomView.swift */; };
		03B373FD2A9F35EF0028DDD5 /* Utils.swift in Sources */ = {isa = PBXBuildFile; fileRef = 03B373FC2A9F35EF0028DDD5 /* Utils.swift */; };
		03B373FF2A9FCA790028DDD5 /* ThermalStateView.swift in Sources */ = {isa = PBXBuildFile; fileRef = 03B373FE2A9FCA790028DDD5 /* ThermalStateView.swift */; };
		03B374022AA0354C0028DDD5 /* GrayScaleEffect.swift in Sources */ = {isa = PBXBuildFile; fileRef = 03B374012AA0354C0028DDD5 /* GrayScaleEffect.swift */; };
		03B374042AA036D10028DDD5 /* ButtonsView.swift in Sources */ = {isa = PBXBuildFile; fileRef = 03B374032AA036D10028DDD5 /* ButtonsView.swift */; };
		03B374072AA0EA650028DDD5 /* MovieEffect.swift in Sources */ = {isa = PBXBuildFile; fileRef = 03B374062AA0EA650028DDD5 /* MovieEffect.swift */; };
		03B374092AA0EA700028DDD5 /* ImageEffect.swift in Sources */ = {isa = PBXBuildFile; fileRef = 03B374082AA0EA700028DDD5 /* ImageEffect.swift */; };
		03B374132AA277570028DDD5 /* Srtla.swift in Sources */ = {isa = PBXBuildFile; fileRef = 03B374122AA277570028DDD5 /* Srtla.swift */; };
/* End PBXBuildFile section */

/* Begin PBXFileReference section */
		030947C22A9C0496003FC387 /* StreamOverlayChatView.swift */ = {isa = PBXFileReference; lastKnownFileType = sourcecode.swift; path = StreamOverlayChatView.swift; sourceTree = "<group>"; };
		0315A33A2AA2FA7100295443 /* LocalListener.swift */ = {isa = PBXFileReference; lastKnownFileType = sourcecode.swift; path = LocalListener.swift; sourceTree = "<group>"; };
		0315A33C2AA2FA7D00295443 /* RemoteConnection.swift */ = {isa = PBXFileReference; lastKnownFileType = sourcecode.swift; path = RemoteConnection.swift; sourceTree = "<group>"; };
		0315A33E2AA3173000295443 /* DummySender.swift */ = {isa = PBXFileReference; lastKnownFileType = sourcecode.swift; path = DummySender.swift; sourceTree = "<group>"; };
		0315A3432AA31D0100295443 /* StreamRtmpSettingsView.swift */ = {isa = PBXFileReference; lastKnownFileType = sourcecode.swift; path = StreamRtmpSettingsView.swift; sourceTree = "<group>"; };
		0315A3452AA31E9000295443 /* StreamTwitchSettingsView.swift */ = {isa = PBXFileReference; lastKnownFileType = sourcecode.swift; path = StreamTwitchSettingsView.swift; sourceTree = "<group>"; };
		0315A3562AA3261900295443 /* StreamSrtSettingsView.swift */ = {isa = PBXFileReference; lastKnownFileType = sourcecode.swift; path = StreamSrtSettingsView.swift; sourceTree = "<group>"; };
		0315A3612AA33A2C00295443 /* WidgetTextSettingsView.swift */ = {isa = PBXFileReference; lastKnownFileType = sourcecode.swift; path = WidgetTextSettingsView.swift; sourceTree = "<group>"; };
		0315A3662AA33C6A00295443 /* WidgetImageSettingsView.swift */ = {isa = PBXFileReference; lastKnownFileType = sourcecode.swift; path = WidgetImageSettingsView.swift; sourceTree = "<group>"; };
		0315A36B2AA33F2100295443 /* WidgetCameraSettingsView.swift */ = {isa = PBXFileReference; lastKnownFileType = sourcecode.swift; path = WidgetCameraSettingsView.swift; sourceTree = "<group>"; };
		0315A36D2AA33F3400295443 /* WidgetCameraDirectionSettingsView.swift */ = {isa = PBXFileReference; lastKnownFileType = sourcecode.swift; path = WidgetCameraDirectionSettingsView.swift; sourceTree = "<group>"; };
		0315A36F2AA3771F00295443 /* SceneWidgetSettingsView.swift */ = {isa = PBXFileReference; lastKnownFileType = sourcecode.swift; path = SceneWidgetSettingsView.swift; sourceTree = "<group>"; };
		0315A3792AA39DA800295443 /* TextItemView.swift */ = {isa = PBXFileReference; lastKnownFileType = sourcecode.swift; path = TextItemView.swift; sourceTree = "<group>"; };
		0315A37B2AA439B500295443 /* NameEditView.swift */ = {isa = PBXFileReference; lastKnownFileType = sourcecode.swift; path = NameEditView.swift; sourceTree = "<group>"; };
		0315A37D2AA43DCC00295443 /* TextEditView.swift */ = {isa = PBXFileReference; lastKnownFileType = sourcecode.swift; path = TextEditView.swift; sourceTree = "<group>"; };
		035D371D2AB039C800045B92 /* StreamVideoCodecSettingsView.swift */ = {isa = PBXFileReference; lastKnownFileType = sourcecode.swift; path = StreamVideoCodecSettingsView.swift; sourceTree = "<group>"; };
		035E9E332A9A02D6009D4F5A /* Mobs.app */ = {isa = PBXFileReference; explicitFileType = wrapper.application; includeInIndex = 0; path = Mobs.app; sourceTree = BUILT_PRODUCTS_DIR; };
		035E9E362A9A02D6009D4F5A /* MobsApp.swift */ = {isa = PBXFileReference; lastKnownFileType = sourcecode.swift; path = MobsApp.swift; sourceTree = "<group>"; };
		035E9E3A2A9A02D7009D4F5A /* Assets.xcassets */ = {isa = PBXFileReference; lastKnownFileType = folder.assetcatalog; path = Assets.xcassets; sourceTree = "<group>"; };
		035E9E3D2A9A02D7009D4F5A /* Preview Assets.xcassets */ = {isa = PBXFileReference; lastKnownFileType = folder.assetcatalog; path = "Preview Assets.xcassets"; sourceTree = "<group>"; };
		036333272AAE2E5100FF1231 /* ImageStorage.swift */ = {isa = PBXFileReference; lastKnownFileType = sourcecode.swift; path = ImageStorage.swift; sourceTree = "<group>"; };
		0379BB752AA6345400B718B6 /* ButtonSettingsView.swift */ = {isa = PBXFileReference; lastKnownFileType = sourcecode.swift; path = ButtonSettingsView.swift; sourceTree = "<group>"; };
		0379BB782AA64C9500B718B6 /* WidgetVideoEffectSettingsView.swift */ = {isa = PBXFileReference; lastKnownFileType = sourcecode.swift; path = WidgetVideoEffectSettingsView.swift; sourceTree = "<group>"; };
		0379BB7D2AA7C55000B718B6 /* ButtonImagePickerSettingsView.swift */ = {isa = PBXFileReference; lastKnownFileType = sourcecode.swift; path = ButtonImagePickerSettingsView.swift; sourceTree = "<group>"; };
		0379BB852AA8363E00B718B6 /* StreamVideoResolutionSettingsView.swift */ = {isa = PBXFileReference; lastKnownFileType = sourcecode.swift; path = StreamVideoResolutionSettingsView.swift; sourceTree = "<group>"; };
		0379BB872AA836B500B718B6 /* StreamVideoSettingsView.swift */ = {isa = PBXFileReference; lastKnownFileType = sourcecode.swift; path = StreamVideoSettingsView.swift; sourceTree = "<group>"; };
		0379BB892AA83A8B00B718B6 /* StreamVideoFpsSettingsView.swift */ = {isa = PBXFileReference; lastKnownFileType = sourcecode.swift; path = StreamVideoFpsSettingsView.swift; sourceTree = "<group>"; };
		0379BB8B2AA904BB00B718B6 /* SensitiveUrlEditView.swift */ = {isa = PBXFileReference; lastKnownFileType = sourcecode.swift; path = SensitiveUrlEditView.swift; sourceTree = "<group>"; };
		0379BB8D2AA90D1900B718B6 /* DebugLogSettingsView.swift */ = {isa = PBXFileReference; lastKnownFileType = sourcecode.swift; path = DebugLogSettingsView.swift; sourceTree = "<group>"; };
		0379BB8F2AABA7DC00B718B6 /* Log.swift */ = {isa = PBXFileReference; lastKnownFileType = sourcecode.swift; path = Log.swift; sourceTree = "<group>"; };
		0379BB912AABAA6600B718B6 /* Location.swift */ = {isa = PBXFileReference; lastKnownFileType = sourcecode.swift; path = Location.swift; sourceTree = "<group>"; };
		0379BB932AACF16600B718B6 /* SeipaEffect.swift */ = {isa = PBXFileReference; lastKnownFileType = sourcecode.swift; path = SeipaEffect.swift; sourceTree = "<group>"; };
		0379BB952AACF2D700B718B6 /* BloomEffect.swift */ = {isa = PBXFileReference; lastKnownFileType = sourcecode.swift; path = BloomEffect.swift; sourceTree = "<group>"; };
		0379BB9B2AAD819800B718B6 /* StreamOverlayLeftView.swift */ = {isa = PBXFileReference; lastKnownFileType = sourcecode.swift; path = StreamOverlayLeftView.swift; sourceTree = "<group>"; };
		0379BB9D2AAD81AA00B718B6 /* StreamOverlayRightView.swift */ = {isa = PBXFileReference; lastKnownFileType = sourcecode.swift; path = StreamOverlayRightView.swift; sourceTree = "<group>"; };
		0379BB9F2AAD823900B718B6 /* StreamOverlayTextView.swift */ = {isa = PBXFileReference; lastKnownFileType = sourcecode.swift; path = StreamOverlayTextView.swift; sourceTree = "<group>"; };
		0379BBA12AAD824600B718B6 /* StreamOverlayIconAndTextView.swift */ = {isa = PBXFileReference; lastKnownFileType = sourcecode.swift; path = StreamOverlayIconAndTextView.swift; sourceTree = "<group>"; };
		0379BBA42AAD945D00B718B6 /* LocalOverlaysSettingsView.swift */ = {isa = PBXFileReference; lastKnownFileType = sourcecode.swift; path = LocalOverlaysSettingsView.swift; sourceTree = "<group>"; };
		0379BBA92AAD953200B718B6 /* HelpAndSupportSettingsView.swift */ = {isa = PBXFileReference; lastKnownFileType = sourcecode.swift; path = HelpAndSupportSettingsView.swift; sourceTree = "<group>"; };
		0379BBAC2AAD964000B718B6 /* AboutSettingsView.swift */ = {isa = PBXFileReference; lastKnownFileType = sourcecode.swift; path = AboutSettingsView.swift; sourceTree = "<group>"; };
		0379BBAE2AAD96B200B718B6 /* DebugSettingsView.swift */ = {isa = PBXFileReference; lastKnownFileType = sourcecode.swift; path = DebugSettingsView.swift; sourceTree = "<group>"; };
		0379BBB12AAD97FB00B718B6 /* ResetSettingsView.swift */ = {isa = PBXFileReference; lastKnownFileType = sourcecode.swift; path = ResetSettingsView.swift; sourceTree = "<group>"; };
		0379BBB52AAD9B5B00B718B6 /* ButtonsSettingsView.swift */ = {isa = PBXFileReference; lastKnownFileType = sourcecode.swift; path = ButtonsSettingsView.swift; sourceTree = "<group>"; };
		0379BBB72AAD9B7200B718B6 /* WidgetsSettingsView.swift */ = {isa = PBXFileReference; lastKnownFileType = sourcecode.swift; path = WidgetsSettingsView.swift; sourceTree = "<group>"; };
		0379BBBF2AADC4EC00B718B6 /* AboutLicensesSettingsView.swift */ = {isa = PBXFileReference; lastKnownFileType = sourcecode.swift; path = AboutLicensesSettingsView.swift; sourceTree = "<group>"; };
		0382933A2A9A73ED008963AA /* Settings.swift */ = {isa = PBXFileReference; lastKnownFileType = sourcecode.swift; path = Settings.swift; sourceTree = "<group>"; };
		03A983552A9A05D7008FF0DB /* StreamsSettingsView.swift */ = {isa = PBXFileReference; fileEncoding = 4; lastKnownFileType = sourcecode.swift; path = StreamsSettingsView.swift; sourceTree = "<group>"; };
		03A983562A9A05D7008FF0DB /* MainView.swift */ = {isa = PBXFileReference; fileEncoding = 4; lastKnownFileType = sourcecode.swift; path = MainView.swift; sourceTree = "<group>"; };
		03A983572A9A05D7008FF0DB /* SettingsView.swift */ = {isa = PBXFileReference; fileEncoding = 4; lastKnownFileType = sourcecode.swift; path = SettingsView.swift; sourceTree = "<group>"; };
		03A983582A9A05D7008FF0DB /* StreamView.swift */ = {isa = PBXFileReference; fileEncoding = 4; lastKnownFileType = sourcecode.swift; path = StreamView.swift; sourceTree = "<group>"; };
		03A983592A9A05D7008FF0DB /* StreamSettingsView.swift */ = {isa = PBXFileReference; fileEncoding = 4; lastKnownFileType = sourcecode.swift; path = StreamSettingsView.swift; sourceTree = "<group>"; };
		03A9835A2A9A05D7008FF0DB /* AddButtonView.swift */ = {isa = PBXFileReference; fileEncoding = 4; lastKnownFileType = sourcecode.swift; path = AddButtonView.swift; sourceTree = "<group>"; };
		03A9835B2A9A05D7008FF0DB /* ScenesSettingsView.swift */ = {isa = PBXFileReference; fileEncoding = 4; lastKnownFileType = sourcecode.swift; path = ScenesSettingsView.swift; sourceTree = "<group>"; };
		03A9835C2A9A05D7008FF0DB /* SceneSettingsView.swift */ = {isa = PBXFileReference; fileEncoding = 4; lastKnownFileType = sourcecode.swift; path = SceneSettingsView.swift; sourceTree = "<group>"; };
		03A9835D2A9A05D7008FF0DB /* CreateButtonView.swift */ = {isa = PBXFileReference; fileEncoding = 4; lastKnownFileType = sourcecode.swift; path = CreateButtonView.swift; sourceTree = "<group>"; };
		03A9835E2A9A05D7008FF0DB /* VariableSettingsView.swift */ = {isa = PBXFileReference; fileEncoding = 4; lastKnownFileType = sourcecode.swift; path = VariableSettingsView.swift; sourceTree = "<group>"; };
		03A9835F2A9A05D7008FF0DB /* StreamOverlayView.swift */ = {isa = PBXFileReference; fileEncoding = 4; lastKnownFileType = sourcecode.swift; path = StreamOverlayView.swift; sourceTree = "<group>"; };
		03A983602A9A05D7008FF0DB /* WidgetSettingsView.swift */ = {isa = PBXFileReference; fileEncoding = 4; lastKnownFileType = sourcecode.swift; path = WidgetSettingsView.swift; sourceTree = "<group>"; };
		03A9836D2A9A05F9008FF0DB /* Model.swift */ = {isa = PBXFileReference; fileEncoding = 4; lastKnownFileType = sourcecode.swift; path = Model.swift; sourceTree = "<group>"; };
		03A9836F2A9A0659008FF0DB /* TwitchPubSub.swift */ = {isa = PBXFileReference; fileEncoding = 4; lastKnownFileType = sourcecode.swift; path = TwitchPubSub.swift; sourceTree = "<group>"; };
		03A983702A9A0659008FF0DB /* TwitchChatMobs.swift */ = {isa = PBXFileReference; fileEncoding = 4; lastKnownFileType = sourcecode.swift; path = TwitchChatMobs.swift; sourceTree = "<group>"; };
		03B373F52A9EF98E0028DDD5 /* ControlBarView.swift */ = {isa = PBXFileReference; lastKnownFileType = sourcecode.swift; path = ControlBarView.swift; sourceTree = "<group>"; };
		03B373F82A9EFB340028DDD5 /* BatteryView.swift */ = {isa = PBXFileReference; lastKnownFileType = sourcecode.swift; path = BatteryView.swift; sourceTree = "<group>"; };
		03B373FA2A9EFB910028DDD5 /* ZoomView.swift */ = {isa = PBXFileReference; lastKnownFileType = sourcecode.swift; path = ZoomView.swift; sourceTree = "<group>"; };
		03B373FC2A9F35EF0028DDD5 /* Utils.swift */ = {isa = PBXFileReference; lastKnownFileType = sourcecode.swift; path = Utils.swift; sourceTree = "<group>"; };
		03B373FE2A9FCA790028DDD5 /* ThermalStateView.swift */ = {isa = PBXFileReference; lastKnownFileType = sourcecode.swift; path = ThermalStateView.swift; sourceTree = "<group>"; };
		03B374012AA0354C0028DDD5 /* GrayScaleEffect.swift */ = {isa = PBXFileReference; lastKnownFileType = sourcecode.swift; path = GrayScaleEffect.swift; sourceTree = "<group>"; };
		03B374032AA036D10028DDD5 /* ButtonsView.swift */ = {isa = PBXFileReference; lastKnownFileType = sourcecode.swift; path = ButtonsView.swift; sourceTree = "<group>"; };
		03B374062AA0EA650028DDD5 /* MovieEffect.swift */ = {isa = PBXFileReference; lastKnownFileType = sourcecode.swift; path = MovieEffect.swift; sourceTree = "<group>"; };
		03B374082AA0EA700028DDD5 /* ImageEffect.swift */ = {isa = PBXFileReference; lastKnownFileType = sourcecode.swift; path = ImageEffect.swift; sourceTree = "<group>"; };
		03B374122AA277570028DDD5 /* Srtla.swift */ = {isa = PBXFileReference; lastKnownFileType = sourcecode.swift; path = Srtla.swift; sourceTree = "<group>"; };
/* End PBXFileReference section */

/* Begin PBXFrameworksBuildPhase section */
		035E9E302A9A02D6009D4F5A /* Frameworks */ = {
			isa = PBXFrameworksBuildPhase;
			buildActionMask = 2147483647;
			files = (
				03A983452A9A03EA008FF0DB /* HaishinKit in Frameworks */,
				03A983422A9A03D3008FF0DB /* TwitchChat in Frameworks */,
				0379BBBB2AADC3D900B718B6 /* LicenseList in Frameworks */,
			);
			runOnlyForDeploymentPostprocessing = 0;
		};
/* End PBXFrameworksBuildPhase section */

/* Begin PBXGroup section */
		0315A3392AA2FA0A00295443 /* Srtla */ = {
			isa = PBXGroup;
			children = (
				03B374122AA277570028DDD5 /* Srtla.swift */,
				0315A33A2AA2FA7100295443 /* LocalListener.swift */,
				0315A33C2AA2FA7D00295443 /* RemoteConnection.swift */,
				0315A33E2AA3173000295443 /* DummySender.swift */,
			);
			path = Srtla;
			sourceTree = "<group>";
		};
		0315A3402AA31ADC00295443 /* Stream */ = {
			isa = PBXGroup;
			children = (
				0379BB842AA8362E00B718B6 /* Video */,
				0315A35D2AA32ADA00295443 /* Rtmp */,
				0315A3582AA3264800295443 /* Srt */,
				0315A3472AA31EC800295443 /* Twitch */,
				03A983592A9A05D7008FF0DB /* StreamSettingsView.swift */,
			);
			path = Stream;
			sourceTree = "<group>";
		};
		0315A3472AA31EC800295443 /* Twitch */ = {
			isa = PBXGroup;
			children = (
				0315A3452AA31E9000295443 /* StreamTwitchSettingsView.swift */,
			);
			path = Twitch;
			sourceTree = "<group>";
		};
		0315A34C2AA3217500295443 /* Scene */ = {
			isa = PBXGroup;
			children = (
				03A9835C2A9A05D7008FF0DB /* SceneSettingsView.swift */,
				0315A36F2AA3771F00295443 /* SceneWidgetSettingsView.swift */,
			);
			path = Scene;
			sourceTree = "<group>";
		};
		0315A34F2AA322ED00295443 /* Utils */ = {
			isa = PBXGroup;
			children = (
				03A9835A2A9A05D7008FF0DB /* AddButtonView.swift */,
				03A9835D2A9A05D7008FF0DB /* CreateButtonView.swift */,
				0315A3792AA39DA800295443 /* TextItemView.swift */,
				0315A37B2AA439B500295443 /* NameEditView.swift */,
				0315A37D2AA43DCC00295443 /* TextEditView.swift */,
				0379BB8B2AA904BB00B718B6 /* SensitiveUrlEditView.swift */,
			);
			path = Utils;
			sourceTree = "<group>";
		};
		0315A3502AA3233000295443 /* Variable */ = {
			isa = PBXGroup;
			children = (
				03A9835E2A9A05D7008FF0DB /* VariableSettingsView.swift */,
			);
			path = Variable;
			sourceTree = "<group>";
		};
		0315A3512AA3233700295443 /* Widget */ = {
			isa = PBXGroup;
			children = (
				0379BB772AA64C7F00B718B6 /* VideoEffect */,
				0315A36A2AA33F0F00295443 /* Camera */,
				0315A3652AA33C5400295443 /* Image */,
				0315A3602AA33A1100295443 /* Text */,
				03A983602A9A05D7008FF0DB /* WidgetSettingsView.swift */,
			);
			path = Widget;
			sourceTree = "<group>";
		};
		0315A3582AA3264800295443 /* Srt */ = {
			isa = PBXGroup;
			children = (
				0315A3562AA3261900295443 /* StreamSrtSettingsView.swift */,
			);
			path = Srt;
			sourceTree = "<group>";
		};
		0315A35D2AA32ADA00295443 /* Rtmp */ = {
			isa = PBXGroup;
			children = (
				0315A3432AA31D0100295443 /* StreamRtmpSettingsView.swift */,
			);
			path = Rtmp;
			sourceTree = "<group>";
		};
		0315A3602AA33A1100295443 /* Text */ = {
			isa = PBXGroup;
			children = (
				0315A3612AA33A2C00295443 /* WidgetTextSettingsView.swift */,
			);
			path = Text;
			sourceTree = "<group>";
		};
		0315A3652AA33C5400295443 /* Image */ = {
			isa = PBXGroup;
			children = (
				0315A3662AA33C6A00295443 /* WidgetImageSettingsView.swift */,
			);
			path = Image;
			sourceTree = "<group>";
		};
		0315A36A2AA33F0F00295443 /* Camera */ = {
			isa = PBXGroup;
			children = (
				0315A36B2AA33F2100295443 /* WidgetCameraSettingsView.swift */,
				0315A36D2AA33F3400295443 /* WidgetCameraDirectionSettingsView.swift */,
			);
			path = Camera;
			sourceTree = "<group>";
		};
		035E9E2A2A9A02D6009D4F5A = {
			isa = PBXGroup;
			children = (
				035E9E352A9A02D6009D4F5A /* Mobs */,
				035E9E342A9A02D6009D4F5A /* Products */,
			);
			sourceTree = "<group>";
		};
		035E9E342A9A02D6009D4F5A /* Products */ = {
			isa = PBXGroup;
			children = (
				035E9E332A9A02D6009D4F5A /* Mobs.app */,
			);
			name = Products;
			sourceTree = "<group>";
		};
		035E9E352A9A02D6009D4F5A /* Mobs */ = {
			isa = PBXGroup;
			children = (
				0379BB712AA4BFA500B718B6 /* Twitch */,
				03B374052AA0EA370028DDD5 /* VideoEffects */,
				0315A3392AA2FA0A00295443 /* Srtla */,
				03A983542A9A0582008FF0DB /* View */,
				035E9E3C2A9A02D7009D4F5A /* Preview Content */,
				0379BB912AABAA6600B718B6 /* Location.swift */,
				0379BB8F2AABA7DC00B718B6 /* Log.swift */,
				036333272AAE2E5100FF1231 /* ImageStorage.swift */,
				035E9E362A9A02D6009D4F5A /* MobsApp.swift */,
				03A9836D2A9A05F9008FF0DB /* Model.swift */,
				0382933A2A9A73ED008963AA /* Settings.swift */,
				03B373FC2A9F35EF0028DDD5 /* Utils.swift */,
				035E9E3A2A9A02D7009D4F5A /* Assets.xcassets */,
			);
			path = Mobs;
			sourceTree = "<group>";
		};
		035E9E3C2A9A02D7009D4F5A /* Preview Content */ = {
			isa = PBXGroup;
			children = (
				035E9E3D2A9A02D7009D4F5A /* Preview Assets.xcassets */,
			);
			path = "Preview Content";
			sourceTree = "<group>";
		};
		0379BB712AA4BFA500B718B6 /* Twitch */ = {
			isa = PBXGroup;
			children = (
				03A9836F2A9A0659008FF0DB /* TwitchPubSub.swift */,
				03A983702A9A0659008FF0DB /* TwitchChatMobs.swift */,
			);
			path = Twitch;
			sourceTree = "<group>";
		};
		0379BB742AA6343E00B718B6 /* Button */ = {
			isa = PBXGroup;
			children = (
				0379BB752AA6345400B718B6 /* ButtonSettingsView.swift */,
				0379BB7D2AA7C55000B718B6 /* ButtonImagePickerSettingsView.swift */,
			);
			path = Button;
			sourceTree = "<group>";
		};
		0379BB772AA64C7F00B718B6 /* VideoEffect */ = {
			isa = PBXGroup;
			children = (
				0379BB782AA64C9500B718B6 /* WidgetVideoEffectSettingsView.swift */,
			);
			path = VideoEffect;
			sourceTree = "<group>";
		};
		0379BB842AA8362E00B718B6 /* Video */ = {
			isa = PBXGroup;
			children = (
				0379BB852AA8363E00B718B6 /* StreamVideoResolutionSettingsView.swift */,
				0379BB872AA836B500B718B6 /* StreamVideoSettingsView.swift */,
				0379BB892AA83A8B00B718B6 /* StreamVideoFpsSettingsView.swift */,
				035D371D2AB039C800045B92 /* StreamVideoCodecSettingsView.swift */,
			);
			path = Video;
			sourceTree = "<group>";
		};
		0379BB972AAD802C00B718B6 /* Scenes */ = {
			isa = PBXGroup;
			children = (
				0379BBB42AAD9B4A00B718B6 /* Buttons */,
				0379BBB32AAD9B4000B718B6 /* Widgets */,
				0315A3502AA3233000295443 /* Variable */,
				0315A34C2AA3217500295443 /* Scene */,
				03A9835B2A9A05D7008FF0DB /* ScenesSettingsView.swift */,
			);
			path = Scenes;
			sourceTree = "<group>";
		};
		0379BB982AAD804F00B718B6 /* Streams */ = {
			isa = PBXGroup;
			children = (
				0315A3402AA31ADC00295443 /* Stream */,
				03A983552A9A05D7008FF0DB /* StreamsSettingsView.swift */,
			);
			path = Streams;
			sourceTree = "<group>";
		};
		0379BB992AAD80AF00B718B6 /* Debug */ = {
			isa = PBXGroup;
			children = (
				0379BB8D2AA90D1900B718B6 /* DebugLogSettingsView.swift */,
				0379BBAE2AAD96B200B718B6 /* DebugSettingsView.swift */,
			);
			path = Debug;
			sourceTree = "<group>";
		};
		0379BB9A2AAD811100B718B6 /* Overlay */ = {
			isa = PBXGroup;
			children = (
				030947C22A9C0496003FC387 /* StreamOverlayChatView.swift */,
				0379BBA12AAD824600B718B6 /* StreamOverlayIconAndTextView.swift */,
				0379BB9B2AAD819800B718B6 /* StreamOverlayLeftView.swift */,
				0379BB9D2AAD81AA00B718B6 /* StreamOverlayRightView.swift */,
				0379BB9F2AAD823900B718B6 /* StreamOverlayTextView.swift */,
			);
			path = Overlay;
			sourceTree = "<group>";
		};
		0379BBA32AAD944000B718B6 /* LocalOverlays */ = {
			isa = PBXGroup;
			children = (
				0379BBA42AAD945D00B718B6 /* LocalOverlaysSettingsView.swift */,
			);
			path = LocalOverlays;
			sourceTree = "<group>";
		};
		0379BBA82AAD951400B718B6 /* HelpAndSupport */ = {
			isa = PBXGroup;
			children = (
				0379BBA92AAD953200B718B6 /* HelpAndSupportSettingsView.swift */,
			);
			path = HelpAndSupport;
			sourceTree = "<group>";
		};
		0379BBAB2AAD962700B718B6 /* About */ = {
			isa = PBXGroup;
			children = (
				0379BBAC2AAD964000B718B6 /* AboutSettingsView.swift */,
				0379BBBF2AADC4EC00B718B6 /* AboutLicensesSettingsView.swift */,
			);
			path = About;
			sourceTree = "<group>";
		};
		0379BBB02AAD97EA00B718B6 /* Reset */ = {
			isa = PBXGroup;
			children = (
				0379BBB12AAD97FB00B718B6 /* ResetSettingsView.swift */,
			);
			path = Reset;
			sourceTree = "<group>";
		};
		0379BBB32AAD9B4000B718B6 /* Widgets */ = {
			isa = PBXGroup;
			children = (
				0315A3512AA3233700295443 /* Widget */,
				0379BBB72AAD9B7200B718B6 /* WidgetsSettingsView.swift */,
			);
			path = Widgets;
			sourceTree = "<group>";
		};
		0379BBB42AAD9B4A00B718B6 /* Buttons */ = {
			isa = PBXGroup;
			children = (
				0379BB742AA6343E00B718B6 /* Button */,
				0379BBB52AAD9B5B00B718B6 /* ButtonsSettingsView.swift */,
			);
			path = Buttons;
			sourceTree = "<group>";
		};
		03A983542A9A0582008FF0DB /* View */ = {
			isa = PBXGroup;
			children = (
				0315A34F2AA322ED00295443 /* Utils */,
				03B373F42A9EF8BD0028DDD5 /* Settings */,
				03B374002A9FDEC80028DDD5 /* Stream */,
				03B373F72A9EFB1F0028DDD5 /* ControlBar */,
				03A983562A9A05D7008FF0DB /* MainView.swift */,
			);
			path = View;
			sourceTree = "<group>";
		};
		03B373F42A9EF8BD0028DDD5 /* Settings */ = {
			isa = PBXGroup;
			children = (
				0379BBB02AAD97EA00B718B6 /* Reset */,
				0379BBAB2AAD962700B718B6 /* About */,
				0379BBA82AAD951400B718B6 /* HelpAndSupport */,
				0379BBA32AAD944000B718B6 /* LocalOverlays */,
				0379BB992AAD80AF00B718B6 /* Debug */,
				0379BB982AAD804F00B718B6 /* Streams */,
				0379BB972AAD802C00B718B6 /* Scenes */,
				03A983572A9A05D7008FF0DB /* SettingsView.swift */,
			);
			path = Settings;
			sourceTree = "<group>";
		};
		03B373F72A9EFB1F0028DDD5 /* ControlBar */ = {
			isa = PBXGroup;
			children = (
				03B373F82A9EFB340028DDD5 /* BatteryView.swift */,
				03B374032AA036D10028DDD5 /* ButtonsView.swift */,
				03B373F52A9EF98E0028DDD5 /* ControlBarView.swift */,
				03B373FE2A9FCA790028DDD5 /* ThermalStateView.swift */,
				03B373FA2A9EFB910028DDD5 /* ZoomView.swift */,
			);
			path = ControlBar;
			sourceTree = "<group>";
		};
		03B374002A9FDEC80028DDD5 /* Stream */ = {
			isa = PBXGroup;
			children = (
				0379BB9A2AAD811100B718B6 /* Overlay */,
				03A9835F2A9A05D7008FF0DB /* StreamOverlayView.swift */,
				03A983582A9A05D7008FF0DB /* StreamView.swift */,
			);
			path = Stream;
			sourceTree = "<group>";
		};
		03B374052AA0EA370028DDD5 /* VideoEffects */ = {
			isa = PBXGroup;
			children = (
				03B374012AA0354C0028DDD5 /* GrayScaleEffect.swift */,
				03B374062AA0EA650028DDD5 /* MovieEffect.swift */,
				03B374082AA0EA700028DDD5 /* ImageEffect.swift */,
				0379BB932AACF16600B718B6 /* SeipaEffect.swift */,
				0379BB952AACF2D700B718B6 /* BloomEffect.swift */,
			);
			path = VideoEffects;
			sourceTree = "<group>";
		};
/* End PBXGroup section */

/* Begin PBXNativeTarget section */
		035E9E322A9A02D6009D4F5A /* Mobs */ = {
			isa = PBXNativeTarget;
			buildConfigurationList = 035E9E412A9A02D7009D4F5A /* Build configuration list for PBXNativeTarget "Mobs" */;
			buildPhases = (
				035E9E2F2A9A02D6009D4F5A /* Sources */,
				035E9E302A9A02D6009D4F5A /* Frameworks */,
				035E9E312A9A02D6009D4F5A /* Resources */,
			);
			buildRules = (
			);
			dependencies = (
				0379BBBD2AADC42000B718B6 /* PBXTargetDependency */,
			);
			name = Mobs;
			packageProductDependencies = (
				03A983412A9A03D3008FF0DB /* TwitchChat */,
				03A983442A9A03EA008FF0DB /* HaishinKit */,
				0379BBBA2AADC3D900B718B6 /* LicenseList */,
			);
			productName = Mobs;
			productReference = 035E9E332A9A02D6009D4F5A /* Mobs.app */;
			productType = "com.apple.product-type.application";
		};
/* End PBXNativeTarget section */

/* Begin PBXProject section */
		035E9E2B2A9A02D6009D4F5A /* Project object */ = {
			isa = PBXProject;
			attributes = {
				BuildIndependentTargetsInParallel = 1;
				LastSwiftUpdateCheck = 1430;
				LastUpgradeCheck = 1430;
				TargetAttributes = {
					035E9E322A9A02D6009D4F5A = {
						CreatedOnToolsVersion = 14.3.1;
					};
				};
			};
			buildConfigurationList = 035E9E2E2A9A02D6009D4F5A /* Build configuration list for PBXProject "Mobs" */;
			compatibilityVersion = "Xcode 14.0";
			developmentRegion = en;
			hasScannedForEncodings = 0;
			knownRegions = (
				en,
				Base,
			);
			mainGroup = 035E9E2A2A9A02D6009D4F5A;
			packageReferences = (
				03A983402A9A03D3008FF0DB /* XCRemoteSwiftPackageReference "twitch-chat" */,
				03A983432A9A03EA008FF0DB /* XCRemoteSwiftPackageReference "HaishinKit" */,
				0379BBB92AADC3D900B718B6 /* XCRemoteSwiftPackageReference "LicenseList" */,
			);
			productRefGroup = 035E9E342A9A02D6009D4F5A /* Products */;
			projectDirPath = "";
			projectRoot = "";
			targets = (
				035E9E322A9A02D6009D4F5A /* Mobs */,
			);
		};
/* End PBXProject section */

/* Begin PBXResourcesBuildPhase section */
		035E9E312A9A02D6009D4F5A /* Resources */ = {
			isa = PBXResourcesBuildPhase;
			buildActionMask = 2147483647;
			files = (
				035E9E3E2A9A02D7009D4F5A /* Preview Assets.xcassets in Resources */,
				035E9E3B2A9A02D7009D4F5A /* Assets.xcassets in Resources */,
			);
			runOnlyForDeploymentPostprocessing = 0;
		};
/* End PBXResourcesBuildPhase section */

/* Begin PBXSourcesBuildPhase section */
		035E9E2F2A9A02D6009D4F5A /* Sources */ = {
			isa = PBXSourcesBuildPhase;
			buildActionMask = 2147483647;
			files = (
				03A9836B2A9A05D7008FF0DB /* StreamOverlayView.swift in Sources */,
				0315A37A2AA39DA800295443 /* TextItemView.swift in Sources */,
				0315A36C2AA33F2100295443 /* WidgetCameraSettingsView.swift in Sources */,
				0379BB962AACF2D700B718B6 /* BloomEffect.swift in Sources */,
				0379BBA22AAD824600B718B6 /* StreamOverlayIconAndTextView.swift in Sources */,
				03A983712A9A0659008FF0DB /* TwitchPubSub.swift in Sources */,
				03A9836C2A9A05D7008FF0DB /* WidgetSettingsView.swift in Sources */,
				0315A3622AA33A2C00295443 /* WidgetTextSettingsView.swift in Sources */,
				0379BB882AA836B500B718B6 /* StreamVideoSettingsView.swift in Sources */,
				0315A33F2AA3173000295443 /* DummySender.swift in Sources */,
				03A983642A9A05D7008FF0DB /* StreamView.swift in Sources */,
				0379BB9C2AAD819800B718B6 /* StreamOverlayLeftView.swift in Sources */,
				0315A3672AA33C6A00295443 /* WidgetImageSettingsView.swift in Sources */,
				030947C32A9C0496003FC387 /* StreamOverlayChatView.swift in Sources */,
				03A983622A9A05D7008FF0DB /* MainView.swift in Sources */,
				03B374042AA036D10028DDD5 /* ButtonsView.swift in Sources */,
				0379BBB62AAD9B5B00B718B6 /* ButtonsSettingsView.swift in Sources */,
				0315A3462AA31E9000295443 /* StreamTwitchSettingsView.swift in Sources */,
				0379BBAF2AAD96B200B718B6 /* DebugSettingsView.swift in Sources */,
				03B373F92A9EFB340028DDD5 /* BatteryView.swift in Sources */,
				0379BB8A2AA83A8B00B718B6 /* StreamVideoFpsSettingsView.swift in Sources */,
				03B373FD2A9F35EF0028DDD5 /* Utils.swift in Sources */,
				035D371E2AB039C800045B92 /* StreamVideoCodecSettingsView.swift in Sources */,
				0379BBA02AAD823900B718B6 /* StreamOverlayTextView.swift in Sources */,
				03B374072AA0EA650028DDD5 /* MovieEffect.swift in Sources */,
				03A983652A9A05D7008FF0DB /* StreamSettingsView.swift in Sources */,
				0315A37C2AA439B500295443 /* NameEditView.swift in Sources */,
				03B373F62A9EF98E0028DDD5 /* ControlBarView.swift in Sources */,
				0379BB8E2AA90D1900B718B6 /* DebugLogSettingsView.swift in Sources */,
				0315A3572AA3261900295443 /* StreamSrtSettingsView.swift in Sources */,
				0382933B2A9A73ED008963AA /* Settings.swift in Sources */,
				03B374092AA0EA700028DDD5 /* ImageEffect.swift in Sources */,
				03A983692A9A05D7008FF0DB /* CreateButtonView.swift in Sources */,
				0315A36E2AA33F3400295443 /* WidgetCameraDirectionSettingsView.swift in Sources */,
				0315A3442AA31D0100295443 /* StreamRtmpSettingsView.swift in Sources */,
				0379BBC02AADC4EC00B718B6 /* AboutLicensesSettingsView.swift in Sources */,
				0379BBB22AAD97FB00B718B6 /* ResetSettingsView.swift in Sources */,
				0379BBB82AAD9B7200B718B6 /* WidgetsSettingsView.swift in Sources */,
				0379BBAA2AAD953200B718B6 /* HelpAndSupportSettingsView.swift in Sources */,
				03A9836E2A9A05F9008FF0DB /* Model.swift in Sources */,
				03A983722A9A0659008FF0DB /* TwitchChatMobs.swift in Sources */,
				0379BBA52AAD945D00B718B6 /* LocalOverlaysSettingsView.swift in Sources */,
				0379BB762AA6345400B718B6 /* ButtonSettingsView.swift in Sources */,
				03B373FB2A9EFB910028DDD5 /* ZoomView.swift in Sources */,
				03A983672A9A05D7008FF0DB /* ScenesSettingsView.swift in Sources */,
				0379BBAD2AAD964000B718B6 /* AboutSettingsView.swift in Sources */,
				0315A37E2AA43DCC00295443 /* TextEditView.swift in Sources */,
				035E9E372A9A02D6009D4F5A /* MobsApp.swift in Sources */,
				03A9836A2A9A05D7008FF0DB /* VariableSettingsView.swift in Sources */,
				0315A33D2AA2FA7D00295443 /* RemoteConnection.swift in Sources */,
				0379BB7E2AA7C55000B718B6 /* ButtonImagePickerSettingsView.swift in Sources */,
				03B373FF2A9FCA790028DDD5 /* ThermalStateView.swift in Sources */,
				0379BB922AABAA6600B718B6 /* Location.swift in Sources */,
				03A983682A9A05D7008FF0DB /* SceneSettingsView.swift in Sources */,
				0379BB942AACF16600B718B6 /* SeipaEffect.swift in Sources */,
				03B374022AA0354C0028DDD5 /* GrayScaleEffect.swift in Sources */,
				03A983632A9A05D7008FF0DB /* SettingsView.swift in Sources */,
				03B374132AA277570028DDD5 /* Srtla.swift in Sources */,
				0379BB902AABA7DC00B718B6 /* Log.swift in Sources */,
				03A983662A9A05D7008FF0DB /* AddButtonView.swift in Sources */,
				03A983612A9A05D7008FF0DB /* StreamsSettingsView.swift in Sources */,
				036333282AAE2E5100FF1231 /* ImageStorage.swift in Sources */,
				0379BB8C2AA904BB00B718B6 /* SensitiveUrlEditView.swift in Sources */,
				0315A3702AA3771F00295443 /* SceneWidgetSettingsView.swift in Sources */,
				0379BB9E2AAD81AA00B718B6 /* StreamOverlayRightView.swift in Sources */,
				0379BB862AA8363E00B718B6 /* StreamVideoResolutionSettingsView.swift in Sources */,
				0379BB792AA64C9500B718B6 /* WidgetVideoEffectSettingsView.swift in Sources */,
				0315A33B2AA2FA7100295443 /* LocalListener.swift in Sources */,
			);
			runOnlyForDeploymentPostprocessing = 0;
		};
/* End PBXSourcesBuildPhase section */

/* Begin PBXTargetDependency section */
		0379BBBD2AADC42000B718B6 /* PBXTargetDependency */ = {
			isa = PBXTargetDependency;
			productRef = 0379BBBC2AADC42000B718B6 /* PrepareLicenseList */;
		};
/* End PBXTargetDependency section */

/* Begin XCBuildConfiguration section */
		035E9E3F2A9A02D7009D4F5A /* Debug */ = {
			isa = XCBuildConfiguration;
			buildSettings = {
				ALWAYS_SEARCH_USER_PATHS = NO;
				CLANG_ANALYZER_NONNULL = YES;
				CLANG_ANALYZER_NUMBER_OBJECT_CONVERSION = YES_AGGRESSIVE;
				CLANG_CXX_LANGUAGE_STANDARD = "gnu++20";
				CLANG_ENABLE_MODULES = YES;
				CLANG_ENABLE_OBJC_ARC = YES;
				CLANG_ENABLE_OBJC_WEAK = YES;
				CLANG_WARN_BLOCK_CAPTURE_AUTORELEASING = YES;
				CLANG_WARN_BOOL_CONVERSION = YES;
				CLANG_WARN_COMMA = YES;
				CLANG_WARN_CONSTANT_CONVERSION = YES;
				CLANG_WARN_DEPRECATED_OBJC_IMPLEMENTATIONS = YES;
				CLANG_WARN_DIRECT_OBJC_ISA_USAGE = YES_ERROR;
				CLANG_WARN_DOCUMENTATION_COMMENTS = YES;
				CLANG_WARN_EMPTY_BODY = YES;
				CLANG_WARN_ENUM_CONVERSION = YES;
				CLANG_WARN_INFINITE_RECURSION = YES;
				CLANG_WARN_INT_CONVERSION = YES;
				CLANG_WARN_NON_LITERAL_NULL_CONVERSION = YES;
				CLANG_WARN_OBJC_IMPLICIT_RETAIN_SELF = YES;
				CLANG_WARN_OBJC_LITERAL_CONVERSION = YES;
				CLANG_WARN_OBJC_ROOT_CLASS = YES_ERROR;
				CLANG_WARN_QUOTED_INCLUDE_IN_FRAMEWORK_HEADER = YES;
				CLANG_WARN_RANGE_LOOP_ANALYSIS = YES;
				CLANG_WARN_STRICT_PROTOTYPES = YES;
				CLANG_WARN_SUSPICIOUS_MOVE = YES;
				CLANG_WARN_UNGUARDED_AVAILABILITY = YES_AGGRESSIVE;
				CLANG_WARN_UNREACHABLE_CODE = YES;
				CLANG_WARN__DUPLICATE_METHOD_MATCH = YES;
				COPY_PHASE_STRIP = NO;
				DEBUG_INFORMATION_FORMAT = dwarf;
				ENABLE_STRICT_OBJC_MSGSEND = YES;
				ENABLE_TESTABILITY = YES;
				GCC_C_LANGUAGE_STANDARD = gnu11;
				GCC_DYNAMIC_NO_PIC = NO;
				GCC_NO_COMMON_BLOCKS = YES;
				GCC_OPTIMIZATION_LEVEL = 0;
				GCC_PREPROCESSOR_DEFINITIONS = (
					"DEBUG=1",
					"$(inherited)",
				);
				GCC_WARN_64_TO_32_BIT_CONVERSION = YES;
				GCC_WARN_ABOUT_RETURN_TYPE = YES_ERROR;
				GCC_WARN_UNDECLARED_SELECTOR = YES;
				GCC_WARN_UNINITIALIZED_AUTOS = YES_AGGRESSIVE;
				GCC_WARN_UNUSED_FUNCTION = YES;
				GCC_WARN_UNUSED_VARIABLE = YES;
				INFOPLIST_KEY_NSCameraUsageDescription = Yes;
				INFOPLIST_KEY_NSMicrophoneUsageDescription = Yes;
				INFOPLIST_KEY_NSPhotoLibraryAddUsageDescription = Yes;
				INFOPLIST_KEY_NSPhotoLibraryUsageDescription = Yes;
				IPHONEOS_DEPLOYMENT_TARGET = 16.4;
				MTL_ENABLE_DEBUG_INFO = INCLUDE_SOURCE;
				MTL_FAST_MATH = YES;
				ONLY_ACTIVE_ARCH = YES;
				SDKROOT = iphoneos;
				SWIFT_ACTIVE_COMPILATION_CONDITIONS = DEBUG;
				SWIFT_OPTIMIZATION_LEVEL = "-Onone";
			};
			name = Debug;
		};
		035E9E402A9A02D7009D4F5A /* Release */ = {
			isa = XCBuildConfiguration;
			buildSettings = {
				ALWAYS_SEARCH_USER_PATHS = NO;
				CLANG_ANALYZER_NONNULL = YES;
				CLANG_ANALYZER_NUMBER_OBJECT_CONVERSION = YES_AGGRESSIVE;
				CLANG_CXX_LANGUAGE_STANDARD = "gnu++20";
				CLANG_ENABLE_MODULES = YES;
				CLANG_ENABLE_OBJC_ARC = YES;
				CLANG_ENABLE_OBJC_WEAK = YES;
				CLANG_WARN_BLOCK_CAPTURE_AUTORELEASING = YES;
				CLANG_WARN_BOOL_CONVERSION = YES;
				CLANG_WARN_COMMA = YES;
				CLANG_WARN_CONSTANT_CONVERSION = YES;
				CLANG_WARN_DEPRECATED_OBJC_IMPLEMENTATIONS = YES;
				CLANG_WARN_DIRECT_OBJC_ISA_USAGE = YES_ERROR;
				CLANG_WARN_DOCUMENTATION_COMMENTS = YES;
				CLANG_WARN_EMPTY_BODY = YES;
				CLANG_WARN_ENUM_CONVERSION = YES;
				CLANG_WARN_INFINITE_RECURSION = YES;
				CLANG_WARN_INT_CONVERSION = YES;
				CLANG_WARN_NON_LITERAL_NULL_CONVERSION = YES;
				CLANG_WARN_OBJC_IMPLICIT_RETAIN_SELF = YES;
				CLANG_WARN_OBJC_LITERAL_CONVERSION = YES;
				CLANG_WARN_OBJC_ROOT_CLASS = YES_ERROR;
				CLANG_WARN_QUOTED_INCLUDE_IN_FRAMEWORK_HEADER = YES;
				CLANG_WARN_RANGE_LOOP_ANALYSIS = YES;
				CLANG_WARN_STRICT_PROTOTYPES = YES;
				CLANG_WARN_SUSPICIOUS_MOVE = YES;
				CLANG_WARN_UNGUARDED_AVAILABILITY = YES_AGGRESSIVE;
				CLANG_WARN_UNREACHABLE_CODE = YES;
				CLANG_WARN__DUPLICATE_METHOD_MATCH = YES;
				COPY_PHASE_STRIP = NO;
				DEBUG_INFORMATION_FORMAT = "dwarf-with-dsym";
				ENABLE_NS_ASSERTIONS = NO;
				ENABLE_STRICT_OBJC_MSGSEND = YES;
				GCC_C_LANGUAGE_STANDARD = gnu11;
				GCC_NO_COMMON_BLOCKS = YES;
				GCC_WARN_64_TO_32_BIT_CONVERSION = YES;
				GCC_WARN_ABOUT_RETURN_TYPE = YES_ERROR;
				GCC_WARN_UNDECLARED_SELECTOR = YES;
				GCC_WARN_UNINITIALIZED_AUTOS = YES_AGGRESSIVE;
				GCC_WARN_UNUSED_FUNCTION = YES;
				GCC_WARN_UNUSED_VARIABLE = YES;
				INFOPLIST_KEY_NSCameraUsageDescription = Yes;
				INFOPLIST_KEY_NSMicrophoneUsageDescription = Yes;
				INFOPLIST_KEY_NSPhotoLibraryAddUsageDescription = Yes;
				INFOPLIST_KEY_NSPhotoLibraryUsageDescription = Yes;
				IPHONEOS_DEPLOYMENT_TARGET = 16.4;
				MTL_ENABLE_DEBUG_INFO = NO;
				MTL_FAST_MATH = YES;
				SDKROOT = iphoneos;
				SWIFT_COMPILATION_MODE = wholemodule;
				SWIFT_OPTIMIZATION_LEVEL = "-O";
				VALIDATE_PRODUCT = YES;
			};
			name = Release;
		};
		035E9E422A9A02D7009D4F5A /* Debug */ = {
			isa = XCBuildConfiguration;
			buildSettings = {
				ASSETCATALOG_COMPILER_APPICON_NAME = AppIcon;
				ASSETCATALOG_COMPILER_GLOBAL_ACCENT_COLOR_NAME = AccentColor;
				CODE_SIGN_STYLE = Automatic;
				CURRENT_PROJECT_VERSION = 1;
				DEVELOPMENT_ASSET_PATHS = "\"Mobs/Preview Content\"";
				DEVELOPMENT_TEAM = L82N7LD4N5;
				ENABLE_PREVIEWS = YES;
				GENERATE_INFOPLIST_FILE = YES;
				INFOPLIST_KEY_NSLocalNetworkUsageDescription = Yes;
				INFOPLIST_KEY_NSNetworkVolumesUsageDescription = Yes;
				INFOPLIST_KEY_UIApplicationSceneManifest_Generation = YES;
				INFOPLIST_KEY_UIApplicationSupportsIndirectInputEvents = YES;
				INFOPLIST_KEY_UILaunchScreen_Generation = YES;
				INFOPLIST_KEY_UISupportedInterfaceOrientations = "UIInterfaceOrientationLandscapeLeft UIInterfaceOrientationLandscapeRight UIInterfaceOrientationPortrait";
				INFOPLIST_KEY_UISupportedInterfaceOrientations_iPad = "UIInterfaceOrientationLandscapeLeft UIInterfaceOrientationLandscapeRight UIInterfaceOrientationPortrait UIInterfaceOrientationPortraitUpsideDown";
				LD_RUNPATH_SEARCH_PATHS = (
					"$(inherited)",
					"@executable_path/Frameworks",
				);
				MARKETING_VERSION = 0.1.0;
				PRODUCT_BUNDLE_IDENTIFIER = com.eerimoq.Mobs;
				PRODUCT_NAME = "$(TARGET_NAME)";
				SWIFT_EMIT_LOC_STRINGS = YES;
				SWIFT_VERSION = 5.0;
				TARGETED_DEVICE_FAMILY = "1,2";
			};
			name = Debug;
		};
		035E9E432A9A02D7009D4F5A /* Release */ = {
			isa = XCBuildConfiguration;
			buildSettings = {
				ASSETCATALOG_COMPILER_APPICON_NAME = AppIcon;
				ASSETCATALOG_COMPILER_GLOBAL_ACCENT_COLOR_NAME = AccentColor;
				CODE_SIGN_STYLE = Automatic;
				CURRENT_PROJECT_VERSION = 1;
				DEVELOPMENT_ASSET_PATHS = "\"Mobs/Preview Content\"";
				DEVELOPMENT_TEAM = L82N7LD4N5;
				ENABLE_PREVIEWS = YES;
				GENERATE_INFOPLIST_FILE = YES;
				INFOPLIST_KEY_NSLocalNetworkUsageDescription = Yes;
				INFOPLIST_KEY_NSNetworkVolumesUsageDescription = Yes;
				INFOPLIST_KEY_UIApplicationSceneManifest_Generation = YES;
				INFOPLIST_KEY_UIApplicationSupportsIndirectInputEvents = YES;
				INFOPLIST_KEY_UILaunchScreen_Generation = YES;
				INFOPLIST_KEY_UISupportedInterfaceOrientations = "UIInterfaceOrientationLandscapeLeft UIInterfaceOrientationLandscapeRight UIInterfaceOrientationPortrait";
				INFOPLIST_KEY_UISupportedInterfaceOrientations_iPad = "UIInterfaceOrientationLandscapeLeft UIInterfaceOrientationLandscapeRight UIInterfaceOrientationPortrait UIInterfaceOrientationPortraitUpsideDown";
				LD_RUNPATH_SEARCH_PATHS = (
					"$(inherited)",
					"@executable_path/Frameworks",
				);
				MARKETING_VERSION = 0.1.0;
				PRODUCT_BUNDLE_IDENTIFIER = com.eerimoq.Mobs;
				PRODUCT_NAME = "$(TARGET_NAME)";
				SWIFT_EMIT_LOC_STRINGS = YES;
				SWIFT_VERSION = 5.0;
				TARGETED_DEVICE_FAMILY = "1,2";
			};
			name = Release;
		};
/* End XCBuildConfiguration section */

/* Begin XCConfigurationList section */
		035E9E2E2A9A02D6009D4F5A /* Build configuration list for PBXProject "Mobs" */ = {
			isa = XCConfigurationList;
			buildConfigurations = (
				035E9E3F2A9A02D7009D4F5A /* Debug */,
				035E9E402A9A02D7009D4F5A /* Release */,
			);
			defaultConfigurationIsVisible = 0;
			defaultConfigurationName = Release;
		};
		035E9E412A9A02D7009D4F5A /* Build configuration list for PBXNativeTarget "Mobs" */ = {
			isa = XCConfigurationList;
			buildConfigurations = (
				035E9E422A9A02D7009D4F5A /* Debug */,
				035E9E432A9A02D7009D4F5A /* Release */,
			);
			defaultConfigurationIsVisible = 0;
			defaultConfigurationName = Release;
		};
/* End XCConfigurationList section */

/* Begin XCRemoteSwiftPackageReference section */
		0379BBB92AADC3D900B718B6 /* XCRemoteSwiftPackageReference "LicenseList" */ = {
			isa = XCRemoteSwiftPackageReference;
			repositoryURL = "https://github.com/cybozu/LicenseList.git";
			requirement = {
				kind = upToNextMajorVersion;
				minimumVersion = 0.2.1;
			};
		};
		03A983402A9A03D3008FF0DB /* XCRemoteSwiftPackageReference "twitch-chat" */ = {
			isa = XCRemoteSwiftPackageReference;
			repositoryURL = "https://github.com/eerimoq/twitch-chat";
			requirement = {
				branch = trunk;
				kind = branch;
			};
		};
		03A983432A9A03EA008FF0DB /* XCRemoteSwiftPackageReference "HaishinKit" */ = {
			isa = XCRemoteSwiftPackageReference;
			repositoryURL = "https://github.com/eerimoq/HaishinKit.swift";
			requirement = {
				branch = main;
				kind = branch;
			};
		};
/* End XCRemoteSwiftPackageReference section */

/* Begin XCSwiftPackageProductDependency section */
		0379BBBA2AADC3D900B718B6 /* LicenseList */ = {
			isa = XCSwiftPackageProductDependency;
			package = 0379BBB92AADC3D900B718B6 /* XCRemoteSwiftPackageReference "LicenseList" */;
			productName = LicenseList;
		};
		0379BBBC2AADC42000B718B6 /* PrepareLicenseList */ = {
			isa = XCSwiftPackageProductDependency;
			package = 0379BBB92AADC3D900B718B6 /* XCRemoteSwiftPackageReference "LicenseList" */;
			productName = "plugin:PrepareLicenseList";
		};
		03A983412A9A03D3008FF0DB /* TwitchChat */ = {
			isa = XCSwiftPackageProductDependency;
			package = 03A983402A9A03D3008FF0DB /* XCRemoteSwiftPackageReference "twitch-chat" */;
			productName = TwitchChat;
		};
		03A983442A9A03EA008FF0DB /* HaishinKit */ = {
			isa = XCSwiftPackageProductDependency;
			package = 03A983432A9A03EA008FF0DB /* XCRemoteSwiftPackageReference "HaishinKit" */;
			productName = HaishinKit;
		};
/* End XCSwiftPackageProductDependency section */
	};
	rootObject = 035E9E2B2A9A02D6009D4F5A /* Project object */;
}
