{
  "pins" : [
    {
      "identity" : "haishinkit.swift",
      "kind" : "remoteSourceControl",
      "location" : "https://github.com/eerimoq/HaishinKit.swift",
      "state" : {
        "branch" : "main",
        "revision" : "27a2e263d4990851bb24b5594bd6762ebe781f5b"
      }
    },
    {
      "identity" : "licenselist",
      "kind" : "remoteSourceControl",
      "location" : "https://github.com/cybozu/LicenseList.git",
      "state" : {
        "revision" : "4cbf80b821167042e562639dd875c3b81e8ba1c7",
        "version" : "0.2.1"
      }
    },
    {
      "identity" : "logboard",
      "kind" : "remoteSourceControl",
      "location" : "https://github.com/shogo4405/Logboard.git",
      "state" : {
        "revision" : "6a7cbf54553936103084ed72cfb6d6f836758229",
        "version" : "2.4.1"
      }
    },
    {
      "identity" : "twitch-chat",
      "kind" : "remoteSourceControl",
      "location" : "https://github.com/eerimoq/twitch-chat",
      "state" : {
        "branch" : "trunk",
        "revision" : "3ceea97a949d1858fed227b1a3e44dd214aa1abd"
      }
    }
  ],
  "version" : 2
}
